// !$*UTF8*$!
{
	archiveVersion = 1;
	classes = {
	};
	objectVersion = 50;
	objects = {

/* Begin PBXBuildFile section */
		208CD61A26F9B276006A406C /* EventsManagerTests.swift in Sources */ = {isa = PBXBuildFile; fileRef = 208CD61926F9B276006A406C /* EventsManagerTests.swift */; };
		208CD61C26F9B3C0006A406C /* StaticStorage.swift in Sources */ = {isa = PBXBuildFile; fileRef = 208CD61B26F9B3C0006A406C /* StaticStorage.swift */; };
		208CD61E26F9BADA006A406C /* DictionaryTests.swift in Sources */ = {isa = PBXBuildFile; fileRef = 208CD61D26F9BADA006A406C /* DictionaryTests.swift */; };
		208CD62026F9DEDF006A406C /* UserManager.swift in Sources */ = {isa = PBXBuildFile; fileRef = 208CD61F26F9DEDF006A406C /* UserManager.swift */; };
		20C2394B26F22238005A734A /* EndpointTests.swift in Sources */ = {isa = PBXBuildFile; fileRef = 20C2394826F22238005A734A /* EndpointTests.swift */; };
		20C2394C26F22238005A734A /* NetworkSessionMock.swift in Sources */ = {isa = PBXBuildFile; fileRef = 20C2394926F22238005A734A /* NetworkSessionMock.swift */; };
		20C2394D26F22238005A734A /* APIServiceTests.swift in Sources */ = {isa = PBXBuildFile; fileRef = 20C2394A26F22238005A734A /* APIServiceTests.swift */; };
		2536E3B07B61A064628951DB /* Pods_AppTrackingTests.framework in Frameworks */ = {isa = PBXBuildFile; fileRef = ED067BC36C6C6FA35D9F88B6 /* Pods_AppTrackingTests.framework */; };
		7D1A2B6426E796C000648882 /* StoredValueInUserDefaultsTests.swift in Sources */ = {isa = PBXBuildFile; fileRef = 7D1A2B6326E796C000648882 /* StoredValueInUserDefaultsTests.swift */; };
		7D1C1B4726E657430051A267 /* AppDelegate.swift in Sources */ = {isa = PBXBuildFile; fileRef = 7D1C1B4626E657430051A267 /* AppDelegate.swift */; };
		7D1C1B4B26E657430051A267 /* ViewController.swift in Sources */ = {isa = PBXBuildFile; fileRef = 7D1C1B4A26E657430051A267 /* ViewController.swift */; };
		7D1C1B4E26E657430051A267 /* Main.storyboard in Resources */ = {isa = PBXBuildFile; fileRef = 7D1C1B4C26E657430051A267 /* Main.storyboard */; };
		7D1C1B5026E657460051A267 /* Assets.xcassets in Resources */ = {isa = PBXBuildFile; fileRef = 7D1C1B4F26E657460051A267 /* Assets.xcassets */; };
		7D1C1B5326E657460051A267 /* LaunchScreen.storyboard in Resources */ = {isa = PBXBuildFile; fileRef = 7D1C1B5126E657460051A267 /* LaunchScreen.storyboard */; };
		7D3E54FC26F88579000F5E38 /* Constants.swift in Sources */ = {isa = PBXBuildFile; fileRef = 7D3E54CB26F88579000F5E38 /* Constants.swift */; };
		7D3E54FD26F88579000F5E38 /* AppTrackingKeepAliveDataSource.swift in Sources */ = {isa = PBXBuildFile; fileRef = 7D3E54CC26F88579000F5E38 /* AppTrackingKeepAliveDataSource.swift */; };
		7D3E54FE26F88579000F5E38 /* Logger.swift in Sources */ = {isa = PBXBuildFile; fileRef = 7D3E54CE26F88579000F5E38 /* Logger.swift */; };
		7D3E54FF26F88579000F5E38 /* AppTracking+Aureus.swift in Sources */ = {isa = PBXBuildFile; fileRef = 7D3E54CF26F88579000F5E38 /* AppTracking+Aureus.swift */; };
		7D3E550026F88579000F5E38 /* EventResponse.swift in Sources */ = {isa = PBXBuildFile; fileRef = 7D3E54D326F88579000F5E38 /* EventResponse.swift */; };
		7D3E550126F88579000F5E38 /* IdentifyResponse.swift in Sources */ = {isa = PBXBuildFile; fileRef = 7D3E54D426F88579000F5E38 /* IdentifyResponse.swift */; };
		7D3E550226F88579000F5E38 /* SendEventEndpoint.swift in Sources */ = {isa = PBXBuildFile; fileRef = 7D3E54D526F88579000F5E38 /* SendEventEndpoint.swift */; };
		7D3E550326F88579000F5E38 /* IdentifyRequest.swift in Sources */ = {isa = PBXBuildFile; fileRef = 7D3E54D726F88579000F5E38 /* IdentifyRequest.swift */; };
		7D3E550426F88579000F5E38 /* EventRequest.swift in Sources */ = {isa = PBXBuildFile; fileRef = 7D3E54D826F88579000F5E38 /* EventRequest.swift */; };
		7D3E550526F88579000F5E38 /* IdentifyEndpoint.swift in Sources */ = {isa = PBXBuildFile; fileRef = 7D3E54D926F88579000F5E38 /* IdentifyEndpoint.swift */; };
		7D3E550626F88579000F5E38 /* APIService.swift in Sources */ = {isa = PBXBuildFile; fileRef = 7D3E54DA26F88579000F5E38 /* APIService.swift */; };
		7D3E550726F88579000F5E38 /* BodableError.swift in Sources */ = {isa = PBXBuildFile; fileRef = 7D3E54DC26F88579000F5E38 /* BodableError.swift */; };
		7D3E550826F88579000F5E38 /* HTTPMethod.swift in Sources */ = {isa = PBXBuildFile; fileRef = 7D3E54DD26F88579000F5E38 /* HTTPMethod.swift */; };
		7D3E550926F88579000F5E38 /* ServiceError.swift in Sources */ = {isa = PBXBuildFile; fileRef = 7D3E54DE26F88579000F5E38 /* ServiceError.swift */; };
		7D3E550A26F88579000F5E38 /* Profile.swift in Sources */ = {isa = PBXBuildFile; fileRef = 7D3E54E026F88579000F5E38 /* Profile.swift */; };
		7D3E550B26F88579000F5E38 /* EaUuid.swift in Sources */ = {isa = PBXBuildFile; fileRef = 7D3E54E126F88579000F5E38 /* EaUuid.swift */; };
		7D3E550C26F88579000F5E38 /* User.swift in Sources */ = {isa = PBXBuildFile; fileRef = 7D3E54E226F88579000F5E38 /* User.swift */; };
		7D3E550D26F88579000F5E38 /* IdsWithLifetime.swift in Sources */ = {isa = PBXBuildFile; fileRef = 7D3E54E326F88579000F5E38 /* IdsWithLifetime.swift */; };
		7D3E550E26F88579000F5E38 /* ReportedEvent.swift in Sources */ = {isa = PBXBuildFile; fileRef = 7D3E54E426F88579000F5E38 /* ReportedEvent.swift */; };
		7D3E550F26F88579000F5E38 /* UserAgent.swift in Sources */ = {isa = PBXBuildFile; fileRef = 7D3E54E526F88579000F5E38 /* UserAgent.swift */; };
		7D3E551026F88579000F5E38 /* Service.swift in Sources */ = {isa = PBXBuildFile; fileRef = 7D3E54E726F88579000F5E38 /* Service.swift */; };
		7D3E551126F88579000F5E38 /* Bodable.swift in Sources */ = {isa = PBXBuildFile; fileRef = 7D3E54E826F88579000F5E38 /* Bodable.swift */; };
		7D3E551226F88579000F5E38 /* NetworkService.swift in Sources */ = {isa = PBXBuildFile; fileRef = 7D3E54E926F88579000F5E38 /* NetworkService.swift */; };
		7D3E551326F88579000F5E38 /* Endpoint.swift in Sources */ = {isa = PBXBuildFile; fileRef = 7D3E54EA26F88579000F5E38 /* Endpoint.swift */; };
		7D3E551426F88579000F5E38 /* StoredValueInUserDefaults.swift in Sources */ = {isa = PBXBuildFile; fileRef = 7D3E54EC26F88579000F5E38 /* StoredValueInUserDefaults.swift */; };
		7D3E551526F88579000F5E38 /* TrackingStorage.swift in Sources */ = {isa = PBXBuildFile; fileRef = 7D3E54EE26F88579000F5E38 /* TrackingStorage.swift */; };
		7D3E551626F88579000F5E38 /* UserDefaultsStorage.swift in Sources */ = {isa = PBXBuildFile; fileRef = 7D3E54EF26F88579000F5E38 /* UserDefaultsStorage.swift */; };
		7D3E551726F88579000F5E38 /* Dictionary+JSON.swift in Sources */ = {isa = PBXBuildFile; fileRef = 7D3E54F126F88579000F5E38 /* Dictionary+JSON.swift */; };
		7D3E551826F88579000F5E38 /* AppTrackingDelegate.swift in Sources */ = {isa = PBXBuildFile; fileRef = 7D3E54F226F88579000F5E38 /* AppTrackingDelegate.swift */; };
		7D3E551926F88579000F5E38 /* AppTracking.swift in Sources */ = {isa = PBXBuildFile; fileRef = 7D3E54F326F88579000F5E38 /* AppTracking.swift */; };
		7D3E551A26F88579000F5E38 /* ContentPageViewSource.swift in Sources */ = {isa = PBXBuildFile; fileRef = 7D3E54F526F88579000F5E38 /* ContentPageViewSource.swift */; };
		7D3E551B26F88579000F5E38 /* Event.swift in Sources */ = {isa = PBXBuildFile; fileRef = 7D3E54F626F88579000F5E38 /* Event.swift */; };
		7D3E551C26F88579000F5E38 /* ContentMetadata.swift in Sources */ = {isa = PBXBuildFile; fileRef = 7D3E54F726F88579000F5E38 /* ContentMetadata.swift */; };
		7D3E551D26F88579000F5E38 /* AppTracking+CurrentState.swift in Sources */ = {isa = PBXBuildFile; fileRef = 7D3E54F826F88579000F5E38 /* AppTracking+CurrentState.swift */; };
		7D3E551E26F88579000F5E38 /* EventsManager.swift in Sources */ = {isa = PBXBuildFile; fileRef = 7D3E54F926F88579000F5E38 /* EventsManager.swift */; };
		7D3E551F26F88579000F5E38 /* AppTrackingConfiguration.swift in Sources */ = {isa = PBXBuildFile; fileRef = 7D3E54FA26F88579000F5E38 /* AppTrackingConfiguration.swift */; };
		7D3E552026F88579000F5E38 /* AppTracking+ContentPerformanceMonitor.swift in Sources */ = {isa = PBXBuildFile; fileRef = 7D3E54FB26F88579000F5E38 /* AppTracking+ContentPerformanceMonitor.swift */; };
		7DE4453B26E8913900A93431 /* LoggerTests.swift in Sources */ = {isa = PBXBuildFile; fileRef = 7DE4453A26E8913900A93431 /* LoggerTests.swift */; };
		854F1289D6E3FA4BC790018B /* Pods_AppTracking_Example.framework in Frameworks */ = {isa = PBXBuildFile; fileRef = BF2945259492AA544792B04F /* Pods_AppTracking_Example.framework */; };
/* End PBXBuildFile section */

/* Begin PBXContainerItemProxy section */
		7D1C1B5A26E657460051A267 /* PBXContainerItemProxy */ = {
			isa = PBXContainerItemProxy;
			containerPortal = 7D1C1B3B26E657430051A267 /* Project object */;
			proxyType = 1;
			remoteGlobalIDString = 7D1C1B4226E657430051A267;
			remoteInfo = AppTracking;
		};
/* End PBXContainerItemProxy section */

/* Begin PBXFileReference section */
		18028B7103996E83DEE225F1 /* Pods-AppTracking-Example.debug.xcconfig */ = {isa = PBXFileReference; includeInIndex = 1; lastKnownFileType = text.xcconfig; name = "Pods-AppTracking-Example.debug.xcconfig"; path = "Target Support Files/Pods-AppTracking-Example/Pods-AppTracking-Example.debug.xcconfig"; sourceTree = "<group>"; };
		208CD61926F9B276006A406C /* EventsManagerTests.swift */ = {isa = PBXFileReference; lastKnownFileType = sourcecode.swift; path = EventsManagerTests.swift; sourceTree = "<group>"; };
		208CD61B26F9B3C0006A406C /* StaticStorage.swift */ = {isa = PBXFileReference; lastKnownFileType = sourcecode.swift; path = StaticStorage.swift; sourceTree = "<group>"; };
		208CD61D26F9BADA006A406C /* DictionaryTests.swift */ = {isa = PBXFileReference; lastKnownFileType = sourcecode.swift; path = DictionaryTests.swift; sourceTree = "<group>"; };
		208CD61F26F9DEDF006A406C /* UserManager.swift */ = {isa = PBXFileReference; lastKnownFileType = sourcecode.swift; path = UserManager.swift; sourceTree = "<group>"; };
		20C2394826F22238005A734A /* EndpointTests.swift */ = {isa = PBXFileReference; fileEncoding = 4; lastKnownFileType = sourcecode.swift; path = EndpointTests.swift; sourceTree = "<group>"; };
		20C2394926F22238005A734A /* NetworkSessionMock.swift */ = {isa = PBXFileReference; fileEncoding = 4; lastKnownFileType = sourcecode.swift; path = NetworkSessionMock.swift; sourceTree = "<group>"; };
		20C2394A26F22238005A734A /* APIServiceTests.swift */ = {isa = PBXFileReference; fileEncoding = 4; lastKnownFileType = sourcecode.swift; path = APIServiceTests.swift; sourceTree = "<group>"; };
		2278D1C8F7C5BBD725418D51 /* Pods-AppTrackingTests.debug.xcconfig */ = {isa = PBXFileReference; includeInIndex = 1; lastKnownFileType = text.xcconfig; name = "Pods-AppTrackingTests.debug.xcconfig"; path = "Target Support Files/Pods-AppTrackingTests/Pods-AppTrackingTests.debug.xcconfig"; sourceTree = "<group>"; };
		76FA62F5BE77A68BB521D5F8 /* Pods-AppTracking-Example.release.xcconfig */ = {isa = PBXFileReference; includeInIndex = 1; lastKnownFileType = text.xcconfig; name = "Pods-AppTracking-Example.release.xcconfig"; path = "Target Support Files/Pods-AppTracking-Example/Pods-AppTracking-Example.release.xcconfig"; sourceTree = "<group>"; };
		7D1A2B6326E796C000648882 /* StoredValueInUserDefaultsTests.swift */ = {isa = PBXFileReference; lastKnownFileType = sourcecode.swift; path = StoredValueInUserDefaultsTests.swift; sourceTree = "<group>"; };
		7D1C1B4326E657430051A267 /* AppTracking-Example.app */ = {isa = PBXFileReference; explicitFileType = wrapper.application; includeInIndex = 0; path = "AppTracking-Example.app"; sourceTree = BUILT_PRODUCTS_DIR; };
		7D1C1B4626E657430051A267 /* AppDelegate.swift */ = {isa = PBXFileReference; lastKnownFileType = sourcecode.swift; path = AppDelegate.swift; sourceTree = "<group>"; };
		7D1C1B4A26E657430051A267 /* ViewController.swift */ = {isa = PBXFileReference; lastKnownFileType = sourcecode.swift; path = ViewController.swift; sourceTree = "<group>"; };
		7D1C1B4D26E657430051A267 /* Base */ = {isa = PBXFileReference; lastKnownFileType = file.storyboard; name = Base; path = Base.lproj/Main.storyboard; sourceTree = "<group>"; };
		7D1C1B4F26E657460051A267 /* Assets.xcassets */ = {isa = PBXFileReference; lastKnownFileType = folder.assetcatalog; path = Assets.xcassets; sourceTree = "<group>"; };
		7D1C1B5226E657460051A267 /* Base */ = {isa = PBXFileReference; lastKnownFileType = file.storyboard; name = Base; path = Base.lproj/LaunchScreen.storyboard; sourceTree = "<group>"; };
		7D1C1B5426E657460051A267 /* Info.plist */ = {isa = PBXFileReference; lastKnownFileType = text.plist.xml; path = Info.plist; sourceTree = "<group>"; };
		7D1C1B5926E657460051A267 /* AppTrackingTests.xctest */ = {isa = PBXFileReference; explicitFileType = wrapper.cfbundle; includeInIndex = 0; path = AppTrackingTests.xctest; sourceTree = BUILT_PRODUCTS_DIR; };
		7D1C1B5F26E657460051A267 /* Info.plist */ = {isa = PBXFileReference; lastKnownFileType = text.plist.xml; name = Info.plist; path = ../Tests/Info.plist; sourceTree = SOURCE_ROOT; };
		7D3E54CB26F88579000F5E38 /* Constants.swift */ = {isa = PBXFileReference; fileEncoding = 4; lastKnownFileType = sourcecode.swift; path = Constants.swift; sourceTree = "<group>"; };
		7D3E54CC26F88579000F5E38 /* AppTrackingKeepAliveDataSource.swift */ = {isa = PBXFileReference; fileEncoding = 4; lastKnownFileType = sourcecode.swift; path = AppTrackingKeepAliveDataSource.swift; sourceTree = "<group>"; };
		7D3E54CE26F88579000F5E38 /* Logger.swift */ = {isa = PBXFileReference; fileEncoding = 4; lastKnownFileType = sourcecode.swift; path = Logger.swift; sourceTree = "<group>"; };
		7D3E54CF26F88579000F5E38 /* AppTracking+Aureus.swift */ = {isa = PBXFileReference; fileEncoding = 4; lastKnownFileType = sourcecode.swift; path = "AppTracking+Aureus.swift"; sourceTree = "<group>"; };
		7D3E54D326F88579000F5E38 /* EventResponse.swift */ = {isa = PBXFileReference; fileEncoding = 4; lastKnownFileType = sourcecode.swift; path = EventResponse.swift; sourceTree = "<group>"; };
		7D3E54D426F88579000F5E38 /* IdentifyResponse.swift */ = {isa = PBXFileReference; fileEncoding = 4; lastKnownFileType = sourcecode.swift; path = IdentifyResponse.swift; sourceTree = "<group>"; };
		7D3E54D526F88579000F5E38 /* SendEventEndpoint.swift */ = {isa = PBXFileReference; fileEncoding = 4; lastKnownFileType = sourcecode.swift; path = SendEventEndpoint.swift; sourceTree = "<group>"; };
		7D3E54D726F88579000F5E38 /* IdentifyRequest.swift */ = {isa = PBXFileReference; fileEncoding = 4; lastKnownFileType = sourcecode.swift; path = IdentifyRequest.swift; sourceTree = "<group>"; };
		7D3E54D826F88579000F5E38 /* EventRequest.swift */ = {isa = PBXFileReference; fileEncoding = 4; lastKnownFileType = sourcecode.swift; path = EventRequest.swift; sourceTree = "<group>"; };
		7D3E54D926F88579000F5E38 /* IdentifyEndpoint.swift */ = {isa = PBXFileReference; fileEncoding = 4; lastKnownFileType = sourcecode.swift; path = IdentifyEndpoint.swift; sourceTree = "<group>"; };
		7D3E54DA26F88579000F5E38 /* APIService.swift */ = {isa = PBXFileReference; fileEncoding = 4; lastKnownFileType = sourcecode.swift; path = APIService.swift; sourceTree = "<group>"; };
		7D3E54DC26F88579000F5E38 /* BodableError.swift */ = {isa = PBXFileReference; fileEncoding = 4; lastKnownFileType = sourcecode.swift; path = BodableError.swift; sourceTree = "<group>"; };
		7D3E54DD26F88579000F5E38 /* HTTPMethod.swift */ = {isa = PBXFileReference; fileEncoding = 4; lastKnownFileType = sourcecode.swift; path = HTTPMethod.swift; sourceTree = "<group>"; };
		7D3E54DE26F88579000F5E38 /* ServiceError.swift */ = {isa = PBXFileReference; fileEncoding = 4; lastKnownFileType = sourcecode.swift; path = ServiceError.swift; sourceTree = "<group>"; };
		7D3E54E026F88579000F5E38 /* Profile.swift */ = {isa = PBXFileReference; fileEncoding = 4; lastKnownFileType = sourcecode.swift; path = Profile.swift; sourceTree = "<group>"; };
		7D3E54E126F88579000F5E38 /* EaUuid.swift */ = {isa = PBXFileReference; fileEncoding = 4; lastKnownFileType = sourcecode.swift; path = EaUuid.swift; sourceTree = "<group>"; };
		7D3E54E226F88579000F5E38 /* User.swift */ = {isa = PBXFileReference; fileEncoding = 4; lastKnownFileType = sourcecode.swift; path = User.swift; sourceTree = "<group>"; };
		7D3E54E326F88579000F5E38 /* IdsWithLifetime.swift */ = {isa = PBXFileReference; fileEncoding = 4; lastKnownFileType = sourcecode.swift; path = IdsWithLifetime.swift; sourceTree = "<group>"; };
		7D3E54E426F88579000F5E38 /* ReportedEvent.swift */ = {isa = PBXFileReference; fileEncoding = 4; lastKnownFileType = sourcecode.swift; path = ReportedEvent.swift; sourceTree = "<group>"; };
		7D3E54E526F88579000F5E38 /* UserAgent.swift */ = {isa = PBXFileReference; fileEncoding = 4; lastKnownFileType = sourcecode.swift; path = UserAgent.swift; sourceTree = "<group>"; };
		7D3E54E726F88579000F5E38 /* Service.swift */ = {isa = PBXFileReference; fileEncoding = 4; lastKnownFileType = sourcecode.swift; path = Service.swift; sourceTree = "<group>"; };
		7D3E54E826F88579000F5E38 /* Bodable.swift */ = {isa = PBXFileReference; fileEncoding = 4; lastKnownFileType = sourcecode.swift; path = Bodable.swift; sourceTree = "<group>"; };
		7D3E54E926F88579000F5E38 /* NetworkService.swift */ = {isa = PBXFileReference; fileEncoding = 4; lastKnownFileType = sourcecode.swift; path = NetworkService.swift; sourceTree = "<group>"; };
		7D3E54EA26F88579000F5E38 /* Endpoint.swift */ = {isa = PBXFileReference; fileEncoding = 4; lastKnownFileType = sourcecode.swift; path = Endpoint.swift; sourceTree = "<group>"; };
		7D3E54EC26F88579000F5E38 /* StoredValueInUserDefaults.swift */ = {isa = PBXFileReference; fileEncoding = 4; lastKnownFileType = sourcecode.swift; path = StoredValueInUserDefaults.swift; sourceTree = "<group>"; };
		7D3E54EE26F88579000F5E38 /* TrackingStorage.swift */ = {isa = PBXFileReference; fileEncoding = 4; lastKnownFileType = sourcecode.swift; path = TrackingStorage.swift; sourceTree = "<group>"; };
		7D3E54EF26F88579000F5E38 /* UserDefaultsStorage.swift */ = {isa = PBXFileReference; fileEncoding = 4; lastKnownFileType = sourcecode.swift; path = UserDefaultsStorage.swift; sourceTree = "<group>"; };
		7D3E54F126F88579000F5E38 /* Dictionary+JSON.swift */ = {isa = PBXFileReference; fileEncoding = 4; lastKnownFileType = sourcecode.swift; path = "Dictionary+JSON.swift"; sourceTree = "<group>"; };
		7D3E54F226F88579000F5E38 /* AppTrackingDelegate.swift */ = {isa = PBXFileReference; fileEncoding = 4; lastKnownFileType = sourcecode.swift; path = AppTrackingDelegate.swift; sourceTree = "<group>"; };
		7D3E54F326F88579000F5E38 /* AppTracking.swift */ = {isa = PBXFileReference; fileEncoding = 4; lastKnownFileType = sourcecode.swift; path = AppTracking.swift; sourceTree = "<group>"; };
		7D3E54F526F88579000F5E38 /* ContentPageViewSource.swift */ = {isa = PBXFileReference; fileEncoding = 4; lastKnownFileType = sourcecode.swift; path = ContentPageViewSource.swift; sourceTree = "<group>"; };
		7D3E54F626F88579000F5E38 /* Event.swift */ = {isa = PBXFileReference; fileEncoding = 4; lastKnownFileType = sourcecode.swift; path = Event.swift; sourceTree = "<group>"; };
		7D3E54F726F88579000F5E38 /* ContentMetadata.swift */ = {isa = PBXFileReference; fileEncoding = 4; lastKnownFileType = sourcecode.swift; path = ContentMetadata.swift; sourceTree = "<group>"; };
		7D3E54F826F88579000F5E38 /* AppTracking+CurrentState.swift */ = {isa = PBXFileReference; fileEncoding = 4; lastKnownFileType = sourcecode.swift; path = "AppTracking+CurrentState.swift"; sourceTree = "<group>"; };
		7D3E54F926F88579000F5E38 /* EventsManager.swift */ = {isa = PBXFileReference; fileEncoding = 4; lastKnownFileType = sourcecode.swift; path = EventsManager.swift; sourceTree = "<group>"; };
		7D3E54FA26F88579000F5E38 /* AppTrackingConfiguration.swift */ = {isa = PBXFileReference; fileEncoding = 4; lastKnownFileType = sourcecode.swift; path = AppTrackingConfiguration.swift; sourceTree = "<group>"; };
		7D3E54FB26F88579000F5E38 /* AppTracking+ContentPerformanceMonitor.swift */ = {isa = PBXFileReference; fileEncoding = 4; lastKnownFileType = sourcecode.swift; path = "AppTracking+ContentPerformanceMonitor.swift"; sourceTree = "<group>"; };
		7DE4453A26E8913900A93431 /* LoggerTests.swift */ = {isa = PBXFileReference; lastKnownFileType = sourcecode.swift; path = LoggerTests.swift; sourceTree = "<group>"; };
		8E2A37C5A1593C87B0EB5A44 /* Pods-AppTrackingTests.release.xcconfig */ = {isa = PBXFileReference; includeInIndex = 1; lastKnownFileType = text.xcconfig; name = "Pods-AppTrackingTests.release.xcconfig"; path = "Target Support Files/Pods-AppTrackingTests/Pods-AppTrackingTests.release.xcconfig"; sourceTree = "<group>"; };
		BF2945259492AA544792B04F /* Pods_AppTracking_Example.framework */ = {isa = PBXFileReference; explicitFileType = wrapper.framework; includeInIndex = 0; path = Pods_AppTracking_Example.framework; sourceTree = BUILT_PRODUCTS_DIR; };
		ED067BC36C6C6FA35D9F88B6 /* Pods_AppTrackingTests.framework */ = {isa = PBXFileReference; explicitFileType = wrapper.framework; includeInIndex = 0; path = Pods_AppTrackingTests.framework; sourceTree = BUILT_PRODUCTS_DIR; };
/* End PBXFileReference section */

/* Begin PBXFrameworksBuildPhase section */
		7D1C1B4026E657430051A267 /* Frameworks */ = {
			isa = PBXFrameworksBuildPhase;
			buildActionMask = 2147483647;
			files = (
				854F1289D6E3FA4BC790018B /* Pods_AppTracking_Example.framework in Frameworks */,
			);
			runOnlyForDeploymentPostprocessing = 0;
		};
		7D1C1B5626E657460051A267 /* Frameworks */ = {
			isa = PBXFrameworksBuildPhase;
			buildActionMask = 2147483647;
			files = (
				2536E3B07B61A064628951DB /* Pods_AppTrackingTests.framework in Frameworks */,
			);
			runOnlyForDeploymentPostprocessing = 0;
		};
/* End PBXFrameworksBuildPhase section */

/* Begin PBXGroup section */
		208CD62126FB437B006A406C /* Private */ = {
			isa = PBXGroup;
			children = (
				7D3E54CB26F88579000F5E38 /* Constants.swift */,
				7D3E54F926F88579000F5E38 /* EventsManager.swift */,
				208CD61F26F9DEDF006A406C /* UserManager.swift */,
				7D3E54ED26F88579000F5E38 /* Storage */,
				7D3E54F026F88579000F5E38 /* Extensions */,
				7D3E54EB26F88579000F5E38 /* Utils */,
				7D3E54D026F88579000F5E38 /* Networking */,
				7D3E54CD26F88579000F5E38 /* Logger */,
			);
			path = Private;
			sourceTree = "<group>";
		};
		208CD62226FB437F006A406C /* Public */ = {
			isa = PBXGroup;
			children = (
				7D3E54F326F88579000F5E38 /* AppTracking.swift */,
				7D3E54FB26F88579000F5E38 /* AppTracking+ContentPerformanceMonitor.swift */,
				7D3E54FA26F88579000F5E38 /* AppTrackingConfiguration.swift */,
				7D3E54CC26F88579000F5E38 /* AppTrackingKeepAliveDataSource.swift */,
				7D3E54CF26F88579000F5E38 /* AppTracking+Aureus.swift */,
				7D3E54F226F88579000F5E38 /* AppTrackingDelegate.swift */,
				7D3E54F826F88579000F5E38 /* AppTracking+CurrentState.swift */,
			);
			path = Public;
			sourceTree = "<group>";
		};
		20C2394E26F22241005A734A /* Mocks */ = {
			isa = PBXGroup;
			children = (
				20C2394926F22238005A734A /* NetworkSessionMock.swift */,
				208CD61B26F9B3C0006A406C /* StaticStorage.swift */,
			);
			path = Mocks;
			sourceTree = "<group>";
		};
		29B7D76AA282158CF190E0E4 /* Frameworks */ = {
			isa = PBXGroup;
			children = (
				BF2945259492AA544792B04F /* Pods_AppTracking_Example.framework */,
				ED067BC36C6C6FA35D9F88B6 /* Pods_AppTrackingTests.framework */,
			);
			name = Frameworks;
			sourceTree = "<group>";
		};
		7D1A2B5426E7567000648882 /* Tests */ = {
			isa = PBXGroup;
			children = (
				20C2394E26F22241005A734A /* Mocks */,
				20C2394826F22238005A734A /* EndpointTests.swift */,
				20C2394A26F22238005A734A /* APIServiceTests.swift */,
				7D1A2B6326E796C000648882 /* StoredValueInUserDefaultsTests.swift */,
				7DE4453A26E8913900A93431 /* LoggerTests.swift */,
				208CD61926F9B276006A406C /* EventsManagerTests.swift */,
				208CD61D26F9BADA006A406C /* DictionaryTests.swift */,
			);
			name = Tests;
			sourceTree = "<group>";
		};
		7D1C1B3A26E657430051A267 = {
			isa = PBXGroup;
			children = (
				7D1C1B4526E657430051A267 /* AppTracking */,
				7D1C1B5C26E657460051A267 /* AppTrackingTests */,
				7D1C1B4426E657430051A267 /* Products */,
				D8F2BCCA6D38846157E01D50 /* Pods */,
				29B7D76AA282158CF190E0E4 /* Frameworks */,
			);
			sourceTree = "<group>";
		};
		7D1C1B4426E657430051A267 /* Products */ = {
			isa = PBXGroup;
			children = (
				7D1C1B4326E657430051A267 /* AppTracking-Example.app */,
				7D1C1B5926E657460051A267 /* AppTrackingTests.xctest */,
			);
			name = Products;
			sourceTree = "<group>";
		};
		7D1C1B4526E657430051A267 /* AppTracking */ = {
			isa = PBXGroup;
			children = (
				7D1C1B4626E657430051A267 /* AppDelegate.swift */,
				7D1C1B4A26E657430051A267 /* ViewController.swift */,
				7D1C1B4C26E657430051A267 /* Main.storyboard */,
				7D1C1B4F26E657460051A267 /* Assets.xcassets */,
				7D1C1B5126E657460051A267 /* LaunchScreen.storyboard */,
				7D1C1B5426E657460051A267 /* Info.plist */,
			);
			path = AppTracking;
			sourceTree = "<group>";
		};
		7D1C1B5C26E657460051A267 /* AppTrackingTests */ = {
			isa = PBXGroup;
			children = (
				7D3E54CA26F88579000F5E38 /* Sources */,
				7D1A2B5426E7567000648882 /* Tests */,
				7D1C1B5F26E657460051A267 /* Info.plist */,
			);
			name = AppTrackingTests;
			path = ../Tests;
			sourceTree = SOURCE_ROOT;
		};
		7D3E54CA26F88579000F5E38 /* Sources */ = {
			isa = PBXGroup;
			children = (
				208CD62226FB437F006A406C /* Public */,
				208CD62126FB437B006A406C /* Private */,
				7D3E54F426F88579000F5E38 /* Model */,
			);
			name = Sources;
			path = ../Sources;
			sourceTree = "<group>";
		};
		7D3E54CD26F88579000F5E38 /* Logger */ = {
			isa = PBXGroup;
			children = (
				7D3E54CE26F88579000F5E38 /* Logger.swift */,
			);
			path = Logger;
			sourceTree = "<group>";
		};
		7D3E54D026F88579000F5E38 /* Networking */ = {
			isa = PBXGroup;
			children = (
				7D3E54D126F88579000F5E38 /* Endpoints */,
				7D3E54DA26F88579000F5E38 /* APIService.swift */,
				7D3E54DB26F88579000F5E38 /* Enums */,
				7D3E54DF26F88579000F5E38 /* Models */,
				7D3E54E526F88579000F5E38 /* UserAgent.swift */,
				7D3E54E626F88579000F5E38 /* Protocols */,
			);
			path = Networking;
			sourceTree = "<group>";
		};
		7D3E54D126F88579000F5E38 /* Endpoints */ = {
			isa = PBXGroup;
			children = (
				7D3E54D226F88579000F5E38 /* Responses */,
				7D3E54D526F88579000F5E38 /* SendEventEndpoint.swift */,
				7D3E54D626F88579000F5E38 /* Requests */,
				7D3E54D926F88579000F5E38 /* IdentifyEndpoint.swift */,
			);
			path = Endpoints;
			sourceTree = "<group>";
		};
		7D3E54D226F88579000F5E38 /* Responses */ = {
			isa = PBXGroup;
			children = (
				7D3E54D326F88579000F5E38 /* EventResponse.swift */,
				7D3E54D426F88579000F5E38 /* IdentifyResponse.swift */,
			);
			path = Responses;
			sourceTree = "<group>";
		};
		7D3E54D626F88579000F5E38 /* Requests */ = {
			isa = PBXGroup;
			children = (
				7D3E54D726F88579000F5E38 /* IdentifyRequest.swift */,
				7D3E54D826F88579000F5E38 /* EventRequest.swift */,
			);
			path = Requests;
			sourceTree = "<group>";
		};
		7D3E54DB26F88579000F5E38 /* Enums */ = {
			isa = PBXGroup;
			children = (
				7D3E54DC26F88579000F5E38 /* BodableError.swift */,
				7D3E54DD26F88579000F5E38 /* HTTPMethod.swift */,
				7D3E54DE26F88579000F5E38 /* ServiceError.swift */,
			);
			path = Enums;
			sourceTree = "<group>";
		};
		7D3E54DF26F88579000F5E38 /* Models */ = {
			isa = PBXGroup;
			children = (
				7D3E54E026F88579000F5E38 /* Profile.swift */,
				7D3E54E126F88579000F5E38 /* EaUuid.swift */,
				7D3E54E226F88579000F5E38 /* User.swift */,
				7D3E54E326F88579000F5E38 /* IdsWithLifetime.swift */,
				7D3E54E426F88579000F5E38 /* ReportedEvent.swift */,
			);
			path = Models;
			sourceTree = "<group>";
		};
		7D3E54E626F88579000F5E38 /* Protocols */ = {
			isa = PBXGroup;
			children = (
				7D3E54E726F88579000F5E38 /* Service.swift */,
				7D3E54E826F88579000F5E38 /* Bodable.swift */,
				7D3E54E926F88579000F5E38 /* NetworkService.swift */,
				7D3E54EA26F88579000F5E38 /* Endpoint.swift */,
			);
			path = Protocols;
			sourceTree = "<group>";
		};
		7D3E54EB26F88579000F5E38 /* Utils */ = {
			isa = PBXGroup;
			children = (
				7D3E54EC26F88579000F5E38 /* StoredValueInUserDefaults.swift */,
			);
			path = Utils;
			sourceTree = "<group>";
		};
		7D3E54ED26F88579000F5E38 /* Storage */ = {
			isa = PBXGroup;
			children = (
				7D3E54EE26F88579000F5E38 /* TrackingStorage.swift */,
				7D3E54EF26F88579000F5E38 /* UserDefaultsStorage.swift */,
			);
			path = Storage;
			sourceTree = "<group>";
		};
		7D3E54F026F88579000F5E38 /* Extensions */ = {
			isa = PBXGroup;
			children = (
				7D3E54F126F88579000F5E38 /* Dictionary+JSON.swift */,
			);
			path = Extensions;
			sourceTree = "<group>";
		};
		7D3E54F426F88579000F5E38 /* Model */ = {
			isa = PBXGroup;
			children = (
				7D3E54F526F88579000F5E38 /* ContentPageViewSource.swift */,
				7D3E54F626F88579000F5E38 /* Event.swift */,
				7D3E54F726F88579000F5E38 /* ContentMetadata.swift */,
			);
			path = Model;
			sourceTree = "<group>";
		};
		D8F2BCCA6D38846157E01D50 /* Pods */ = {
			isa = PBXGroup;
			children = (
				18028B7103996E83DEE225F1 /* Pods-AppTracking-Example.debug.xcconfig */,
				76FA62F5BE77A68BB521D5F8 /* Pods-AppTracking-Example.release.xcconfig */,
				2278D1C8F7C5BBD725418D51 /* Pods-AppTrackingTests.debug.xcconfig */,
				8E2A37C5A1593C87B0EB5A44 /* Pods-AppTrackingTests.release.xcconfig */,
			);
			path = Pods;
			sourceTree = "<group>";
		};
/* End PBXGroup section */

/* Begin PBXNativeTarget section */
		7D1C1B4226E657430051A267 /* AppTracking-Example */ = {
			isa = PBXNativeTarget;
			buildConfigurationList = 7D1C1B6D26E657460051A267 /* Build configuration list for PBXNativeTarget "AppTracking-Example" */;
			buildPhases = (
				745DE82C87C0095CBF3D5301 /* [CP] Check Pods Manifest.lock */,
				7D1C1B3F26E657430051A267 /* Sources */,
				7D1C1B7626E6580B0051A267 /* SwiftLint */,
				7D1C1B4026E657430051A267 /* Frameworks */,
				7D1C1B4126E657430051A267 /* Resources */,
			);
			buildRules = (
			);
			dependencies = (
			);
			name = "AppTracking-Example";
			productName = AppTracking;
			productReference = 7D1C1B4326E657430051A267 /* AppTracking-Example.app */;
			productType = "com.apple.product-type.application";
		};
		7D1C1B5826E657460051A267 /* AppTrackingTests */ = {
			isa = PBXNativeTarget;
			buildConfigurationList = 7D1C1B7026E657460051A267 /* Build configuration list for PBXNativeTarget "AppTrackingTests" */;
			buildPhases = (
				D125CF30E0A7D4392E84CF84 /* [CP] Check Pods Manifest.lock */,
				7D1C1B5526E657460051A267 /* Sources */,
				7D1C1B5626E657460051A267 /* Frameworks */,
				7D1C1B5726E657460051A267 /* Resources */,
			);
			buildRules = (
			);
			dependencies = (
				7D1C1B5B26E657460051A267 /* PBXTargetDependency */,
			);
			name = AppTrackingTests;
			productName = AppTrackingTests;
			productReference = 7D1C1B5926E657460051A267 /* AppTrackingTests.xctest */;
			productType = "com.apple.product-type.bundle.unit-test";
		};
/* End PBXNativeTarget section */

/* Begin PBXProject section */
		7D1C1B3B26E657430051A267 /* Project object */ = {
			isa = PBXProject;
			attributes = {
				LastSwiftUpdateCheck = 1250;
				LastUpgradeCheck = 1250;
				ORGANIZATIONNAME = "Ringier Axel Springer Tech";
				TargetAttributes = {
					7D1C1B4226E657430051A267 = {
						CreatedOnToolsVersion = 12.5;
					};
					7D1C1B5826E657460051A267 = {
						CreatedOnToolsVersion = 12.5;
					};
				};
			};
			buildConfigurationList = 7D1C1B3E26E657430051A267 /* Build configuration list for PBXProject "AppTracking" */;
			compatibilityVersion = "Xcode 9.3";
			developmentRegion = en;
			hasScannedForEncodings = 0;
			knownRegions = (
				en,
				Base,
			);
			mainGroup = 7D1C1B3A26E657430051A267;
			productRefGroup = 7D1C1B4426E657430051A267 /* Products */;
			projectDirPath = "";
			projectRoot = "";
			targets = (
				7D1C1B4226E657430051A267 /* AppTracking-Example */,
				7D1C1B5826E657460051A267 /* AppTrackingTests */,
			);
		};
/* End PBXProject section */

/* Begin PBXResourcesBuildPhase section */
		7D1C1B4126E657430051A267 /* Resources */ = {
			isa = PBXResourcesBuildPhase;
			buildActionMask = 2147483647;
			files = (
				7D1C1B5326E657460051A267 /* LaunchScreen.storyboard in Resources */,
				7D1C1B5026E657460051A267 /* Assets.xcassets in Resources */,
				7D1C1B4E26E657430051A267 /* Main.storyboard in Resources */,
			);
			runOnlyForDeploymentPostprocessing = 0;
		};
		7D1C1B5726E657460051A267 /* Resources */ = {
			isa = PBXResourcesBuildPhase;
			buildActionMask = 2147483647;
			files = (
			);
			runOnlyForDeploymentPostprocessing = 0;
		};
/* End PBXResourcesBuildPhase section */

/* Begin PBXShellScriptBuildPhase section */
		745DE82C87C0095CBF3D5301 /* [CP] Check Pods Manifest.lock */ = {
			isa = PBXShellScriptBuildPhase;
			buildActionMask = 2147483647;
			files = (
			);
			inputFileListPaths = (
			);
			inputPaths = (
				"${PODS_PODFILE_DIR_PATH}/Podfile.lock",
				"${PODS_ROOT}/Manifest.lock",
			);
			name = "[CP] Check Pods Manifest.lock";
			outputFileListPaths = (
			);
			outputPaths = (
				"$(DERIVED_FILE_DIR)/Pods-AppTracking-Example-checkManifestLockResult.txt",
			);
			runOnlyForDeploymentPostprocessing = 0;
			shellPath = /bin/sh;
			shellScript = "diff \"${PODS_PODFILE_DIR_PATH}/Podfile.lock\" \"${PODS_ROOT}/Manifest.lock\" > /dev/null\nif [ $? != 0 ] ; then\n    # print error to STDERR\n    echo \"error: The sandbox is not in sync with the Podfile.lock. Run 'pod install' or update your CocoaPods installation.\" >&2\n    exit 1\nfi\n# This output is used by Xcode 'outputs' to avoid re-running this script phase.\necho \"SUCCESS\" > \"${SCRIPT_OUTPUT_FILE_0}\"\n";
			showEnvVarsInLog = 0;
		};
		7D1C1B7626E6580B0051A267 /* SwiftLint */ = {
			isa = PBXShellScriptBuildPhase;
			buildActionMask = 2147483647;
			files = (
			);
			inputFileListPaths = (
			);
			inputPaths = (
			);
			name = SwiftLint;
			outputFileListPaths = (
			);
			outputPaths = (
			);
			runOnlyForDeploymentPostprocessing = 0;
			shellPath = /bin/sh;
			shellScript = "# Type a script or drag a script file from your workspace to insert its path.\n${PODS_ROOT}/SwiftLint/swiftlint\n";
		};
		D125CF30E0A7D4392E84CF84 /* [CP] Check Pods Manifest.lock */ = {
			isa = PBXShellScriptBuildPhase;
			buildActionMask = 2147483647;
			files = (
			);
			inputFileListPaths = (
			);
			inputPaths = (
				"${PODS_PODFILE_DIR_PATH}/Podfile.lock",
				"${PODS_ROOT}/Manifest.lock",
			);
			name = "[CP] Check Pods Manifest.lock";
			outputFileListPaths = (
			);
			outputPaths = (
				"$(DERIVED_FILE_DIR)/Pods-AppTrackingTests-checkManifestLockResult.txt",
			);
			runOnlyForDeploymentPostprocessing = 0;
			shellPath = /bin/sh;
			shellScript = "diff \"${PODS_PODFILE_DIR_PATH}/Podfile.lock\" \"${PODS_ROOT}/Manifest.lock\" > /dev/null\nif [ $? != 0 ] ; then\n    # print error to STDERR\n    echo \"error: The sandbox is not in sync with the Podfile.lock. Run 'pod install' or update your CocoaPods installation.\" >&2\n    exit 1\nfi\n# This output is used by Xcode 'outputs' to avoid re-running this script phase.\necho \"SUCCESS\" > \"${SCRIPT_OUTPUT_FILE_0}\"\n";
			showEnvVarsInLog = 0;
		};
/* End PBXShellScriptBuildPhase section */

/* Begin PBXSourcesBuildPhase section */
		7D1C1B3F26E657430051A267 /* Sources */ = {
			isa = PBXSourcesBuildPhase;
			buildActionMask = 2147483647;
			files = (
				7D1C1B4B26E657430051A267 /* ViewController.swift in Sources */,
				7D1C1B4726E657430051A267 /* AppDelegate.swift in Sources */,
			);
			runOnlyForDeploymentPostprocessing = 0;
		};
		7D1C1B5526E657460051A267 /* Sources */ = {
			isa = PBXSourcesBuildPhase;
			buildActionMask = 2147483647;
			files = (
				7D3E551D26F88579000F5E38 /* AppTracking+CurrentState.swift in Sources */,
				7D3E551C26F88579000F5E38 /* ContentMetadata.swift in Sources */,
				7D3E552026F88579000F5E38 /* AppTracking+ContentPerformanceMonitor.swift in Sources */,
				7D3E551626F88579000F5E38 /* UserDefaultsStorage.swift in Sources */,
				7D3E54FD26F88579000F5E38 /* AppTrackingKeepAliveDataSource.swift in Sources */,
				208CD61E26F9BADA006A406C /* DictionaryTests.swift in Sources */,
				7D3E551326F88579000F5E38 /* Endpoint.swift in Sources */,
				7D3E551026F88579000F5E38 /* Service.swift in Sources */,
				7D3E550A26F88579000F5E38 /* Profile.swift in Sources */,
				20C2394C26F22238005A734A /* NetworkSessionMock.swift in Sources */,
				7D3E551126F88579000F5E38 /* Bodable.swift in Sources */,
				7D1A2B6426E796C000648882 /* StoredValueInUserDefaultsTests.swift in Sources */,
				7D3E551226F88579000F5E38 /* NetworkService.swift in Sources */,
				7D3E551926F88579000F5E38 /* AppTracking.swift in Sources */,
				7DE4453B26E8913900A93431 /* LoggerTests.swift in Sources */,
				20C2394B26F22238005A734A /* EndpointTests.swift in Sources */,
				7D3E550326F88579000F5E38 /* IdentifyRequest.swift in Sources */,
				7D3E550D26F88579000F5E38 /* IdsWithLifetime.swift in Sources */,
				7D3E550626F88579000F5E38 /* APIService.swift in Sources */,
				7D3E550F26F88579000F5E38 /* UserAgent.swift in Sources */,
				208CD61C26F9B3C0006A406C /* StaticStorage.swift in Sources */,
				7D3E551B26F88579000F5E38 /* Event.swift in Sources */,
				7D3E551426F88579000F5E38 /* StoredValueInUserDefaults.swift in Sources */,
				7D3E550026F88579000F5E38 /* EventResponse.swift in Sources */,
				208CD61A26F9B276006A406C /* EventsManagerTests.swift in Sources */,
				7D3E551A26F88579000F5E38 /* ContentPageViewSource.swift in Sources */,
				20C2394D26F22238005A734A /* APIServiceTests.swift in Sources */,
				7D3E550C26F88579000F5E38 /* User.swift in Sources */,
				7D3E550226F88579000F5E38 /* SendEventEndpoint.swift in Sources */,
				7D3E550E26F88579000F5E38 /* ReportedEvent.swift in Sources */,
				208CD62026F9DEDF006A406C /* UserManager.swift in Sources */,
				7D3E551726F88579000F5E38 /* Dictionary+JSON.swift in Sources */,
				7D3E550526F88579000F5E38 /* IdentifyEndpoint.swift in Sources */,
				7D3E551826F88579000F5E38 /* AppTrackingDelegate.swift in Sources */,
				7D3E550126F88579000F5E38 /* IdentifyResponse.swift in Sources */,
				7D3E551F26F88579000F5E38 /* AppTrackingConfiguration.swift in Sources */,
				7D3E550926F88579000F5E38 /* ServiceError.swift in Sources */,
				7D3E550426F88579000F5E38 /* EventRequest.swift in Sources */,
				7D3E54FF26F88579000F5E38 /* AppTracking+Aureus.swift in Sources */,
				7D3E550826F88579000F5E38 /* HTTPMethod.swift in Sources */,
				7D3E54FC26F88579000F5E38 /* Constants.swift in Sources */,
				7D3E550B26F88579000F5E38 /* EaUuid.swift in Sources */,
				7D3E550726F88579000F5E38 /* BodableError.swift in Sources */,
				7D3E54FE26F88579000F5E38 /* Logger.swift in Sources */,
				7D3E551E26F88579000F5E38 /* EventsManager.swift in Sources */,
				7D3E551526F88579000F5E38 /* TrackingStorage.swift in Sources */,
			);
			runOnlyForDeploymentPostprocessing = 0;
		};
/* End PBXSourcesBuildPhase section */

/* Begin PBXTargetDependency section */
		7D1C1B5B26E657460051A267 /* PBXTargetDependency */ = {
			isa = PBXTargetDependency;
			target = 7D1C1B4226E657430051A267 /* AppTracking-Example */;
			targetProxy = 7D1C1B5A26E657460051A267 /* PBXContainerItemProxy */;
		};
/* End PBXTargetDependency section */

/* Begin PBXVariantGroup section */
		7D1C1B4C26E657430051A267 /* Main.storyboard */ = {
			isa = PBXVariantGroup;
			children = (
				7D1C1B4D26E657430051A267 /* Base */,
			);
			name = Main.storyboard;
			sourceTree = "<group>";
		};
		7D1C1B5126E657460051A267 /* LaunchScreen.storyboard */ = {
			isa = PBXVariantGroup;
			children = (
				7D1C1B5226E657460051A267 /* Base */,
			);
			name = LaunchScreen.storyboard;
			sourceTree = "<group>";
		};
/* End PBXVariantGroup section */

/* Begin XCBuildConfiguration section */
		7D1C1B6B26E657460051A267 /* Debug */ = {
			isa = XCBuildConfiguration;
			buildSettings = {
				ALWAYS_SEARCH_USER_PATHS = NO;
				CLANG_ANALYZER_NONNULL = YES;
				CLANG_ANALYZER_NUMBER_OBJECT_CONVERSION = YES_AGGRESSIVE;
				CLANG_CXX_LANGUAGE_STANDARD = "gnu++14";
				CLANG_CXX_LIBRARY = "libc++";
				CLANG_ENABLE_MODULES = YES;
				CLANG_ENABLE_OBJC_ARC = YES;
				CLANG_ENABLE_OBJC_WEAK = YES;
				CLANG_WARN_BLOCK_CAPTURE_AUTORELEASING = YES;
				CLANG_WARN_BOOL_CONVERSION = YES;
				CLANG_WARN_COMMA = YES;
				CLANG_WARN_CONSTANT_CONVERSION = YES;
				CLANG_WARN_DEPRECATED_OBJC_IMPLEMENTATIONS = YES;
				CLANG_WARN_DIRECT_OBJC_ISA_USAGE = YES_ERROR;
				CLANG_WARN_DOCUMENTATION_COMMENTS = YES;
				CLANG_WARN_EMPTY_BODY = YES;
				CLANG_WARN_ENUM_CONVERSION = YES;
				CLANG_WARN_INFINITE_RECURSION = YES;
				CLANG_WARN_INT_CONVERSION = YES;
				CLANG_WARN_NON_LITERAL_NULL_CONVERSION = YES;
				CLANG_WARN_OBJC_IMPLICIT_RETAIN_SELF = YES;
				CLANG_WARN_OBJC_LITERAL_CONVERSION = YES;
				CLANG_WARN_OBJC_ROOT_CLASS = YES_ERROR;
				CLANG_WARN_QUOTED_INCLUDE_IN_FRAMEWORK_HEADER = YES;
				CLANG_WARN_RANGE_LOOP_ANALYSIS = YES;
				CLANG_WARN_STRICT_PROTOTYPES = YES;
				CLANG_WARN_SUSPICIOUS_MOVE = YES;
				CLANG_WARN_UNGUARDED_AVAILABILITY = YES_AGGRESSIVE;
				CLANG_WARN_UNREACHABLE_CODE = YES;
				CLANG_WARN__DUPLICATE_METHOD_MATCH = YES;
				COPY_PHASE_STRIP = NO;
				DEBUG_INFORMATION_FORMAT = dwarf;
				ENABLE_STRICT_OBJC_MSGSEND = YES;
				ENABLE_TESTABILITY = YES;
				GCC_C_LANGUAGE_STANDARD = gnu11;
				GCC_DYNAMIC_NO_PIC = NO;
				GCC_NO_COMMON_BLOCKS = YES;
				GCC_OPTIMIZATION_LEVEL = 0;
				GCC_PREPROCESSOR_DEFINITIONS = (
					"DEBUG=1",
					"$(inherited)",
				);
				GCC_WARN_64_TO_32_BIT_CONVERSION = YES;
				GCC_WARN_ABOUT_RETURN_TYPE = YES_ERROR;
				GCC_WARN_UNDECLARED_SELECTOR = YES;
				GCC_WARN_UNINITIALIZED_AUTOS = YES_AGGRESSIVE;
				GCC_WARN_UNUSED_FUNCTION = YES;
				GCC_WARN_UNUSED_VARIABLE = YES;
				IPHONEOS_DEPLOYMENT_TARGET = 14.5;
				MTL_ENABLE_DEBUG_INFO = INCLUDE_SOURCE;
				MTL_FAST_MATH = YES;
				ONLY_ACTIVE_ARCH = YES;
				SDKROOT = iphoneos;
				SWIFT_ACTIVE_COMPILATION_CONDITIONS = DEBUG;
				SWIFT_OPTIMIZATION_LEVEL = "-Onone";
			};
			name = Debug;
		};
		7D1C1B6C26E657460051A267 /* Release */ = {
			isa = XCBuildConfiguration;
			buildSettings = {
				ALWAYS_SEARCH_USER_PATHS = NO;
				CLANG_ANALYZER_NONNULL = YES;
				CLANG_ANALYZER_NUMBER_OBJECT_CONVERSION = YES_AGGRESSIVE;
				CLANG_CXX_LANGUAGE_STANDARD = "gnu++14";
				CLANG_CXX_LIBRARY = "libc++";
				CLANG_ENABLE_MODULES = YES;
				CLANG_ENABLE_OBJC_ARC = YES;
				CLANG_ENABLE_OBJC_WEAK = YES;
				CLANG_WARN_BLOCK_CAPTURE_AUTORELEASING = YES;
				CLANG_WARN_BOOL_CONVERSION = YES;
				CLANG_WARN_COMMA = YES;
				CLANG_WARN_CONSTANT_CONVERSION = YES;
				CLANG_WARN_DEPRECATED_OBJC_IMPLEMENTATIONS = YES;
				CLANG_WARN_DIRECT_OBJC_ISA_USAGE = YES_ERROR;
				CLANG_WARN_DOCUMENTATION_COMMENTS = YES;
				CLANG_WARN_EMPTY_BODY = YES;
				CLANG_WARN_ENUM_CONVERSION = YES;
				CLANG_WARN_INFINITE_RECURSION = YES;
				CLANG_WARN_INT_CONVERSION = YES;
				CLANG_WARN_NON_LITERAL_NULL_CONVERSION = YES;
				CLANG_WARN_OBJC_IMPLICIT_RETAIN_SELF = YES;
				CLANG_WARN_OBJC_LITERAL_CONVERSION = YES;
				CLANG_WARN_OBJC_ROOT_CLASS = YES_ERROR;
				CLANG_WARN_QUOTED_INCLUDE_IN_FRAMEWORK_HEADER = YES;
				CLANG_WARN_RANGE_LOOP_ANALYSIS = YES;
				CLANG_WARN_STRICT_PROTOTYPES = YES;
				CLANG_WARN_SUSPICIOUS_MOVE = YES;
				CLANG_WARN_UNGUARDED_AVAILABILITY = YES_AGGRESSIVE;
				CLANG_WARN_UNREACHABLE_CODE = YES;
				CLANG_WARN__DUPLICATE_METHOD_MATCH = YES;
				COPY_PHASE_STRIP = NO;
				DEBUG_INFORMATION_FORMAT = "dwarf-with-dsym";
				ENABLE_NS_ASSERTIONS = NO;
				ENABLE_STRICT_OBJC_MSGSEND = YES;
				GCC_C_LANGUAGE_STANDARD = gnu11;
				GCC_NO_COMMON_BLOCKS = YES;
				GCC_WARN_64_TO_32_BIT_CONVERSION = YES;
				GCC_WARN_ABOUT_RETURN_TYPE = YES_ERROR;
				GCC_WARN_UNDECLARED_SELECTOR = YES;
				GCC_WARN_UNINITIALIZED_AUTOS = YES_AGGRESSIVE;
				GCC_WARN_UNUSED_FUNCTION = YES;
				GCC_WARN_UNUSED_VARIABLE = YES;
				IPHONEOS_DEPLOYMENT_TARGET = 14.5;
				MTL_ENABLE_DEBUG_INFO = NO;
				MTL_FAST_MATH = YES;
				SDKROOT = iphoneos;
				SWIFT_COMPILATION_MODE = wholemodule;
				SWIFT_OPTIMIZATION_LEVEL = "-O";
				VALIDATE_PRODUCT = YES;
			};
			name = Release;
		};
		7D1C1B6E26E657460051A267 /* Debug */ = {
			isa = XCBuildConfiguration;
			baseConfigurationReference = 18028B7103996E83DEE225F1 /* Pods-AppTracking-Example.debug.xcconfig */;
			buildSettings = {
				ALWAYS_EMBED_SWIFT_STANDARD_LIBRARIES = "$(inherited)";
				ASSETCATALOG_COMPILER_APPICON_NAME = AppIcon;
				ASSETCATALOG_COMPILER_GLOBAL_ACCENT_COLOR_NAME = AccentColor;
				CODE_SIGN_STYLE = Manual;
				DEVELOPMENT_TEAM = "";
				INFOPLIST_FILE = AppTracking/Info.plist;
				LD_RUNPATH_SEARCH_PATHS = (
					"$(inherited)",
					"@executable_path/Frameworks",
				);
				PRODUCT_BUNDLE_IDENTIFIER = "org.cocoapods.demo.AppTracking-Example.AppTracking";
				PRODUCT_NAME = "$(TARGET_NAME)";
				PROVISIONING_PROFILE_SPECIFIER = "";
				SWIFT_VERSION = 5.0;
				TARGETED_DEVICE_FAMILY = "1,2";
			};
			name = Debug;
		};
		7D1C1B6F26E657460051A267 /* Release */ = {
			isa = XCBuildConfiguration;
			baseConfigurationReference = 76FA62F5BE77A68BB521D5F8 /* Pods-AppTracking-Example.release.xcconfig */;
			buildSettings = {
				ALWAYS_EMBED_SWIFT_STANDARD_LIBRARIES = "$(inherited)";
				ASSETCATALOG_COMPILER_APPICON_NAME = AppIcon;
				ASSETCATALOG_COMPILER_GLOBAL_ACCENT_COLOR_NAME = AccentColor;
				CODE_SIGN_STYLE = Manual;
				DEVELOPMENT_TEAM = "";
				INFOPLIST_FILE = AppTracking/Info.plist;
				LD_RUNPATH_SEARCH_PATHS = (
					"$(inherited)",
					"@executable_path/Frameworks",
				);
				PRODUCT_BUNDLE_IDENTIFIER = "org.cocoapods.demo.AppTracking-Example.AppTracking";
				PRODUCT_NAME = "$(TARGET_NAME)";
				PROVISIONING_PROFILE_SPECIFIER = "";
				SWIFT_VERSION = 5.0;
				TARGETED_DEVICE_FAMILY = "1,2";
			};
			name = Release;
		};
		7D1C1B7126E657460051A267 /* Debug */ = {
			isa = XCBuildConfiguration;
			baseConfigurationReference = 2278D1C8F7C5BBD725418D51 /* Pods-AppTrackingTests.debug.xcconfig */;
			buildSettings = {
				ALWAYS_EMBED_SWIFT_STANDARD_LIBRARIES = "$(inherited)";
				CODE_SIGN_STYLE = Manual;
				DEVELOPMENT_TEAM = "";
				INFOPLIST_FILE = ../Tests/Info.plist;
				IPHONEOS_DEPLOYMENT_TARGET = 14.5;
				LD_RUNPATH_SEARCH_PATHS = (
					"$(inherited)",
					"@executable_path/Frameworks",
					"@loader_path/Frameworks",
				);
				PRODUCT_BUNDLE_IDENTIFIER = "org.cocoapods.demo.AppTracking-Example.AppTrackingTests";
				PRODUCT_NAME = "$(TARGET_NAME)";
				PROVISIONING_PROFILE_SPECIFIER = "";
				"PROVISIONING_PROFILE_SPECIFIER[sdk=macosx*]" = "";
				SWIFT_VERSION = 5.0;
				TARGETED_DEVICE_FAMILY = "1,2";
			};
			name = Debug;
		};
		7D1C1B7226E657460051A267 /* Release */ = {
			isa = XCBuildConfiguration;
			baseConfigurationReference = 8E2A37C5A1593C87B0EB5A44 /* Pods-AppTrackingTests.release.xcconfig */;
			buildSettings = {
				ALWAYS_EMBED_SWIFT_STANDARD_LIBRARIES = "$(inherited)";
				CODE_SIGN_STYLE = Manual;
				DEVELOPMENT_TEAM = "";
				INFOPLIST_FILE = ../Tests/Info.plist;
				IPHONEOS_DEPLOYMENT_TARGET = 14.5;
				LD_RUNPATH_SEARCH_PATHS = (
					"$(inherited)",
					"@executable_path/Frameworks",
					"@loader_path/Frameworks",
				);
				PRODUCT_BUNDLE_IDENTIFIER = "org.cocoapods.demo.AppTracking-Example.AppTrackingTests";
				PRODUCT_NAME = "$(TARGET_NAME)";
				PROVISIONING_PROFILE_SPECIFIER = "";
				"PROVISIONING_PROFILE_SPECIFIER[sdk=macosx*]" = "";
				SWIFT_VERSION = 5.0;
				TARGETED_DEVICE_FAMILY = "1,2";
			};
			name = Release;
		};
/* End XCBuildConfiguration section */

/* Begin XCConfigurationList section */
		7D1C1B3E26E657430051A267 /* Build configuration list for PBXProject "AppTracking" */ = {
			isa = XCConfigurationList;
			buildConfigurations = (
				7D1C1B6B26E657460051A267 /* Debug */,
				7D1C1B6C26E657460051A267 /* Release */,
			);
			defaultConfigurationIsVisible = 0;
			defaultConfigurationName = Release;
		};
		7D1C1B6D26E657460051A267 /* Build configuration list for PBXNativeTarget "AppTracking-Example" */ = {
			isa = XCConfigurationList;
			buildConfigurations = (
				7D1C1B6E26E657460051A267 /* Debug */,
				7D1C1B6F26E657460051A267 /* Release */,
			);
			defaultConfigurationIsVisible = 0;
			defaultConfigurationName = Release;
		};
		7D1C1B7026E657460051A267 /* Build configuration list for PBXNativeTarget "AppTrackingTests" */ = {
			isa = XCConfigurationList;
			buildConfigurations = (
				7D1C1B7126E657460051A267 /* Debug */,
				7D1C1B7226E657460051A267 /* Release */,
			);
			defaultConfigurationIsVisible = 0;
			defaultConfigurationName = Release;
		};
/* End XCConfigurationList section */
	};
	rootObject = 7D1C1B3B26E657430051A267 /* Project object */;
}
