// !$*UTF8*$!
{
	archiveVersion = 1;
	classes = {
	};
	objectVersion = 50;
	objects = {

/* Begin PBXBuildFile section */
		20C2392626F1574A005A734A /* Constants.swift in Sources */ = {isa = PBXBuildFile; fileRef = 20C2390626F1574A005A734A /* Constants.swift */; };
		20C2392726F1574A005A734A /* Logger.swift in Sources */ = {isa = PBXBuildFile; fileRef = 20C2390826F1574A005A734A /* Logger.swift */; };
		20C2392826F1574A005A734A /* IdentifyResponse.swift in Sources */ = {isa = PBXBuildFile; fileRef = 20C2390C26F1574A005A734A /* IdentifyResponse.swift */; };
		20C2392926F1574A005A734A /* EventResponse.swift in Sources */ = {isa = PBXBuildFile; fileRef = 20C2390D26F1574A005A734A /* EventResponse.swift */; };
		20C2392A26F1574A005A734A /* SendEventEndpoint.swift in Sources */ = {isa = PBXBuildFile; fileRef = 20C2390F26F1574A005A734A /* SendEventEndpoint.swift */; };
		20C2392B26F1574A005A734A /* IdentifyRequest.swift in Sources */ = {isa = PBXBuildFile; fileRef = 20C2391126F1574A005A734A /* IdentifyRequest.swift */; };
		20C2392C26F1574A005A734A /* EventRequest.swift in Sources */ = {isa = PBXBuildFile; fileRef = 20C2391226F1574A005A734A /* EventRequest.swift */; };
		20C2392D26F1574A005A734A /* IdentifyEndpoint.swift in Sources */ = {isa = PBXBuildFile; fileRef = 20C2391326F1574A005A734A /* IdentifyEndpoint.swift */; };
		20C2392E26F1574A005A734A /* APIService.swift in Sources */ = {isa = PBXBuildFile; fileRef = 20C2391426F1574A005A734A /* APIService.swift */; };
		20C2392F26F1574A005A734A /* HTTPMethod.swift in Sources */ = {isa = PBXBuildFile; fileRef = 20C2391626F1574A005A734A /* HTTPMethod.swift */; };
		20C2393026F1574A005A734A /* ServiceError.swift in Sources */ = {isa = PBXBuildFile; fileRef = 20C2391726F1574A005A734A /* ServiceError.swift */; };
		20C2393126F1574A005A734A /* Profile.swift in Sources */ = {isa = PBXBuildFile; fileRef = 20C2391926F1574A005A734A /* Profile.swift */; };
		20C2393226F1574A005A734A /* EaUuid.swift in Sources */ = {isa = PBXBuildFile; fileRef = 20C2391A26F1574A005A734A /* EaUuid.swift */; };
		20C2393326F1574A005A734A /* User.swift in Sources */ = {isa = PBXBuildFile; fileRef = 20C2391B26F1574A005A734A /* User.swift */; };
		20C2393426F1574A005A734A /* IdsWithLifetime.swift in Sources */ = {isa = PBXBuildFile; fileRef = 20C2391C26F1574A005A734A /* IdsWithLifetime.swift */; };
		20C2393526F1574A005A734A /* Configuration.swift in Sources */ = {isa = PBXBuildFile; fileRef = 20C2391D26F1574A005A734A /* Configuration.swift */; };
		20C2393626F1574A005A734A /* ReportedEvent.swift in Sources */ = {isa = PBXBuildFile; fileRef = 20C2391E26F1574A005A734A /* ReportedEvent.swift */; };
		20C2393726F1574A005A734A /* UserAgent.swift in Sources */ = {isa = PBXBuildFile; fileRef = 20C2391F26F1574A005A734A /* UserAgent.swift */; };
		20C2393826F1574A005A734A /* Service.swift in Sources */ = {isa = PBXBuildFile; fileRef = 20C2392126F1574A005A734A /* Service.swift */; };
		20C2393926F1574A005A734A /* Endpoint.swift in Sources */ = {isa = PBXBuildFile; fileRef = 20C2392226F1574A005A734A /* Endpoint.swift */; };
		20C2393A26F1574A005A734A /* StoredValueInUserDefaults.swift in Sources */ = {isa = PBXBuildFile; fileRef = 20C2392426F1574A005A734A /* StoredValueInUserDefaults.swift */; };
		20C2393B26F1574A005A734A /* AppTracking.swift in Sources */ = {isa = PBXBuildFile; fileRef = 20C2392526F1574A005A734A /* AppTracking.swift */; };
		20C2394626F21A14005A734A /* NetworkService.swift in Sources */ = {isa = PBXBuildFile; fileRef = 20C2394526F21A14005A734A /* NetworkService.swift */; };
		20C2394B26F22238005A734A /* EndpointTests.swift in Sources */ = {isa = PBXBuildFile; fileRef = 20C2394826F22238005A734A /* EndpointTests.swift */; };
		20C2394C26F22238005A734A /* NetworkSessionMock.swift in Sources */ = {isa = PBXBuildFile; fileRef = 20C2394926F22238005A734A /* NetworkSessionMock.swift */; };
		20C2394D26F22238005A734A /* APIServiceTests.swift in Sources */ = {isa = PBXBuildFile; fileRef = 20C2394A26F22238005A734A /* APIServiceTests.swift */; };
		2536E3B07B61A064628951DB /* Pods_AppTrackingTests.framework in Frameworks */ = {isa = PBXBuildFile; fileRef = ED067BC36C6C6FA35D9F88B6 /* Pods_AppTrackingTests.framework */; };
		7D1A2B5626E7567C00648882 /* AppTrackingTests.swift in Sources */ = {isa = PBXBuildFile; fileRef = 7D1A2B5526E7567C00648882 /* AppTrackingTests.swift */; };
		7D1A2B6426E796C000648882 /* StoredValueInUserDefaultsTests.swift in Sources */ = {isa = PBXBuildFile; fileRef = 7D1A2B6326E796C000648882 /* StoredValueInUserDefaultsTests.swift */; };
		7D1C1B4726E657430051A267 /* AppDelegate.swift in Sources */ = {isa = PBXBuildFile; fileRef = 7D1C1B4626E657430051A267 /* AppDelegate.swift */; };
		7D1C1B4B26E657430051A267 /* ViewController.swift in Sources */ = {isa = PBXBuildFile; fileRef = 7D1C1B4A26E657430051A267 /* ViewController.swift */; };
		7D1C1B4E26E657430051A267 /* Main.storyboard in Resources */ = {isa = PBXBuildFile; fileRef = 7D1C1B4C26E657430051A267 /* Main.storyboard */; };
		7D1C1B5026E657460051A267 /* Assets.xcassets in Resources */ = {isa = PBXBuildFile; fileRef = 7D1C1B4F26E657460051A267 /* Assets.xcassets */; };
		7D1C1B5326E657460051A267 /* LaunchScreen.storyboard in Resources */ = {isa = PBXBuildFile; fileRef = 7D1C1B5126E657460051A267 /* LaunchScreen.storyboard */; };
		7DE4453B26E8913900A93431 /* LoggerTests.swift in Sources */ = {isa = PBXBuildFile; fileRef = 7DE4453A26E8913900A93431 /* LoggerTests.swift */; };
		854F1289D6E3FA4BC790018B /* Pods_AppTracking_Example.framework in Frameworks */ = {isa = PBXBuildFile; fileRef = BF2945259492AA544792B04F /* Pods_AppTracking_Example.framework */; };
/* End PBXBuildFile section */

/* Begin PBXContainerItemProxy section */
		7D1C1B5A26E657460051A267 /* PBXContainerItemProxy */ = {
			isa = PBXContainerItemProxy;
			containerPortal = 7D1C1B3B26E657430051A267 /* Project object */;
			proxyType = 1;
			remoteGlobalIDString = 7D1C1B4226E657430051A267;
			remoteInfo = AppTracking;
		};
/* End PBXContainerItemProxy section */

/* Begin PBXFileReference section */
		18028B7103996E83DEE225F1 /* Pods-AppTracking-Example.debug.xcconfig */ = {isa = PBXFileReference; includeInIndex = 1; lastKnownFileType = text.xcconfig; name = "Pods-AppTracking-Example.debug.xcconfig"; path = "Target Support Files/Pods-AppTracking-Example/Pods-AppTracking-Example.debug.xcconfig"; sourceTree = "<group>"; };
		20C2390626F1574A005A734A /* Constants.swift */ = {isa = PBXFileReference; fileEncoding = 4; lastKnownFileType = sourcecode.swift; path = Constants.swift; sourceTree = "<group>"; };
		20C2390826F1574A005A734A /* Logger.swift */ = {isa = PBXFileReference; fileEncoding = 4; lastKnownFileType = sourcecode.swift; path = Logger.swift; sourceTree = "<group>"; };
		20C2390C26F1574A005A734A /* IdentifyResponse.swift */ = {isa = PBXFileReference; fileEncoding = 4; lastKnownFileType = sourcecode.swift; path = IdentifyResponse.swift; sourceTree = "<group>"; };
		20C2390D26F1574A005A734A /* EventResponse.swift */ = {isa = PBXFileReference; fileEncoding = 4; lastKnownFileType = sourcecode.swift; path = EventResponse.swift; sourceTree = "<group>"; };
		20C2390F26F1574A005A734A /* SendEventEndpoint.swift */ = {isa = PBXFileReference; fileEncoding = 4; lastKnownFileType = sourcecode.swift; path = SendEventEndpoint.swift; sourceTree = "<group>"; };
		20C2391126F1574A005A734A /* IdentifyRequest.swift */ = {isa = PBXFileReference; fileEncoding = 4; lastKnownFileType = sourcecode.swift; path = IdentifyRequest.swift; sourceTree = "<group>"; };
		20C2391226F1574A005A734A /* EventRequest.swift */ = {isa = PBXFileReference; fileEncoding = 4; lastKnownFileType = sourcecode.swift; path = EventRequest.swift; sourceTree = "<group>"; };
		20C2391326F1574A005A734A /* IdentifyEndpoint.swift */ = {isa = PBXFileReference; fileEncoding = 4; lastKnownFileType = sourcecode.swift; path = IdentifyEndpoint.swift; sourceTree = "<group>"; };
		20C2391426F1574A005A734A /* APIService.swift */ = {isa = PBXFileReference; fileEncoding = 4; lastKnownFileType = sourcecode.swift; path = APIService.swift; sourceTree = "<group>"; };
		20C2391626F1574A005A734A /* HTTPMethod.swift */ = {isa = PBXFileReference; fileEncoding = 4; lastKnownFileType = sourcecode.swift; path = HTTPMethod.swift; sourceTree = "<group>"; };
		20C2391726F1574A005A734A /* ServiceError.swift */ = {isa = PBXFileReference; fileEncoding = 4; lastKnownFileType = sourcecode.swift; path = ServiceError.swift; sourceTree = "<group>"; };
		20C2391926F1574A005A734A /* Profile.swift */ = {isa = PBXFileReference; fileEncoding = 4; lastKnownFileType = sourcecode.swift; path = Profile.swift; sourceTree = "<group>"; };
		20C2391A26F1574A005A734A /* EaUuid.swift */ = {isa = PBXFileReference; fileEncoding = 4; lastKnownFileType = sourcecode.swift; path = EaUuid.swift; sourceTree = "<group>"; };
		20C2391B26F1574A005A734A /* User.swift */ = {isa = PBXFileReference; fileEncoding = 4; lastKnownFileType = sourcecode.swift; path = User.swift; sourceTree = "<group>"; };
		20C2391C26F1574A005A734A /* IdsWithLifetime.swift */ = {isa = PBXFileReference; fileEncoding = 4; lastKnownFileType = sourcecode.swift; path = IdsWithLifetime.swift; sourceTree = "<group>"; };
		20C2391D26F1574A005A734A /* Configuration.swift */ = {isa = PBXFileReference; fileEncoding = 4; lastKnownFileType = sourcecode.swift; path = Configuration.swift; sourceTree = "<group>"; };
		20C2391E26F1574A005A734A /* ReportedEvent.swift */ = {isa = PBXFileReference; fileEncoding = 4; lastKnownFileType = sourcecode.swift; path = ReportedEvent.swift; sourceTree = "<group>"; };
		20C2391F26F1574A005A734A /* UserAgent.swift */ = {isa = PBXFileReference; fileEncoding = 4; lastKnownFileType = sourcecode.swift; path = UserAgent.swift; sourceTree = "<group>"; };
		20C2392126F1574A005A734A /* Service.swift */ = {isa = PBXFileReference; fileEncoding = 4; lastKnownFileType = sourcecode.swift; path = Service.swift; sourceTree = "<group>"; };
		20C2392226F1574A005A734A /* Endpoint.swift */ = {isa = PBXFileReference; fileEncoding = 4; lastKnownFileType = sourcecode.swift; path = Endpoint.swift; sourceTree = "<group>"; };
		20C2392426F1574A005A734A /* StoredValueInUserDefaults.swift */ = {isa = PBXFileReference; fileEncoding = 4; lastKnownFileType = sourcecode.swift; path = StoredValueInUserDefaults.swift; sourceTree = "<group>"; };
		20C2392526F1574A005A734A /* AppTracking.swift */ = {isa = PBXFileReference; fileEncoding = 4; lastKnownFileType = sourcecode.swift; path = AppTracking.swift; sourceTree = "<group>"; };
		20C2394526F21A14005A734A /* NetworkService.swift */ = {isa = PBXFileReference; lastKnownFileType = sourcecode.swift; path = NetworkService.swift; sourceTree = "<group>"; };
		20C2394826F22238005A734A /* EndpointTests.swift */ = {isa = PBXFileReference; fileEncoding = 4; lastKnownFileType = sourcecode.swift; path = EndpointTests.swift; sourceTree = "<group>"; };
		20C2394926F22238005A734A /* NetworkSessionMock.swift */ = {isa = PBXFileReference; fileEncoding = 4; lastKnownFileType = sourcecode.swift; path = NetworkSessionMock.swift; sourceTree = "<group>"; };
		20C2394A26F22238005A734A /* APIServiceTests.swift */ = {isa = PBXFileReference; fileEncoding = 4; lastKnownFileType = sourcecode.swift; path = APIServiceTests.swift; sourceTree = "<group>"; };
		2278D1C8F7C5BBD725418D51 /* Pods-AppTrackingTests.debug.xcconfig */ = {isa = PBXFileReference; includeInIndex = 1; lastKnownFileType = text.xcconfig; name = "Pods-AppTrackingTests.debug.xcconfig"; path = "Target Support Files/Pods-AppTrackingTests/Pods-AppTrackingTests.debug.xcconfig"; sourceTree = "<group>"; };
		76FA62F5BE77A68BB521D5F8 /* Pods-AppTracking-Example.release.xcconfig */ = {isa = PBXFileReference; includeInIndex = 1; lastKnownFileType = text.xcconfig; name = "Pods-AppTracking-Example.release.xcconfig"; path = "Target Support Files/Pods-AppTracking-Example/Pods-AppTracking-Example.release.xcconfig"; sourceTree = "<group>"; };
		7D1A2B5526E7567C00648882 /* AppTrackingTests.swift */ = {isa = PBXFileReference; fileEncoding = 4; lastKnownFileType = sourcecode.swift; path = AppTrackingTests.swift; sourceTree = "<group>"; };
		7D1A2B6326E796C000648882 /* StoredValueInUserDefaultsTests.swift */ = {isa = PBXFileReference; lastKnownFileType = sourcecode.swift; path = StoredValueInUserDefaultsTests.swift; sourceTree = "<group>"; };
		7D1C1B4326E657430051A267 /* AppTracking-Example.app */ = {isa = PBXFileReference; explicitFileType = wrapper.application; includeInIndex = 0; path = "AppTracking-Example.app"; sourceTree = BUILT_PRODUCTS_DIR; };
		7D1C1B4626E657430051A267 /* AppDelegate.swift */ = {isa = PBXFileReference; lastKnownFileType = sourcecode.swift; path = AppDelegate.swift; sourceTree = "<group>"; };
		7D1C1B4A26E657430051A267 /* ViewController.swift */ = {isa = PBXFileReference; lastKnownFileType = sourcecode.swift; path = ViewController.swift; sourceTree = "<group>"; };
		7D1C1B4D26E657430051A267 /* Base */ = {isa = PBXFileReference; lastKnownFileType = file.storyboard; name = Base; path = Base.lproj/Main.storyboard; sourceTree = "<group>"; };
		7D1C1B4F26E657460051A267 /* Assets.xcassets */ = {isa = PBXFileReference; lastKnownFileType = folder.assetcatalog; path = Assets.xcassets; sourceTree = "<group>"; };
		7D1C1B5226E657460051A267 /* Base */ = {isa = PBXFileReference; lastKnownFileType = file.storyboard; name = Base; path = Base.lproj/LaunchScreen.storyboard; sourceTree = "<group>"; };
		7D1C1B5426E657460051A267 /* Info.plist */ = {isa = PBXFileReference; lastKnownFileType = text.plist.xml; path = Info.plist; sourceTree = "<group>"; };
		7D1C1B5926E657460051A267 /* AppTrackingTests.xctest */ = {isa = PBXFileReference; explicitFileType = wrapper.cfbundle; includeInIndex = 0; path = AppTrackingTests.xctest; sourceTree = BUILT_PRODUCTS_DIR; };
		7D1C1B5F26E657460051A267 /* Info.plist */ = {isa = PBXFileReference; lastKnownFileType = text.plist.xml; name = Info.plist; path = ../Tests/Info.plist; sourceTree = SOURCE_ROOT; };
		7DE4453A26E8913900A93431 /* LoggerTests.swift */ = {isa = PBXFileReference; lastKnownFileType = sourcecode.swift; path = LoggerTests.swift; sourceTree = "<group>"; };
		8E2A37C5A1593C87B0EB5A44 /* Pods-AppTrackingTests.release.xcconfig */ = {isa = PBXFileReference; includeInIndex = 1; lastKnownFileType = text.xcconfig; name = "Pods-AppTrackingTests.release.xcconfig"; path = "Target Support Files/Pods-AppTrackingTests/Pods-AppTrackingTests.release.xcconfig"; sourceTree = "<group>"; };
		BF2945259492AA544792B04F /* Pods_AppTracking_Example.framework */ = {isa = PBXFileReference; explicitFileType = wrapper.framework; includeInIndex = 0; path = Pods_AppTracking_Example.framework; sourceTree = BUILT_PRODUCTS_DIR; };
		ED067BC36C6C6FA35D9F88B6 /* Pods_AppTrackingTests.framework */ = {isa = PBXFileReference; explicitFileType = wrapper.framework; includeInIndex = 0; path = Pods_AppTrackingTests.framework; sourceTree = BUILT_PRODUCTS_DIR; };
/* End PBXFileReference section */

/* Begin PBXFrameworksBuildPhase section */
		7D1C1B4026E657430051A267 /* Frameworks */ = {
			isa = PBXFrameworksBuildPhase;
			buildActionMask = 2147483647;
			files = (
				854F1289D6E3FA4BC790018B /* Pods_AppTracking_Example.framework in Frameworks */,
			);
			runOnlyForDeploymentPostprocessing = 0;
		};
		7D1C1B5626E657460051A267 /* Frameworks */ = {
			isa = PBXFrameworksBuildPhase;
			buildActionMask = 2147483647;
			files = (
				2536E3B07B61A064628951DB /* Pods_AppTrackingTests.framework in Frameworks */,
			);
			runOnlyForDeploymentPostprocessing = 0;
		};
/* End PBXFrameworksBuildPhase section */

/* Begin PBXGroup section */
		20C2390526F1574A005A734A /* Sources */ = {
			isa = PBXGroup;
			children = (
				20C2392526F1574A005A734A /* AppTracking.swift */,
				20C2390626F1574A005A734A /* Constants.swift */,
				20C2390726F1574A005A734A /* Logger */,
				20C2390926F1574A005A734A /* Networking */,
				20C2392326F1574A005A734A /* Utils */,
			);
			name = Sources;
			path = ../Sources;
			sourceTree = "<group>";
		};
		20C2390726F1574A005A734A /* Logger */ = {
			isa = PBXGroup;
			children = (
				20C2390826F1574A005A734A /* Logger.swift */,
			);
			path = Logger;
			sourceTree = "<group>";
		};
		20C2390926F1574A005A734A /* Networking */ = {
			isa = PBXGroup;
			children = (
				20C2391426F1574A005A734A /* APIService.swift */,
				20C2391F26F1574A005A734A /* UserAgent.swift */,
				20C2390A26F1574A005A734A /* Endpoints */,
				20C2391526F1574A005A734A /* Enums */,
				20C2391826F1574A005A734A /* Models */,
				20C2392026F1574A005A734A /* Protocols */,
			);
			path = Networking;
			sourceTree = "<group>";
		};
		20C2390A26F1574A005A734A /* Endpoints */ = {
			isa = PBXGroup;
			children = (
				20C2390F26F1574A005A734A /* SendEventEndpoint.swift */,
				20C2391326F1574A005A734A /* IdentifyEndpoint.swift */,
				20C2390B26F1574A005A734A /* Responses */,
				20C2391026F1574A005A734A /* Requests */,
			);
			path = Endpoints;
			sourceTree = "<group>";
		};
		20C2390B26F1574A005A734A /* Responses */ = {
			isa = PBXGroup;
			children = (
				20C2390C26F1574A005A734A /* IdentifyResponse.swift */,
				20C2390D26F1574A005A734A /* EventResponse.swift */,
			);
			path = Responses;
			sourceTree = "<group>";
		};
		20C2391026F1574A005A734A /* Requests */ = {
			isa = PBXGroup;
			children = (
				20C2391126F1574A005A734A /* IdentifyRequest.swift */,
				20C2391226F1574A005A734A /* EventRequest.swift */,
			);
			path = Requests;
			sourceTree = "<group>";
		};
		20C2391526F1574A005A734A /* Enums */ = {
			isa = PBXGroup;
			children = (
				20C2391626F1574A005A734A /* HTTPMethod.swift */,
				20C2391726F1574A005A734A /* ServiceError.swift */,
			);
			path = Enums;
			sourceTree = "<group>";
		};
		20C2391826F1574A005A734A /* Models */ = {
			isa = PBXGroup;
			children = (
				20C2391926F1574A005A734A /* Profile.swift */,
				20C2391A26F1574A005A734A /* EaUuid.swift */,
				20C2391B26F1574A005A734A /* User.swift */,
				20C2391C26F1574A005A734A /* IdsWithLifetime.swift */,
				20C2391D26F1574A005A734A /* Configuration.swift */,
				20C2391E26F1574A005A734A /* ReportedEvent.swift */,
			);
			path = Models;
			sourceTree = "<group>";
		};
		20C2392026F1574A005A734A /* Protocols */ = {
			isa = PBXGroup;
			children = (
				20C2392126F1574A005A734A /* Service.swift */,
				20C2392226F1574A005A734A /* Endpoint.swift */,
				20C2394526F21A14005A734A /* NetworkService.swift */,
			);
			path = Protocols;
			sourceTree = "<group>";
		};
		20C2392326F1574A005A734A /* Utils */ = {
			isa = PBXGroup;
			children = (
				20C2392426F1574A005A734A /* StoredValueInUserDefaults.swift */,
			);
			path = Utils;
			sourceTree = "<group>";
		};
		20C2394726F22238005A734A /* Networking */ = {
			isa = PBXGroup;
			children = (
				20C2394E26F22241005A734A /* Mocks */,
				20C2394826F22238005A734A /* EndpointTests.swift */,
				20C2394A26F22238005A734A /* APIServiceTests.swift */,
			);
			path = Networking;
			sourceTree = "<group>";
		};
		20C2394E26F22241005A734A /* Mocks */ = {
			isa = PBXGroup;
			children = (
				20C2394926F22238005A734A /* NetworkSessionMock.swift */,
			);
			path = Mocks;
			sourceTree = "<group>";
		};
		29B7D76AA282158CF190E0E4 /* Frameworks */ = {
			isa = PBXGroup;
			children = (
				BF2945259492AA544792B04F /* Pods_AppTracking_Example.framework */,
				ED067BC36C6C6FA35D9F88B6 /* Pods_AppTrackingTests.framework */,
			);
			name = Frameworks;
			sourceTree = "<group>";
		};
		7D1A2B5426E7567000648882 /* Tests */ = {
			isa = PBXGroup;
			children = (
				20C2394726F22238005A734A /* Networking */,
				7D1A2B5526E7567C00648882 /* AppTrackingTests.swift */,
				7D1A2B6326E796C000648882 /* StoredValueInUserDefaultsTests.swift */,
				7DE4453A26E8913900A93431 /* LoggerTests.swift */,
			);
			name = Tests;
			sourceTree = "<group>";
		};
		7D1C1B3A26E657430051A267 = {
			isa = PBXGroup;
			children = (
				7D1C1B4526E657430051A267 /* AppTracking */,
				7D1C1B5C26E657460051A267 /* AppTrackingTests */,
				7D1C1B4426E657430051A267 /* Products */,
				D8F2BCCA6D38846157E01D50 /* Pods */,
				29B7D76AA282158CF190E0E4 /* Frameworks */,
			);
			sourceTree = "<group>";
		};
		7D1C1B4426E657430051A267 /* Products */ = {
			isa = PBXGroup;
			children = (
				7D1C1B4326E657430051A267 /* AppTracking-Example.app */,
				7D1C1B5926E657460051A267 /* AppTrackingTests.xctest */,
			);
			name = Products;
			sourceTree = "<group>";
		};
		7D1C1B4526E657430051A267 /* AppTracking */ = {
			isa = PBXGroup;
			children = (
				7D1C1B4626E657430051A267 /* AppDelegate.swift */,
				7D1C1B4A26E657430051A267 /* ViewController.swift */,
				7D1C1B4C26E657430051A267 /* Main.storyboard */,
				7D1C1B4F26E657460051A267 /* Assets.xcassets */,
				7D1C1B5126E657460051A267 /* LaunchScreen.storyboard */,
				7D1C1B5426E657460051A267 /* Info.plist */,
			);
			path = AppTracking;
			sourceTree = "<group>";
		};
		7D1C1B5C26E657460051A267 /* AppTrackingTests */ = {
			isa = PBXGroup;
			children = (
				20C2390526F1574A005A734A /* Sources */,
				7D1A2B5426E7567000648882 /* Tests */,
				7D1C1B5F26E657460051A267 /* Info.plist */,
			);
			name = AppTrackingTests;
			path = ../Tests;
			sourceTree = SOURCE_ROOT;
		};
		D8F2BCCA6D38846157E01D50 /* Pods */ = {
			isa = PBXGroup;
			children = (
				18028B7103996E83DEE225F1 /* Pods-AppTracking-Example.debug.xcconfig */,
				76FA62F5BE77A68BB521D5F8 /* Pods-AppTracking-Example.release.xcconfig */,
				2278D1C8F7C5BBD725418D51 /* Pods-AppTrackingTests.debug.xcconfig */,
				8E2A37C5A1593C87B0EB5A44 /* Pods-AppTrackingTests.release.xcconfig */,
			);
			path = Pods;
			sourceTree = "<group>";
		};
/* End PBXGroup section */

/* Begin PBXNativeTarget section */
		7D1C1B4226E657430051A267 /* AppTracking-Example */ = {
			isa = PBXNativeTarget;
			buildConfigurationList = 7D1C1B6D26E657460051A267 /* Build configuration list for PBXNativeTarget "AppTracking-Example" */;
			buildPhases = (
				745DE82C87C0095CBF3D5301 /* [CP] Check Pods Manifest.lock */,
				7D1C1B3F26E657430051A267 /* Sources */,
				7D1C1B7626E6580B0051A267 /* SwiftLint */,
				7D1C1B4026E657430051A267 /* Frameworks */,
				7D1C1B4126E657430051A267 /* Resources */,
			);
			buildRules = (
			);
			dependencies = (
			);
			name = "AppTracking-Example";
			productName = AppTracking;
			productReference = 7D1C1B4326E657430051A267 /* AppTracking-Example.app */;
			productType = "com.apple.product-type.application";
		};
		7D1C1B5826E657460051A267 /* AppTrackingTests */ = {
			isa = PBXNativeTarget;
			buildConfigurationList = 7D1C1B7026E657460051A267 /* Build configuration list for PBXNativeTarget "AppTrackingTests" */;
			buildPhases = (
				D125CF30E0A7D4392E84CF84 /* [CP] Check Pods Manifest.lock */,
				7D1C1B5526E657460051A267 /* Sources */,
				7D1C1B5626E657460051A267 /* Frameworks */,
				7D1C1B5726E657460051A267 /* Resources */,
			);
			buildRules = (
			);
			dependencies = (
				7D1C1B5B26E657460051A267 /* PBXTargetDependency */,
			);
			name = AppTrackingTests;
			productName = AppTrackingTests;
			productReference = 7D1C1B5926E657460051A267 /* AppTrackingTests.xctest */;
			productType = "com.apple.product-type.bundle.unit-test";
		};
/* End PBXNativeTarget section */

/* Begin PBXProject section */
		7D1C1B3B26E657430051A267 /* Project object */ = {
			isa = PBXProject;
			attributes = {
				LastSwiftUpdateCheck = 1250;
				LastUpgradeCheck = 1250;
				ORGANIZATIONNAME = "Ringier Axel Springer Tech";
				TargetAttributes = {
					7D1C1B4226E657430051A267 = {
						CreatedOnToolsVersion = 12.5;
					};
					7D1C1B5826E657460051A267 = {
						CreatedOnToolsVersion = 12.5;
					};
				};
			};
			buildConfigurationList = 7D1C1B3E26E657430051A267 /* Build configuration list for PBXProject "AppTracking" */;
			compatibilityVersion = "Xcode 9.3";
			developmentRegion = en;
			hasScannedForEncodings = 0;
			knownRegions = (
				en,
				Base,
			);
			mainGroup = 7D1C1B3A26E657430051A267;
			productRefGroup = 7D1C1B4426E657430051A267 /* Products */;
			projectDirPath = "";
			projectRoot = "";
			targets = (
				7D1C1B4226E657430051A267 /* AppTracking-Example */,
				7D1C1B5826E657460051A267 /* AppTrackingTests */,
			);
		};
/* End PBXProject section */

/* Begin PBXResourcesBuildPhase section */
		7D1C1B4126E657430051A267 /* Resources */ = {
			isa = PBXResourcesBuildPhase;
			buildActionMask = 2147483647;
			files = (
				7D1C1B5326E657460051A267 /* LaunchScreen.storyboard in Resources */,
				7D1C1B5026E657460051A267 /* Assets.xcassets in Resources */,
				7D1C1B4E26E657430051A267 /* Main.storyboard in Resources */,
			);
			runOnlyForDeploymentPostprocessing = 0;
		};
		7D1C1B5726E657460051A267 /* Resources */ = {
			isa = PBXResourcesBuildPhase;
			buildActionMask = 2147483647;
			files = (
			);
			runOnlyForDeploymentPostprocessing = 0;
		};
/* End PBXResourcesBuildPhase section */

/* Begin PBXShellScriptBuildPhase section */
		745DE82C87C0095CBF3D5301 /* [CP] Check Pods Manifest.lock */ = {
			isa = PBXShellScriptBuildPhase;
			buildActionMask = 2147483647;
			files = (
			);
			inputFileListPaths = (
			);
			inputPaths = (
				"${PODS_PODFILE_DIR_PATH}/Podfile.lock",
				"${PODS_ROOT}/Manifest.lock",
			);
			name = "[CP] Check Pods Manifest.lock";
			outputFileListPaths = (
			);
			outputPaths = (
				"$(DERIVED_FILE_DIR)/Pods-AppTracking-Example-checkManifestLockResult.txt",
			);
			runOnlyForDeploymentPostprocessing = 0;
			shellPath = /bin/sh;
			shellScript = "diff \"${PODS_PODFILE_DIR_PATH}/Podfile.lock\" \"${PODS_ROOT}/Manifest.lock\" > /dev/null\nif [ $? != 0 ] ; then\n    # print error to STDERR\n    echo \"error: The sandbox is not in sync with the Podfile.lock. Run 'pod install' or update your CocoaPods installation.\" >&2\n    exit 1\nfi\n# This output is used by Xcode 'outputs' to avoid re-running this script phase.\necho \"SUCCESS\" > \"${SCRIPT_OUTPUT_FILE_0}\"\n";
			showEnvVarsInLog = 0;
		};
		7D1C1B7626E6580B0051A267 /* SwiftLint */ = {
			isa = PBXShellScriptBuildPhase;
			buildActionMask = 2147483647;
			files = (
			);
			inputFileListPaths = (
			);
			inputPaths = (
			);
			name = SwiftLint;
			outputFileListPaths = (
			);
			outputPaths = (
			);
			runOnlyForDeploymentPostprocessing = 0;
			shellPath = /bin/sh;
			shellScript = "# Type a script or drag a script file from your workspace to insert its path.\n${PODS_ROOT}/SwiftLint/swiftlint\n";
		};
		D125CF30E0A7D4392E84CF84 /* [CP] Check Pods Manifest.lock */ = {
			isa = PBXShellScriptBuildPhase;
			buildActionMask = 2147483647;
			files = (
			);
			inputFileListPaths = (
			);
			inputPaths = (
				"${PODS_PODFILE_DIR_PATH}/Podfile.lock",
				"${PODS_ROOT}/Manifest.lock",
			);
			name = "[CP] Check Pods Manifest.lock";
			outputFileListPaths = (
			);
			outputPaths = (
				"$(DERIVED_FILE_DIR)/Pods-AppTrackingTests-checkManifestLockResult.txt",
			);
			runOnlyForDeploymentPostprocessing = 0;
			shellPath = /bin/sh;
			shellScript = "diff \"${PODS_PODFILE_DIR_PATH}/Podfile.lock\" \"${PODS_ROOT}/Manifest.lock\" > /dev/null\nif [ $? != 0 ] ; then\n    # print error to STDERR\n    echo \"error: The sandbox is not in sync with the Podfile.lock. Run 'pod install' or update your CocoaPods installation.\" >&2\n    exit 1\nfi\n# This output is used by Xcode 'outputs' to avoid re-running this script phase.\necho \"SUCCESS\" > \"${SCRIPT_OUTPUT_FILE_0}\"\n";
			showEnvVarsInLog = 0;
		};
/* End PBXShellScriptBuildPhase section */

/* Begin PBXSourcesBuildPhase section */
		7D1C1B3F26E657430051A267 /* Sources */ = {
			isa = PBXSourcesBuildPhase;
			buildActionMask = 2147483647;
			files = (
				7D1C1B4B26E657430051A267 /* ViewController.swift in Sources */,
				7D1C1B4726E657430051A267 /* AppDelegate.swift in Sources */,
			);
			runOnlyForDeploymentPostprocessing = 0;
		};
		7D1C1B5526E657460051A267 /* Sources */ = {
			isa = PBXSourcesBuildPhase;
			buildActionMask = 2147483647;
			files = (
				20C2392726F1574A005A734A /* Logger.swift in Sources */,
				20C2393726F1574A005A734A /* UserAgent.swift in Sources */,
				20C2393126F1574A005A734A /* Profile.swift in Sources */,
				20C2392B26F1574A005A734A /* IdentifyRequest.swift in Sources */,
				20C2393526F1574A005A734A /* Configuration.swift in Sources */,
				7D1A2B5626E7567C00648882 /* AppTrackingTests.swift in Sources */,
				20C2393226F1574A005A734A /* EaUuid.swift in Sources */,
				20C2394C26F22238005A734A /* NetworkSessionMock.swift in Sources */,
				7D1A2B6426E796C000648882 /* StoredValueInUserDefaultsTests.swift in Sources */,
				7DE4453B26E8913900A93431 /* LoggerTests.swift in Sources */,
				20C2393B26F1574A005A734A /* AppTracking.swift in Sources */,
				20C2393326F1574A005A734A /* User.swift in Sources */,
				20C2392926F1574A005A734A /* EventResponse.swift in Sources */,
				20C2392D26F1574A005A734A /* IdentifyEndpoint.swift in Sources */,
				20C2392826F1574A005A734A /* IdentifyResponse.swift in Sources */,
				20C2393426F1574A005A734A /* IdsWithLifetime.swift in Sources */,
				20C2393A26F1574A005A734A /* StoredValueInUserDefaults.swift in Sources */,
				20C2393626F1574A005A734A /* ReportedEvent.swift in Sources */,
				20C2392626F1574A005A734A /* Constants.swift in Sources */,
				20C2392C26F1574A005A734A /* EventRequest.swift in Sources */,
				20C2393926F1574A005A734A /* Endpoint.swift in Sources */,
				20C2392F26F1574A005A734A /* HTTPMethod.swift in Sources */,
				20C2392E26F1574A005A734A /* APIService.swift in Sources */,
				20C2394B26F22238005A734A /* EndpointTests.swift in Sources */,
				20C2394D26F22238005A734A /* APIServiceTests.swift in Sources */,
				20C2393826F1574A005A734A /* Service.swift in Sources */,
				20C2393026F1574A005A734A /* ServiceError.swift in Sources */,
				20C2394626F21A14005A734A /* NetworkService.swift in Sources */,
				20C2392A26F1574A005A734A /* SendEventEndpoint.swift in Sources */,
			);
			runOnlyForDeploymentPostprocessing = 0;
		};
/* End PBXSourcesBuildPhase section */

/* Begin PBXTargetDependency section */
		7D1C1B5B26E657460051A267 /* PBXTargetDependency */ = {
			isa = PBXTargetDependency;
			target = 7D1C1B4226E657430051A267 /* AppTracking-Example */;
			targetProxy = 7D1C1B5A26E657460051A267 /* PBXContainerItemProxy */;
		};
/* End PBXTargetDependency section */

/* Begin PBXVariantGroup section */
		7D1C1B4C26E657430051A267 /* Main.storyboard */ = {
			isa = PBXVariantGroup;
			children = (
				7D1C1B4D26E657430051A267 /* Base */,
			);
			name = Main.storyboard;
			sourceTree = "<group>";
		};
		7D1C1B5126E657460051A267 /* LaunchScreen.storyboard */ = {
			isa = PBXVariantGroup;
			children = (
				7D1C1B5226E657460051A267 /* Base */,
			);
			name = LaunchScreen.storyboard;
			sourceTree = "<group>";
		};
/* End PBXVariantGroup section */

/* Begin XCBuildConfiguration section */
		7D1C1B6B26E657460051A267 /* Debug */ = {
			isa = XCBuildConfiguration;
			buildSettings = {
				ALWAYS_SEARCH_USER_PATHS = NO;
				CLANG_ANALYZER_NONNULL = YES;
				CLANG_ANALYZER_NUMBER_OBJECT_CONVERSION = YES_AGGRESSIVE;
				CLANG_CXX_LANGUAGE_STANDARD = "gnu++14";
				CLANG_CXX_LIBRARY = "libc++";
				CLANG_ENABLE_MODULES = YES;
				CLANG_ENABLE_OBJC_ARC = YES;
				CLANG_ENABLE_OBJC_WEAK = YES;
				CLANG_WARN_BLOCK_CAPTURE_AUTORELEASING = YES;
				CLANG_WARN_BOOL_CONVERSION = YES;
				CLANG_WARN_COMMA = YES;
				CLANG_WARN_CONSTANT_CONVERSION = YES;
				CLANG_WARN_DEPRECATED_OBJC_IMPLEMENTATIONS = YES;
				CLANG_WARN_DIRECT_OBJC_ISA_USAGE = YES_ERROR;
				CLANG_WARN_DOCUMENTATION_COMMENTS = YES;
				CLANG_WARN_EMPTY_BODY = YES;
				CLANG_WARN_ENUM_CONVERSION = YES;
				CLANG_WARN_INFINITE_RECURSION = YES;
				CLANG_WARN_INT_CONVERSION = YES;
				CLANG_WARN_NON_LITERAL_NULL_CONVERSION = YES;
				CLANG_WARN_OBJC_IMPLICIT_RETAIN_SELF = YES;
				CLANG_WARN_OBJC_LITERAL_CONVERSION = YES;
				CLANG_WARN_OBJC_ROOT_CLASS = YES_ERROR;
				CLANG_WARN_QUOTED_INCLUDE_IN_FRAMEWORK_HEADER = YES;
				CLANG_WARN_RANGE_LOOP_ANALYSIS = YES;
				CLANG_WARN_STRICT_PROTOTYPES = YES;
				CLANG_WARN_SUSPICIOUS_MOVE = YES;
				CLANG_WARN_UNGUARDED_AVAILABILITY = YES_AGGRESSIVE;
				CLANG_WARN_UNREACHABLE_CODE = YES;
				CLANG_WARN__DUPLICATE_METHOD_MATCH = YES;
				COPY_PHASE_STRIP = NO;
				DEBUG_INFORMATION_FORMAT = dwarf;
				ENABLE_STRICT_OBJC_MSGSEND = YES;
				ENABLE_TESTABILITY = YES;
				GCC_C_LANGUAGE_STANDARD = gnu11;
				GCC_DYNAMIC_NO_PIC = NO;
				GCC_NO_COMMON_BLOCKS = YES;
				GCC_OPTIMIZATION_LEVEL = 0;
				GCC_PREPROCESSOR_DEFINITIONS = (
					"DEBUG=1",
					"$(inherited)",
				);
				GCC_WARN_64_TO_32_BIT_CONVERSION = YES;
				GCC_WARN_ABOUT_RETURN_TYPE = YES_ERROR;
				GCC_WARN_UNDECLARED_SELECTOR = YES;
				GCC_WARN_UNINITIALIZED_AUTOS = YES_AGGRESSIVE;
				GCC_WARN_UNUSED_FUNCTION = YES;
				GCC_WARN_UNUSED_VARIABLE = YES;
				IPHONEOS_DEPLOYMENT_TARGET = 14.5;
				MTL_ENABLE_DEBUG_INFO = INCLUDE_SOURCE;
				MTL_FAST_MATH = YES;
				ONLY_ACTIVE_ARCH = YES;
				SDKROOT = iphoneos;
				SWIFT_ACTIVE_COMPILATION_CONDITIONS = DEBUG;
				SWIFT_OPTIMIZATION_LEVEL = "-Onone";
			};
			name = Debug;
		};
		7D1C1B6C26E657460051A267 /* Release */ = {
			isa = XCBuildConfiguration;
			buildSettings = {
				ALWAYS_SEARCH_USER_PATHS = NO;
				CLANG_ANALYZER_NONNULL = YES;
				CLANG_ANALYZER_NUMBER_OBJECT_CONVERSION = YES_AGGRESSIVE;
				CLANG_CXX_LANGUAGE_STANDARD = "gnu++14";
				CLANG_CXX_LIBRARY = "libc++";
				CLANG_ENABLE_MODULES = YES;
				CLANG_ENABLE_OBJC_ARC = YES;
				CLANG_ENABLE_OBJC_WEAK = YES;
				CLANG_WARN_BLOCK_CAPTURE_AUTORELEASING = YES;
				CLANG_WARN_BOOL_CONVERSION = YES;
				CLANG_WARN_COMMA = YES;
				CLANG_WARN_CONSTANT_CONVERSION = YES;
				CLANG_WARN_DEPRECATED_OBJC_IMPLEMENTATIONS = YES;
				CLANG_WARN_DIRECT_OBJC_ISA_USAGE = YES_ERROR;
				CLANG_WARN_DOCUMENTATION_COMMENTS = YES;
				CLANG_WARN_EMPTY_BODY = YES;
				CLANG_WARN_ENUM_CONVERSION = YES;
				CLANG_WARN_INFINITE_RECURSION = YES;
				CLANG_WARN_INT_CONVERSION = YES;
				CLANG_WARN_NON_LITERAL_NULL_CONVERSION = YES;
				CLANG_WARN_OBJC_IMPLICIT_RETAIN_SELF = YES;
				CLANG_WARN_OBJC_LITERAL_CONVERSION = YES;
				CLANG_WARN_OBJC_ROOT_CLASS = YES_ERROR;
				CLANG_WARN_QUOTED_INCLUDE_IN_FRAMEWORK_HEADER = YES;
				CLANG_WARN_RANGE_LOOP_ANALYSIS = YES;
				CLANG_WARN_STRICT_PROTOTYPES = YES;
				CLANG_WARN_SUSPICIOUS_MOVE = YES;
				CLANG_WARN_UNGUARDED_AVAILABILITY = YES_AGGRESSIVE;
				CLANG_WARN_UNREACHABLE_CODE = YES;
				CLANG_WARN__DUPLICATE_METHOD_MATCH = YES;
				COPY_PHASE_STRIP = NO;
				DEBUG_INFORMATION_FORMAT = "dwarf-with-dsym";
				ENABLE_NS_ASSERTIONS = NO;
				ENABLE_STRICT_OBJC_MSGSEND = YES;
				GCC_C_LANGUAGE_STANDARD = gnu11;
				GCC_NO_COMMON_BLOCKS = YES;
				GCC_WARN_64_TO_32_BIT_CONVERSION = YES;
				GCC_WARN_ABOUT_RETURN_TYPE = YES_ERROR;
				GCC_WARN_UNDECLARED_SELECTOR = YES;
				GCC_WARN_UNINITIALIZED_AUTOS = YES_AGGRESSIVE;
				GCC_WARN_UNUSED_FUNCTION = YES;
				GCC_WARN_UNUSED_VARIABLE = YES;
				IPHONEOS_DEPLOYMENT_TARGET = 14.5;
				MTL_ENABLE_DEBUG_INFO = NO;
				MTL_FAST_MATH = YES;
				SDKROOT = iphoneos;
				SWIFT_COMPILATION_MODE = wholemodule;
				SWIFT_OPTIMIZATION_LEVEL = "-O";
				VALIDATE_PRODUCT = YES;
			};
			name = Release;
		};
		7D1C1B6E26E657460051A267 /* Debug */ = {
			isa = XCBuildConfiguration;
			baseConfigurationReference = 18028B7103996E83DEE225F1 /* Pods-AppTracking-Example.debug.xcconfig */;
			buildSettings = {
				ALWAYS_EMBED_SWIFT_STANDARD_LIBRARIES = "$(inherited)";
				ASSETCATALOG_COMPILER_APPICON_NAME = AppIcon;
				ASSETCATALOG_COMPILER_GLOBAL_ACCENT_COLOR_NAME = AccentColor;
				CODE_SIGN_STYLE = Manual;
				DEVELOPMENT_TEAM = "";
				INFOPLIST_FILE = AppTracking/Info.plist;
				LD_RUNPATH_SEARCH_PATHS = (
					"$(inherited)",
					"@executable_path/Frameworks",
				);
				PRODUCT_BUNDLE_IDENTIFIER = "org.cocoapods.demo.AppTracking-Example.AppTracking";
				PRODUCT_NAME = "$(TARGET_NAME)";
				PROVISIONING_PROFILE_SPECIFIER = "";
				SWIFT_VERSION = 5.0;
				TARGETED_DEVICE_FAMILY = "1,2";
			};
			name = Debug;
		};
		7D1C1B6F26E657460051A267 /* Release */ = {
			isa = XCBuildConfiguration;
			baseConfigurationReference = 76FA62F5BE77A68BB521D5F8 /* Pods-AppTracking-Example.release.xcconfig */;
			buildSettings = {
				ALWAYS_EMBED_SWIFT_STANDARD_LIBRARIES = "$(inherited)";
				ASSETCATALOG_COMPILER_APPICON_NAME = AppIcon;
				ASSETCATALOG_COMPILER_GLOBAL_ACCENT_COLOR_NAME = AccentColor;
				CODE_SIGN_STYLE = Manual;
				DEVELOPMENT_TEAM = "";
				INFOPLIST_FILE = AppTracking/Info.plist;
				LD_RUNPATH_SEARCH_PATHS = (
					"$(inherited)",
					"@executable_path/Frameworks",
				);
				PRODUCT_BUNDLE_IDENTIFIER = "org.cocoapods.demo.AppTracking-Example.AppTracking";
				PRODUCT_NAME = "$(TARGET_NAME)";
				PROVISIONING_PROFILE_SPECIFIER = "";
				SWIFT_VERSION = 5.0;
				TARGETED_DEVICE_FAMILY = "1,2";
			};
			name = Release;
		};
		7D1C1B7126E657460051A267 /* Debug */ = {
			isa = XCBuildConfiguration;
			baseConfigurationReference = 2278D1C8F7C5BBD725418D51 /* Pods-AppTrackingTests.debug.xcconfig */;
			buildSettings = {
				ALWAYS_EMBED_SWIFT_STANDARD_LIBRARIES = "$(inherited)";
				CODE_SIGN_STYLE = Manual;
				DEVELOPMENT_TEAM = "";
				INFOPLIST_FILE = ../Tests/Info.plist;
				IPHONEOS_DEPLOYMENT_TARGET = 14.5;
				LD_RUNPATH_SEARCH_PATHS = (
					"$(inherited)",
					"@executable_path/Frameworks",
					"@loader_path/Frameworks",
				);
				PRODUCT_BUNDLE_IDENTIFIER = "org.cocoapods.demo.AppTracking-Example.AppTrackingTests";
				PRODUCT_NAME = "$(TARGET_NAME)";
				PROVISIONING_PROFILE_SPECIFIER = "";
				"PROVISIONING_PROFILE_SPECIFIER[sdk=macosx*]" = "";
				SWIFT_VERSION = 5.0;
				TARGETED_DEVICE_FAMILY = "1,2";
			};
			name = Debug;
		};
		7D1C1B7226E657460051A267 /* Release */ = {
			isa = XCBuildConfiguration;
			baseConfigurationReference = 8E2A37C5A1593C87B0EB5A44 /* Pods-AppTrackingTests.release.xcconfig */;
			buildSettings = {
				ALWAYS_EMBED_SWIFT_STANDARD_LIBRARIES = "$(inherited)";
				CODE_SIGN_STYLE = Manual;
				DEVELOPMENT_TEAM = "";
				INFOPLIST_FILE = ../Tests/Info.plist;
				IPHONEOS_DEPLOYMENT_TARGET = 14.5;
				LD_RUNPATH_SEARCH_PATHS = (
					"$(inherited)",
					"@executable_path/Frameworks",
					"@loader_path/Frameworks",
				);
				PRODUCT_BUNDLE_IDENTIFIER = "org.cocoapods.demo.AppTracking-Example.AppTrackingTests";
				PRODUCT_NAME = "$(TARGET_NAME)";
				PROVISIONING_PROFILE_SPECIFIER = "";
				"PROVISIONING_PROFILE_SPECIFIER[sdk=macosx*]" = "";
				SWIFT_VERSION = 5.0;
				TARGETED_DEVICE_FAMILY = "1,2";
			};
			name = Release;
		};
/* End XCBuildConfiguration section */

/* Begin XCConfigurationList section */
		7D1C1B3E26E657430051A267 /* Build configuration list for PBXProject "AppTracking" */ = {
			isa = XCConfigurationList;
			buildConfigurations = (
				7D1C1B6B26E657460051A267 /* Debug */,
				7D1C1B6C26E657460051A267 /* Release */,
			);
			defaultConfigurationIsVisible = 0;
			defaultConfigurationName = Release;
		};
		7D1C1B6D26E657460051A267 /* Build configuration list for PBXNativeTarget "AppTracking-Example" */ = {
			isa = XCConfigurationList;
			buildConfigurations = (
				7D1C1B6E26E657460051A267 /* Debug */,
				7D1C1B6F26E657460051A267 /* Release */,
			);
			defaultConfigurationIsVisible = 0;
			defaultConfigurationName = Release;
		};
		7D1C1B7026E657460051A267 /* Build configuration list for PBXNativeTarget "AppTrackingTests" */ = {
			isa = XCConfigurationList;
			buildConfigurations = (
				7D1C1B7126E657460051A267 /* Debug */,
				7D1C1B7226E657460051A267 /* Release */,
			);
			defaultConfigurationIsVisible = 0;
			defaultConfigurationName = Release;
		};
/* End XCConfigurationList section */
	};
	rootObject = 7D1C1B3B26E657430051A267 /* Project object */;
}
