// !$*UTF8*$!
{
	archiveVersion = 1;
	classes = {
	};
	objectVersion = 54;
	objects = {

/* Begin PBXBuildFile section */
		204EAED3270EF5EB009E2F0D /* DecoratorTests.swift in Sources */ = {isa = PBXBuildFile; fileRef = 204EAED2270EF5EB009E2F0D /* DecoratorTests.swift */; };
		204EAEE9270F1093009E2F0D /* SizeProviderStub.swift in Sources */ = {isa = PBXBuildFile; fileRef = 204EAEE1270F0FF0009E2F0D /* SizeProviderStub.swift */; };
		204EAEEA270F1093009E2F0D /* ConsentProviderStub.swift in Sources */ = {isa = PBXBuildFile; fileRef = 204EAEE3270F0FFE009E2F0D /* ConsentProviderStub.swift */; };
		204EAEED270F12B7009E2F0D /* VendorManagerTests.swift in Sources */ = {isa = PBXBuildFile; fileRef = 204EAEEC270F12B7009E2F0D /* VendorManagerTests.swift */; };
		204EAEEF270F1313009E2F0D /* VendorIdentifierProviderMock.swift in Sources */ = {isa = PBXBuildFile; fileRef = 204EAEEE270F1313009E2F0D /* VendorIdentifierProviderMock.swift */; };
		204EAEFB2710F57B009E2F0D /* EventsFactoryTests.swift in Sources */ = {isa = PBXBuildFile; fileRef = 204EAEFA2710F57B009E2F0D /* EventsFactoryTests.swift */; };
		204EAEFD27143837009E2F0D /* UserManagerTests.swift in Sources */ = {isa = PBXBuildFile; fileRef = 204EAEFC27143837009E2F0D /* UserManagerTests.swift */; };
		204EAF0B2718DA95009E2F0D /* MD5Tests.swift in Sources */ = {isa = PBXBuildFile; fileRef = 204EAF0A2718DA95009E2F0D /* MD5Tests.swift */; };
		204EAF1C271DB4C3009E2F0D /* AureusTests.swift in Sources */ = {isa = PBXBuildFile; fileRef = 204EAF1B271DB4C3009E2F0D /* AureusTests.swift */; };
		204EAF1E271EE53C009E2F0D /* KeepAliveTests.swift in Sources */ = {isa = PBXBuildFile; fileRef = 204EAF1D271EE53C009E2F0D /* KeepAliveTests.swift */; };
		204EAF20271EE5A2009E2F0D /* KeepAliveIntervalsProviderTests.swift in Sources */ = {isa = PBXBuildFile; fileRef = 204EAF1F271EE5A2009E2F0D /* KeepAliveIntervalsProviderTests.swift */; };
		204EAF22271F1884009E2F0D /* KeepAliveDataSourceStub.swift in Sources */ = {isa = PBXBuildFile; fileRef = 204EAF21271F1884009E2F0D /* KeepAliveDataSourceStub.swift */; };
		204EAF24271F18AB009E2F0D /* KeepAliveManagerDelegateMock.swift in Sources */ = {isa = PBXBuildFile; fileRef = 204EAF23271F18AB009E2F0D /* KeepAliveManagerDelegateMock.swift */; };
		204EAF2E272939CB009E2F0D /* ConsentProviderTests.swift in Sources */ = {isa = PBXBuildFile; fileRef = 204EAF2D272939CB009E2F0D /* ConsentProviderTests.swift */; };
		204EAF3027293B08009E2F0D /* RingPublishingTrackingTests.swift in Sources */ = {isa = PBXBuildFile; fileRef = 204EAF2F27293B08009E2F0D /* RingPublishingTrackingTests.swift */; };
		204EAF32272944A4009E2F0D /* RingPublishingTrackingConfigurationTests.swift in Sources */ = {isa = PBXBuildFile; fileRef = 204EAF31272944A4009E2F0D /* RingPublishingTrackingConfigurationTests.swift */; };
		204EAF342729469A009E2F0D /* IdentifyResponseTests.swift in Sources */ = {isa = PBXBuildFile; fileRef = 204EAF332729469A009E2F0D /* IdentifyResponseTests.swift */; };
		204EAF3627294BF7009E2F0D /* EventTests.swift in Sources */ = {isa = PBXBuildFile; fileRef = 204EAF3527294BF7009E2F0D /* EventTests.swift */; };
		204EAF38272A7918009E2F0D /* RingPublishingTrackingDelegateMock.swift in Sources */ = {isa = PBXBuildFile; fileRef = 204EAF37272A7917009E2F0D /* RingPublishingTrackingDelegateMock.swift */; };
		2088320B2702926D00EA53FD /* XCTestCase+Helpers.swift in Sources */ = {isa = PBXBuildFile; fileRef = 208832092702924D00EA53FD /* XCTestCase+Helpers.swift */; };
		2088321427046EBB00EA53FD /* EventsServiceTests.swift in Sources */ = {isa = PBXBuildFile; fileRef = 2088321227046EB100EA53FD /* EventsServiceTests.swift */; };
		208CD61A26F9B276006A406C /* EventsQueueManagerTests.swift in Sources */ = {isa = PBXBuildFile; fileRef = 208CD61926F9B276006A406C /* EventsQueueManagerTests.swift */; };
		208CD61C26F9B3C0006A406C /* StaticStorage.swift in Sources */ = {isa = PBXBuildFile; fileRef = 208CD61B26F9B3C0006A406C /* StaticStorage.swift */; };
		208CD61E26F9BADA006A406C /* DictionaryTests.swift in Sources */ = {isa = PBXBuildFile; fileRef = 208CD61D26F9BADA006A406C /* DictionaryTests.swift */; };
		20C2394B26F22238005A734A /* EndpointTests.swift in Sources */ = {isa = PBXBuildFile; fileRef = 20C2394826F22238005A734A /* EndpointTests.swift */; };
		20C2394C26F22238005A734A /* NetworkSessionMock.swift in Sources */ = {isa = PBXBuildFile; fileRef = 20C2394926F22238005A734A /* NetworkSessionMock.swift */; };
		20C2394D26F22238005A734A /* APIServiceTests.swift in Sources */ = {isa = PBXBuildFile; fileRef = 20C2394A26F22238005A734A /* APIServiceTests.swift */; };
		2536E3B07B61A064628951DB /* Pods_RingPublishingTrackingTests.framework in Frameworks */ = {isa = PBXBuildFile; fileRef = ED067BC36C6C6FA35D9F88B6 /* Pods_RingPublishingTrackingTests.framework */; };
		604875EC2B04C7D000A2FC80 /* RingPublishingTracking.swift in Sources */ = {isa = PBXBuildFile; fileRef = 604875752B04C7D000A2FC80 /* RingPublishingTracking.swift */; };
		604875ED2B04C7D000A2FC80 /* RingPublishingTrackingKeepAliveDataSource.swift in Sources */ = {isa = PBXBuildFile; fileRef = 604875762B04C7D000A2FC80 /* RingPublishingTrackingKeepAliveDataSource.swift */; };
		604875EE2B04C7D000A2FC80 /* RingPublishingTrackingDelegate.swift in Sources */ = {isa = PBXBuildFile; fileRef = 604875772B04C7D000A2FC80 /* RingPublishingTrackingDelegate.swift */; };
		604875EF2B04C7D000A2FC80 /* RingPublishingTracking+Aureus.swift in Sources */ = {isa = PBXBuildFile; fileRef = 604875782B04C7D000A2FC80 /* RingPublishingTracking+Aureus.swift */; };
		604875F02B04C7D000A2FC80 /* RingPublishingTrackingConfiguration.swift in Sources */ = {isa = PBXBuildFile; fileRef = 604875792B04C7D000A2FC80 /* RingPublishingTrackingConfiguration.swift */; };
		604875F12B04C7D000A2FC80 /* VideoStartMode.swift in Sources */ = {isa = PBXBuildFile; fileRef = 6048757B2B04C7D000A2FC80 /* VideoStartMode.swift */; };
		604875F22B04C7D000A2FC80 /* ContentPageViewSource.swift in Sources */ = {isa = PBXBuildFile; fileRef = 6048757C2B04C7D000A2FC80 /* ContentPageViewSource.swift */; };
		604875F32B04C7D000A2FC80 /* VideoStreamFormat.swift in Sources */ = {isa = PBXBuildFile; fileRef = 6048757D2B04C7D000A2FC80 /* VideoStreamFormat.swift */; };
		604875F42B04C7D000A2FC80 /* Event.swift in Sources */ = {isa = PBXBuildFile; fileRef = 6048757E2B04C7D000A2FC80 /* Event.swift */; };
		604875F52B04C7D000A2FC80 /* VideoState.swift in Sources */ = {isa = PBXBuildFile; fileRef = 6048757F2B04C7D000A2FC80 /* VideoState.swift */; };
		604875F62B04C7D000A2FC80 /* VideoEvent.swift in Sources */ = {isa = PBXBuildFile; fileRef = 604875802B04C7D000A2FC80 /* VideoEvent.swift */; };
		604875F72B04C7D000A2FC80 /* VideoContentCategory.swift in Sources */ = {isa = PBXBuildFile; fileRef = 604875812B04C7D000A2FC80 /* VideoContentCategory.swift */; };
		604875F82B04C7D000A2FC80 /* ArtemisExternal.swift in Sources */ = {isa = PBXBuildFile; fileRef = 604875822B04C7D000A2FC80 /* ArtemisExternal.swift */; };
		604875F92B04C7D000A2FC80 /* VideoAdsConfiguration.swift in Sources */ = {isa = PBXBuildFile; fileRef = 604875832B04C7D000A2FC80 /* VideoAdsConfiguration.swift */; };
		604875FA2B04C7D000A2FC80 /* TrackingIdentifierError.swift in Sources */ = {isa = PBXBuildFile; fileRef = 604875842B04C7D000A2FC80 /* TrackingIdentifierError.swift */; };
		604875FB2B04C7D000A2FC80 /* ContentMetadata.swift in Sources */ = {isa = PBXBuildFile; fileRef = 604875852B04C7D000A2FC80 /* ContentMetadata.swift */; };
		604875FC2B04C7D000A2FC80 /* VideoMetadata.swift in Sources */ = {isa = PBXBuildFile; fileRef = 604875862B04C7D000A2FC80 /* VideoMetadata.swift */; };
		604875FD2B04C7D000A2FC80 /* ArtemisIdentifier.swift in Sources */ = {isa = PBXBuildFile; fileRef = 604875872B04C7D000A2FC80 /* ArtemisIdentifier.swift */; };
		604875FE2B04C7D000A2FC80 /* ArtemisID.swift in Sources */ = {isa = PBXBuildFile; fileRef = 604875882B04C7D000A2FC80 /* ArtemisID.swift */; };
		604875FF2B04C7D000A2FC80 /* VideoVisibility.swift in Sources */ = {isa = PBXBuildFile; fileRef = 604875892B04C7D000A2FC80 /* VideoVisibility.swift */; };
		604876002B04C7D000A2FC80 /* TrackingIdentifier.swift in Sources */ = {isa = PBXBuildFile; fileRef = 6048758A2B04C7D000A2FC80 /* TrackingIdentifier.swift */; };
		604876012B04C7D000A2FC80 /* RingPublishingTracking+CurrentState.swift in Sources */ = {isa = PBXBuildFile; fileRef = 6048758B2B04C7D000A2FC80 /* RingPublishingTracking+CurrentState.swift */; };
		604876022B04C7D000A2FC80 /* RingPublishingTracking+Video.swift in Sources */ = {isa = PBXBuildFile; fileRef = 6048758C2B04C7D000A2FC80 /* RingPublishingTracking+Video.swift */; };
		604876032B04C7D000A2FC80 /* RingPublishingTracking+ContentPerformanceMonitor.swift in Sources */ = {isa = PBXBuildFile; fileRef = 6048758D2B04C7D000A2FC80 /* RingPublishingTracking+ContentPerformanceMonitor.swift */; };
		604876042B04C7D000A2FC80 /* Constants.swift in Sources */ = {isa = PBXBuildFile; fileRef = 6048758F2B04C7D000A2FC80 /* Constants.swift */; };
		604876052B04C7D000A2FC80 /* UserManager.swift in Sources */ = {isa = PBXBuildFile; fileRef = 604875902B04C7D000A2FC80 /* UserManager.swift */; };
		604876062B04C7D000A2FC80 /* RingPublishingTracking+EventsServiceDelegate.swift in Sources */ = {isa = PBXBuildFile; fileRef = 604875912B04C7D000A2FC80 /* RingPublishingTracking+EventsServiceDelegate.swift */; };
		604876072B04C7D000A2FC80 /* RingPublishingTracking+KeepAliveManagerDelegate.swift in Sources */ = {isa = PBXBuildFile; fileRef = 604875922B04C7D000A2FC80 /* RingPublishingTracking+KeepAliveManagerDelegate.swift */; };
		604876082B04C7D000A2FC80 /* OperationMode.swift in Sources */ = {isa = PBXBuildFile; fileRef = 604875932B04C7D000A2FC80 /* OperationMode.swift */; };
		604876092B04C7D000A2FC80 /* Logger.swift in Sources */ = {isa = PBXBuildFile; fileRef = 604875952B04C7D000A2FC80 /* Logger.swift */; };
		6048760A2B04C7D000A2FC80 /* Optional+Logable.swift in Sources */ = {isa = PBXBuildFile; fileRef = 604875962B04C7D000A2FC80 /* Optional+Logable.swift */; };
		6048760B2B04C7D000A2FC80 /* UserDataDecorator.swift in Sources */ = {isa = PBXBuildFile; fileRef = 604875992B04C7D000A2FC80 /* UserDataDecorator.swift */; };
		6048760C2B04C7D000A2FC80 /* StructureInfoDecorator.swift in Sources */ = {isa = PBXBuildFile; fileRef = 6048759A2B04C7D000A2FC80 /* StructureInfoDecorator.swift */; };
		6048760D2B04C7D000A2FC80 /* ConsentProvider.swift in Sources */ = {isa = PBXBuildFile; fileRef = 6048759C2B04C7D000A2FC80 /* ConsentProvider.swift */; };
		6048760E2B04C7D000A2FC80 /* ConsentProviding.swift in Sources */ = {isa = PBXBuildFile; fileRef = 6048759D2B04C7D000A2FC80 /* ConsentProviding.swift */; };
		6048760F2B04C7D000A2FC80 /* SizeProvider.swift in Sources */ = {isa = PBXBuildFile; fileRef = 6048759E2B04C7D000A2FC80 /* SizeProvider.swift */; };
		604876102B04C7D000A2FC80 /* SizeProviding.swift in Sources */ = {isa = PBXBuildFile; fileRef = 6048759F2B04C7D000A2FC80 /* SizeProviding.swift */; };
		604876112B04C7D000A2FC80 /* ClientDecorator.swift in Sources */ = {isa = PBXBuildFile; fileRef = 604875A02B04C7D000A2FC80 /* ClientDecorator.swift */; };
		604876122B04C7D000A2FC80 /* UniqueIdentifierDecorator.swift in Sources */ = {isa = PBXBuildFile; fileRef = 604875A12B04C7D000A2FC80 /* UniqueIdentifierDecorator.swift */; };
		604876132B04C7D000A2FC80 /* ClientType.swift in Sources */ = {isa = PBXBuildFile; fileRef = 604875A32B04C7D000A2FC80 /* ClientType.swift */; };
		604876142B04C7D000A2FC80 /* UserData.swift in Sources */ = {isa = PBXBuildFile; fileRef = 604875A42B04C7D000A2FC80 /* UserData.swift */; };
		604876152B04C7D000A2FC80 /* AdAreaDecorator.swift in Sources */ = {isa = PBXBuildFile; fileRef = 604875A52B04C7D000A2FC80 /* AdAreaDecorator.swift */; };
		604876162B04C7D000A2FC80 /* TenantIdentifierDecorator.swift in Sources */ = {isa = PBXBuildFile; fileRef = 604875A62B04C7D000A2FC80 /* TenantIdentifierDecorator.swift */; };
		604876172B04C7D000A2FC80 /* SizeDecorator.swift in Sources */ = {isa = PBXBuildFile; fileRef = 604875A72B04C7D000A2FC80 /* SizeDecorator.swift */; };
		604876182B04C7D000A2FC80 /* Decorator.swift in Sources */ = {isa = PBXBuildFile; fileRef = 604875A82B04C7D000A2FC80 /* Decorator.swift */; };
		604876192B04C7D000A2FC80 /* EventResponse.swift in Sources */ = {isa = PBXBuildFile; fileRef = 604875AC2B04C7D000A2FC80 /* EventResponse.swift */; };
		6048761A2B04C7D000A2FC80 /* ArthemisResponse.swift in Sources */ = {isa = PBXBuildFile; fileRef = 604875AD2B04C7D000A2FC80 /* ArthemisResponse.swift */; };
		6048761B2B04C7D000A2FC80 /* IdentifyResponse.swift in Sources */ = {isa = PBXBuildFile; fileRef = 604875AE2B04C7D000A2FC80 /* IdentifyResponse.swift */; };
		6048761C2B04C7D000A2FC80 /* SendEventEndpoint.swift in Sources */ = {isa = PBXBuildFile; fileRef = 604875AF2B04C7D000A2FC80 /* SendEventEndpoint.swift */; };
		6048761D2B04C7D000A2FC80 /* IdentifyRequest.swift in Sources */ = {isa = PBXBuildFile; fileRef = 604875B12B04C7D000A2FC80 /* IdentifyRequest.swift */; };
		6048761E2B04C7D000A2FC80 /* EventRequest.swift in Sources */ = {isa = PBXBuildFile; fileRef = 604875B22B04C7D000A2FC80 /* EventRequest.swift */; };
		6048761F2B04C7D000A2FC80 /* ArtemisRequest.swift in Sources */ = {isa = PBXBuildFile; fileRef = 604875B32B04C7D000A2FC80 /* ArtemisRequest.swift */; };
		604876202B04C7D000A2FC80 /* IdentifyEndpoint.swift in Sources */ = {isa = PBXBuildFile; fileRef = 604875B42B04C7D000A2FC80 /* IdentifyEndpoint.swift */; };
		604876212B04C7D000A2FC80 /* ArtemisEndpoint.swift in Sources */ = {isa = PBXBuildFile; fileRef = 604875B52B04C7D000A2FC80 /* ArtemisEndpoint.swift */; };
		604876222B04C7D000A2FC80 /* APIService.swift in Sources */ = {isa = PBXBuildFile; fileRef = 604875B62B04C7D000A2FC80 /* APIService.swift */; };
		604876232B04C7D000A2FC80 /* BodableError.swift in Sources */ = {isa = PBXBuildFile; fileRef = 604875B82B04C7D000A2FC80 /* BodableError.swift */; };
		604876242B04C7D000A2FC80 /* HTTPMethod.swift in Sources */ = {isa = PBXBuildFile; fileRef = 604875B92B04C7D000A2FC80 /* HTTPMethod.swift */; };
		604876252B04C7D000A2FC80 /* ServiceError.swift in Sources */ = {isa = PBXBuildFile; fileRef = 604875BA2B04C7D000A2FC80 /* ServiceError.swift */; };
		604876262B04C7D000A2FC80 /* Profile.swift in Sources */ = {isa = PBXBuildFile; fileRef = 604875BC2B04C7D000A2FC80 /* Profile.swift */; };
		604876272B04C7D000A2FC80 /* EaUUID.swift in Sources */ = {isa = PBXBuildFile; fileRef = 604875BD2B04C7D000A2FC80 /* EaUUID.swift */; };
		604876282B04C7D000A2FC80 /* Event+API.swift in Sources */ = {isa = PBXBuildFile; fileRef = 604875BE2B04C7D000A2FC80 /* Event+API.swift */; };
		604876292B04C7D000A2FC80 /* User.swift in Sources */ = {isa = PBXBuildFile; fileRef = 604875BF2B04C7D000A2FC80 /* User.swift */; };
		6048762A2B04C7D000A2FC80 /* IdsWithLifetime.swift in Sources */ = {isa = PBXBuildFile; fileRef = 604875C02B04C7D000A2FC80 /* IdsWithLifetime.swift */; };
		6048762B2B04C7D000A2FC80 /* UserAgent.swift in Sources */ = {isa = PBXBuildFile; fileRef = 604875C12B04C7D000A2FC80 /* UserAgent.swift */; };
		6048762C2B04C7D000A2FC80 /* Service.swift in Sources */ = {isa = PBXBuildFile; fileRef = 604875C32B04C7D000A2FC80 /* Service.swift */; };
		6048762D2B04C7D000A2FC80 /* Bodable.swift in Sources */ = {isa = PBXBuildFile; fileRef = 604875C42B04C7D000A2FC80 /* Bodable.swift */; };
		6048762E2B04C7D000A2FC80 /* NetworkService.swift in Sources */ = {isa = PBXBuildFile; fileRef = 604875C52B04C7D000A2FC80 /* NetworkService.swift */; };
		6048762F2B04C7D000A2FC80 /* Endpoint.swift in Sources */ = {isa = PBXBuildFile; fileRef = 604875C62B04C7D000A2FC80 /* Endpoint.swift */; };
		604876302B04C7D000A2FC80 /* EventsFactory.swift in Sources */ = {isa = PBXBuildFile; fileRef = 604875C72B04C7D000A2FC80 /* EventsFactory.swift */; };
		604876312B04C7D000A2FC80 /* StoredValueInUserDefaults.swift in Sources */ = {isa = PBXBuildFile; fileRef = 604875C92B04C7D000A2FC80 /* StoredValueInUserDefaults.swift */; };
		604876322B04C7D000A2FC80 /* AtomicArray.swift in Sources */ = {isa = PBXBuildFile; fileRef = 604875CA2B04C7D000A2FC80 /* AtomicArray.swift */; };
		604876332B04C7D000A2FC80 /* TrackingStorage.swift in Sources */ = {isa = PBXBuildFile; fileRef = 604875CC2B04C7D000A2FC80 /* TrackingStorage.swift */; };
		604876342B04C7D000A2FC80 /* UserDefaultsStorage.swift in Sources */ = {isa = PBXBuildFile; fileRef = 604875CD2B04C7D000A2FC80 /* UserDefaultsStorage.swift */; };
		604876352B04C7D000A2FC80 /* DispatchQueue+BackgroundTimer.swift in Sources */ = {isa = PBXBuildFile; fileRef = 604875CF2B04C7D000A2FC80 /* DispatchQueue+BackgroundTimer.swift */; };
		604876362B04C7D000A2FC80 /* VideoContentCategory+ParameterName.swift in Sources */ = {isa = PBXBuildFile; fileRef = 604875D02B04C7D000A2FC80 /* VideoContentCategory+ParameterName.swift */; };
		604876372B04C7D000A2FC80 /* Dictionary+JSON.swift in Sources */ = {isa = PBXBuildFile; fileRef = 604875D12B04C7D000A2FC80 /* Dictionary+JSON.swift */; };
		604876382B04C7D000A2FC80 /* ContentMetadata+DX.swift in Sources */ = {isa = PBXBuildFile; fileRef = 604875D22B04C7D000A2FC80 /* ContentMetadata+DX.swift */; };
		604876392B04C7D000A2FC80 /* VideoVisibility+ParameterName.swift in Sources */ = {isa = PBXBuildFile; fileRef = 604875D32B04C7D000A2FC80 /* VideoVisibility+ParameterName.swift */; };
		6048763A2B04C7D000A2FC80 /* VideoEvent+VE.swift in Sources */ = {isa = PBXBuildFile; fileRef = 604875D42B04C7D000A2FC80 /* VideoEvent+VE.swift */; };
		6048763B2B04C7D000A2FC80 /* String+MD5.swift in Sources */ = {isa = PBXBuildFile; fileRef = 604875D52B04C7D000A2FC80 /* String+MD5.swift */; };
		6048763C2B04C7D000A2FC80 /* VideoStartMode+ParameterName.swift in Sources */ = {isa = PBXBuildFile; fileRef = 604875D62B04C7D000A2FC80 /* VideoStartMode+ParameterName.swift */; };
		6048763D2B04C7D000A2FC80 /* VideoAdsConfiguration+ParameterName.swift in Sources */ = {isa = PBXBuildFile; fileRef = 604875D72B04C7D000A2FC80 /* VideoAdsConfiguration+ParameterName.swift */; };
		6048763E2B04C7D000A2FC80 /* VideoStreamFormat+ParameterName.swift in Sources */ = {isa = PBXBuildFile; fileRef = 604875D82B04C7D000A2FC80 /* VideoStreamFormat+ParameterName.swift */; };
		6048763F2B04C7D000A2FC80 /* VendorManager.swift in Sources */ = {isa = PBXBuildFile; fileRef = 604875DA2B04C7D000A2FC80 /* VendorManager.swift */; };
		604876402B04C7D000A2FC80 /* AnalyticsSystem.swift in Sources */ = {isa = PBXBuildFile; fileRef = 604875DB2B04C7D000A2FC80 /* AnalyticsSystem.swift */; };
		604876412B04C7D000A2FC80 /* EventType.swift in Sources */ = {isa = PBXBuildFile; fileRef = 604875DC2B04C7D000A2FC80 /* EventType.swift */; };
		604876422B04C7D000A2FC80 /* UserActionParameter.swift in Sources */ = {isa = PBXBuildFile; fileRef = 604875DD2B04C7D000A2FC80 /* UserActionParameter.swift */; };
		604876432B04C7D000A2FC80 /* VendorIdentifiable.swift in Sources */ = {isa = PBXBuildFile; fileRef = 604875DE2B04C7D000A2FC80 /* VendorIdentifiable.swift */; };
		604876442B04C7D000A2FC80 /* KeepAliveMetadata.swift in Sources */ = {isa = PBXBuildFile; fileRef = 604875E02B04C7D000A2FC80 /* KeepAliveMetadata.swift */; };
		604876452B04C7D000A2FC80 /* KeepAliveMeasureType.swift in Sources */ = {isa = PBXBuildFile; fileRef = 604875E12B04C7D000A2FC80 /* KeepAliveMeasureType.swift */; };
		604876462B04C7D000A2FC80 /* KeepAliveManagerDelegate.swift in Sources */ = {isa = PBXBuildFile; fileRef = 604875E22B04C7D000A2FC80 /* KeepAliveManagerDelegate.swift */; };
		604876472B04C7D000A2FC80 /* KeepAliveManager.swift in Sources */ = {isa = PBXBuildFile; fileRef = 604875E32B04C7D000A2FC80 /* KeepAliveManager.swift */; };
		604876482B04C7D000A2FC80 /* KeepAliveIntervalsProvider.swift in Sources */ = {isa = PBXBuildFile; fileRef = 604875E42B04C7D000A2FC80 /* KeepAliveIntervalsProvider.swift */; };
		604876492B04C7D000A2FC80 /* EventsQueueManager.swift in Sources */ = {isa = PBXBuildFile; fileRef = 604875E62B04C7D000A2FC80 /* EventsQueueManager.swift */; };
		6048764A2B04C7D000A2FC80 /* EventsServiceDelegate.swift in Sources */ = {isa = PBXBuildFile; fileRef = 604875E72B04C7D000A2FC80 /* EventsServiceDelegate.swift */; };
		6048764B2B04C7D000A2FC80 /* EventsService.swift in Sources */ = {isa = PBXBuildFile; fileRef = 604875E82B04C7D000A2FC80 /* EventsService.swift */; };
		6048764C2B04C7D000A2FC80 /* EventsQueueManagerDelegate.swift in Sources */ = {isa = PBXBuildFile; fileRef = 604875E92B04C7D000A2FC80 /* EventsQueueManagerDelegate.swift */; };
		6048764D2B04C7D000A2FC80 /* Operationable.swift in Sources */ = {isa = PBXBuildFile; fileRef = 604875EA2B04C7D000A2FC80 /* Operationable.swift */; };
		6048764E2B04C7D000A2FC80 /* TrackingIdentifierError+ServiceError.swift in Sources */ = {isa = PBXBuildFile; fileRef = 604875EB2B04C7D000A2FC80 /* TrackingIdentifierError+ServiceError.swift */; };
		7D1A2B6426E796C000648882 /* StoredValueInUserDefaultsTests.swift in Sources */ = {isa = PBXBuildFile; fileRef = 7D1A2B6326E796C000648882 /* StoredValueInUserDefaultsTests.swift */; };
		7D1C1B4726E657430051A267 /* AppDelegate.swift in Sources */ = {isa = PBXBuildFile; fileRef = 7D1C1B4626E657430051A267 /* AppDelegate.swift */; };
		7D34D08C27BFA9950045CCE0 /* AtomicArrayTests.swift in Sources */ = {isa = PBXBuildFile; fileRef = 7D34D08B27BFA9950045CCE0 /* AtomicArrayTests.swift */; };
		7D7D5B8B26FCA3DF00B79FDD /* SampleArticle.swift in Sources */ = {isa = PBXBuildFile; fileRef = 7D7D5B7A26FCA3DF00B79FDD /* SampleArticle.swift */; };
		7D7D5B8C26FCA3DF00B79FDD /* ScreenTrackingData.swift in Sources */ = {isa = PBXBuildFile; fileRef = 7D7D5B7B26FCA3DF00B79FDD /* ScreenTrackingData.swift */; };
		7D7D5B8D26FCA3DF00B79FDD /* Assets.xcassets in Resources */ = {isa = PBXBuildFile; fileRef = 7D7D5B7D26FCA3DF00B79FDD /* Assets.xcassets */; };
		7D7D5B8E26FCA3DF00B79FDD /* LaunchScreen.storyboard in Resources */ = {isa = PBXBuildFile; fileRef = 7D7D5B7E26FCA3DF00B79FDD /* LaunchScreen.storyboard */; };
		7D7D5B8F26FCA3DF00B79FDD /* Main.storyboard in Resources */ = {isa = PBXBuildFile; fileRef = 7D7D5B8026FCA3DF00B79FDD /* Main.storyboard */; };
		7D7D5B9026FCA3DF00B79FDD /* ListViewController.swift in Sources */ = {isa = PBXBuildFile; fileRef = 7D7D5B8326FCA3DF00B79FDD /* ListViewController.swift */; };
		7D7D5B9126FCA3DF00B79FDD /* DetailViewController.swift in Sources */ = {isa = PBXBuildFile; fileRef = 7D7D5B8426FCA3DF00B79FDD /* DetailViewController.swift */; };
		7D7D5B9226FCA3DF00B79FDD /* NonContentViewController.swift in Sources */ = {isa = PBXBuildFile; fileRef = 7D7D5B8526FCA3DF00B79FDD /* NonContentViewController.swift */; };
		7D7D5B9326FCA3DF00B79FDD /* HomeViewController.swift in Sources */ = {isa = PBXBuildFile; fileRef = 7D7D5B8626FCA3DF00B79FDD /* HomeViewController.swift */; };
		7D7D5B9426FCA3DF00B79FDD /* ActionsViewController.swift in Sources */ = {isa = PBXBuildFile; fileRef = 7D7D5B8726FCA3DF00B79FDD /* ActionsViewController.swift */; };
		7D7D5B9526FCA3DF00B79FDD /* PagerViewController.swift in Sources */ = {isa = PBXBuildFile; fileRef = 7D7D5B8926FCA3DF00B79FDD /* PagerViewController.swift */; };
		7D7D5B9626FCA3DF00B79FDD /* TraceableScreen.swift in Sources */ = {isa = PBXBuildFile; fileRef = 7D7D5B8A26FCA3DF00B79FDD /* TraceableScreen.swift */; };
		7DE4453B26E8913900A93431 /* LoggerTests.swift in Sources */ = {isa = PBXBuildFile; fileRef = 7DE4453A26E8913900A93431 /* LoggerTests.swift */; };
		854F1289D6E3FA4BC790018B /* Pods_RingPublishingTracking_Example.framework in Frameworks */ = {isa = PBXBuildFile; fileRef = BF2945259492AA544792B04F /* Pods_RingPublishingTracking_Example.framework */; };
/* End PBXBuildFile section */

/* Begin PBXContainerItemProxy section */
		7D1C1B5A26E657460051A267 /* PBXContainerItemProxy */ = {
			isa = PBXContainerItemProxy;
			containerPortal = 7D1C1B3B26E657430051A267 /* Project object */;
			proxyType = 1;
			remoteGlobalIDString = 7D1C1B4226E657430051A267;
			remoteInfo = RingPublishingTracking;
		};
/* End PBXContainerItemProxy section */

/* Begin PBXFileReference section */
		18028B7103996E83DEE225F1 /* Pods-RingPublishingTracking-Example.debug.xcconfig */ = {isa = PBXFileReference; includeInIndex = 1; lastKnownFileType = text.xcconfig; name = "Pods-RingPublishingTracking-Example.debug.xcconfig"; path = "Target Support Files/Pods-RingPublishingTracking-Example/Pods-RingPublishingTracking-Example.debug.xcconfig"; sourceTree = "<group>"; };
		204EAED2270EF5EB009E2F0D /* DecoratorTests.swift */ = {isa = PBXFileReference; lastKnownFileType = sourcecode.swift; path = DecoratorTests.swift; sourceTree = "<group>"; };
		204EAEE1270F0FF0009E2F0D /* SizeProviderStub.swift */ = {isa = PBXFileReference; lastKnownFileType = sourcecode.swift; path = SizeProviderStub.swift; sourceTree = "<group>"; };
		204EAEE3270F0FFE009E2F0D /* ConsentProviderStub.swift */ = {isa = PBXFileReference; lastKnownFileType = sourcecode.swift; path = ConsentProviderStub.swift; sourceTree = "<group>"; };
		204EAEEC270F12B7009E2F0D /* VendorManagerTests.swift */ = {isa = PBXFileReference; lastKnownFileType = sourcecode.swift; path = VendorManagerTests.swift; sourceTree = "<group>"; };
		204EAEEE270F1313009E2F0D /* VendorIdentifierProviderMock.swift */ = {isa = PBXFileReference; lastKnownFileType = sourcecode.swift; path = VendorIdentifierProviderMock.swift; sourceTree = "<group>"; };
		204EAEFA2710F57B009E2F0D /* EventsFactoryTests.swift */ = {isa = PBXFileReference; lastKnownFileType = sourcecode.swift; path = EventsFactoryTests.swift; sourceTree = "<group>"; };
		204EAEFC27143837009E2F0D /* UserManagerTests.swift */ = {isa = PBXFileReference; lastKnownFileType = sourcecode.swift; path = UserManagerTests.swift; sourceTree = "<group>"; };
		204EAF0A2718DA95009E2F0D /* MD5Tests.swift */ = {isa = PBXFileReference; lastKnownFileType = sourcecode.swift; path = MD5Tests.swift; sourceTree = "<group>"; };
		204EAF1B271DB4C3009E2F0D /* AureusTests.swift */ = {isa = PBXFileReference; lastKnownFileType = sourcecode.swift; path = AureusTests.swift; sourceTree = "<group>"; };
		204EAF1D271EE53C009E2F0D /* KeepAliveTests.swift */ = {isa = PBXFileReference; lastKnownFileType = sourcecode.swift; path = KeepAliveTests.swift; sourceTree = "<group>"; };
		204EAF1F271EE5A2009E2F0D /* KeepAliveIntervalsProviderTests.swift */ = {isa = PBXFileReference; lastKnownFileType = sourcecode.swift; path = KeepAliveIntervalsProviderTests.swift; sourceTree = "<group>"; };
		204EAF21271F1884009E2F0D /* KeepAliveDataSourceStub.swift */ = {isa = PBXFileReference; lastKnownFileType = sourcecode.swift; path = KeepAliveDataSourceStub.swift; sourceTree = "<group>"; };
		204EAF23271F18AB009E2F0D /* KeepAliveManagerDelegateMock.swift */ = {isa = PBXFileReference; lastKnownFileType = sourcecode.swift; path = KeepAliveManagerDelegateMock.swift; sourceTree = "<group>"; };
		204EAF2D272939CB009E2F0D /* ConsentProviderTests.swift */ = {isa = PBXFileReference; lastKnownFileType = sourcecode.swift; path = ConsentProviderTests.swift; sourceTree = "<group>"; };
		204EAF2F27293B08009E2F0D /* RingPublishingTrackingTests.swift */ = {isa = PBXFileReference; lastKnownFileType = sourcecode.swift; path = RingPublishingTrackingTests.swift; sourceTree = "<group>"; };
		204EAF31272944A4009E2F0D /* RingPublishingTrackingConfigurationTests.swift */ = {isa = PBXFileReference; lastKnownFileType = sourcecode.swift; path = RingPublishingTrackingConfigurationTests.swift; sourceTree = "<group>"; };
		204EAF332729469A009E2F0D /* IdentifyResponseTests.swift */ = {isa = PBXFileReference; lastKnownFileType = sourcecode.swift; path = IdentifyResponseTests.swift; sourceTree = "<group>"; };
		204EAF3527294BF7009E2F0D /* EventTests.swift */ = {isa = PBXFileReference; lastKnownFileType = sourcecode.swift; path = EventTests.swift; sourceTree = "<group>"; };
		204EAF37272A7917009E2F0D /* RingPublishingTrackingDelegateMock.swift */ = {isa = PBXFileReference; lastKnownFileType = sourcecode.swift; path = RingPublishingTrackingDelegateMock.swift; sourceTree = "<group>"; };
		208832092702924D00EA53FD /* XCTestCase+Helpers.swift */ = {isa = PBXFileReference; lastKnownFileType = sourcecode.swift; path = "XCTestCase+Helpers.swift"; sourceTree = "<group>"; };
		2088321227046EB100EA53FD /* EventsServiceTests.swift */ = {isa = PBXFileReference; lastKnownFileType = sourcecode.swift; path = EventsServiceTests.swift; sourceTree = "<group>"; };
		208CD61926F9B276006A406C /* EventsQueueManagerTests.swift */ = {isa = PBXFileReference; lastKnownFileType = sourcecode.swift; path = EventsQueueManagerTests.swift; sourceTree = "<group>"; };
		208CD61B26F9B3C0006A406C /* StaticStorage.swift */ = {isa = PBXFileReference; lastKnownFileType = sourcecode.swift; path = StaticStorage.swift; sourceTree = "<group>"; };
		208CD61D26F9BADA006A406C /* DictionaryTests.swift */ = {isa = PBXFileReference; lastKnownFileType = sourcecode.swift; path = DictionaryTests.swift; sourceTree = "<group>"; };
		20C2394826F22238005A734A /* EndpointTests.swift */ = {isa = PBXFileReference; fileEncoding = 4; lastKnownFileType = sourcecode.swift; path = EndpointTests.swift; sourceTree = "<group>"; };
		20C2394926F22238005A734A /* NetworkSessionMock.swift */ = {isa = PBXFileReference; fileEncoding = 4; lastKnownFileType = sourcecode.swift; path = NetworkSessionMock.swift; sourceTree = "<group>"; };
		20C2394A26F22238005A734A /* APIServiceTests.swift */ = {isa = PBXFileReference; fileEncoding = 4; lastKnownFileType = sourcecode.swift; path = APIServiceTests.swift; sourceTree = "<group>"; };
		2278D1C8F7C5BBD725418D51 /* Pods-RingPublishingTrackingTests.debug.xcconfig */ = {isa = PBXFileReference; includeInIndex = 1; lastKnownFileType = text.xcconfig; name = "Pods-RingPublishingTrackingTests.debug.xcconfig"; path = "Target Support Files/Pods-RingPublishingTrackingTests/Pods-RingPublishingTrackingTests.debug.xcconfig"; sourceTree = "<group>"; };
		604875752B04C7D000A2FC80 /* RingPublishingTracking.swift */ = {isa = PBXFileReference; fileEncoding = 4; lastKnownFileType = sourcecode.swift; path = RingPublishingTracking.swift; sourceTree = "<group>"; };
		604875762B04C7D000A2FC80 /* RingPublishingTrackingKeepAliveDataSource.swift */ = {isa = PBXFileReference; fileEncoding = 4; lastKnownFileType = sourcecode.swift; path = RingPublishingTrackingKeepAliveDataSource.swift; sourceTree = "<group>"; };
		604875772B04C7D000A2FC80 /* RingPublishingTrackingDelegate.swift */ = {isa = PBXFileReference; fileEncoding = 4; lastKnownFileType = sourcecode.swift; path = RingPublishingTrackingDelegate.swift; sourceTree = "<group>"; };
		604875782B04C7D000A2FC80 /* RingPublishingTracking+Aureus.swift */ = {isa = PBXFileReference; fileEncoding = 4; lastKnownFileType = sourcecode.swift; path = "RingPublishingTracking+Aureus.swift"; sourceTree = "<group>"; };
		604875792B04C7D000A2FC80 /* RingPublishingTrackingConfiguration.swift */ = {isa = PBXFileReference; fileEncoding = 4; lastKnownFileType = sourcecode.swift; path = RingPublishingTrackingConfiguration.swift; sourceTree = "<group>"; };
		6048757B2B04C7D000A2FC80 /* VideoStartMode.swift */ = {isa = PBXFileReference; fileEncoding = 4; lastKnownFileType = sourcecode.swift; path = VideoStartMode.swift; sourceTree = "<group>"; };
		6048757C2B04C7D000A2FC80 /* ContentPageViewSource.swift */ = {isa = PBXFileReference; fileEncoding = 4; lastKnownFileType = sourcecode.swift; path = ContentPageViewSource.swift; sourceTree = "<group>"; };
		6048757D2B04C7D000A2FC80 /* VideoStreamFormat.swift */ = {isa = PBXFileReference; fileEncoding = 4; lastKnownFileType = sourcecode.swift; path = VideoStreamFormat.swift; sourceTree = "<group>"; };
		6048757E2B04C7D000A2FC80 /* Event.swift */ = {isa = PBXFileReference; fileEncoding = 4; lastKnownFileType = sourcecode.swift; path = Event.swift; sourceTree = "<group>"; };
		6048757F2B04C7D000A2FC80 /* VideoState.swift */ = {isa = PBXFileReference; fileEncoding = 4; lastKnownFileType = sourcecode.swift; path = VideoState.swift; sourceTree = "<group>"; };
		604875802B04C7D000A2FC80 /* VideoEvent.swift */ = {isa = PBXFileReference; fileEncoding = 4; lastKnownFileType = sourcecode.swift; path = VideoEvent.swift; sourceTree = "<group>"; };
		604875812B04C7D000A2FC80 /* VideoContentCategory.swift */ = {isa = PBXFileReference; fileEncoding = 4; lastKnownFileType = sourcecode.swift; path = VideoContentCategory.swift; sourceTree = "<group>"; };
		604875822B04C7D000A2FC80 /* ArtemisExternal.swift */ = {isa = PBXFileReference; fileEncoding = 4; lastKnownFileType = sourcecode.swift; path = ArtemisExternal.swift; sourceTree = "<group>"; };
		604875832B04C7D000A2FC80 /* VideoAdsConfiguration.swift */ = {isa = PBXFileReference; fileEncoding = 4; lastKnownFileType = sourcecode.swift; path = VideoAdsConfiguration.swift; sourceTree = "<group>"; };
		604875842B04C7D000A2FC80 /* TrackingIdentifierError.swift */ = {isa = PBXFileReference; fileEncoding = 4; lastKnownFileType = sourcecode.swift; path = TrackingIdentifierError.swift; sourceTree = "<group>"; };
		604875852B04C7D000A2FC80 /* ContentMetadata.swift */ = {isa = PBXFileReference; fileEncoding = 4; lastKnownFileType = sourcecode.swift; path = ContentMetadata.swift; sourceTree = "<group>"; };
		604875862B04C7D000A2FC80 /* VideoMetadata.swift */ = {isa = PBXFileReference; fileEncoding = 4; lastKnownFileType = sourcecode.swift; path = VideoMetadata.swift; sourceTree = "<group>"; };
		604875872B04C7D000A2FC80 /* ArtemisIdentifier.swift */ = {isa = PBXFileReference; fileEncoding = 4; lastKnownFileType = sourcecode.swift; path = ArtemisIdentifier.swift; sourceTree = "<group>"; };
		604875882B04C7D000A2FC80 /* ArtemisID.swift */ = {isa = PBXFileReference; fileEncoding = 4; lastKnownFileType = sourcecode.swift; path = ArtemisID.swift; sourceTree = "<group>"; };
		604875892B04C7D000A2FC80 /* VideoVisibility.swift */ = {isa = PBXFileReference; fileEncoding = 4; lastKnownFileType = sourcecode.swift; path = VideoVisibility.swift; sourceTree = "<group>"; };
		6048758A2B04C7D000A2FC80 /* TrackingIdentifier.swift */ = {isa = PBXFileReference; fileEncoding = 4; lastKnownFileType = sourcecode.swift; path = TrackingIdentifier.swift; sourceTree = "<group>"; };
		6048758B2B04C7D000A2FC80 /* RingPublishingTracking+CurrentState.swift */ = {isa = PBXFileReference; fileEncoding = 4; lastKnownFileType = sourcecode.swift; path = "RingPublishingTracking+CurrentState.swift"; sourceTree = "<group>"; };
		6048758C2B04C7D000A2FC80 /* RingPublishingTracking+Video.swift */ = {isa = PBXFileReference; fileEncoding = 4; lastKnownFileType = sourcecode.swift; path = "RingPublishingTracking+Video.swift"; sourceTree = "<group>"; };
		6048758D2B04C7D000A2FC80 /* RingPublishingTracking+ContentPerformanceMonitor.swift */ = {isa = PBXFileReference; fileEncoding = 4; lastKnownFileType = sourcecode.swift; path = "RingPublishingTracking+ContentPerformanceMonitor.swift"; sourceTree = "<group>"; };
		6048758F2B04C7D000A2FC80 /* Constants.swift */ = {isa = PBXFileReference; fileEncoding = 4; lastKnownFileType = sourcecode.swift; path = Constants.swift; sourceTree = "<group>"; };
		604875902B04C7D000A2FC80 /* UserManager.swift */ = {isa = PBXFileReference; fileEncoding = 4; lastKnownFileType = sourcecode.swift; path = UserManager.swift; sourceTree = "<group>"; };
		604875912B04C7D000A2FC80 /* RingPublishingTracking+EventsServiceDelegate.swift */ = {isa = PBXFileReference; fileEncoding = 4; lastKnownFileType = sourcecode.swift; path = "RingPublishingTracking+EventsServiceDelegate.swift"; sourceTree = "<group>"; };
		604875922B04C7D000A2FC80 /* RingPublishingTracking+KeepAliveManagerDelegate.swift */ = {isa = PBXFileReference; fileEncoding = 4; lastKnownFileType = sourcecode.swift; path = "RingPublishingTracking+KeepAliveManagerDelegate.swift"; sourceTree = "<group>"; };
		604875932B04C7D000A2FC80 /* OperationMode.swift */ = {isa = PBXFileReference; fileEncoding = 4; lastKnownFileType = sourcecode.swift; path = OperationMode.swift; sourceTree = "<group>"; };
		604875952B04C7D000A2FC80 /* Logger.swift */ = {isa = PBXFileReference; fileEncoding = 4; lastKnownFileType = sourcecode.swift; path = Logger.swift; sourceTree = "<group>"; };
		604875962B04C7D000A2FC80 /* Optional+Logable.swift */ = {isa = PBXFileReference; fileEncoding = 4; lastKnownFileType = sourcecode.swift; path = "Optional+Logable.swift"; sourceTree = "<group>"; };
		604875992B04C7D000A2FC80 /* UserDataDecorator.swift */ = {isa = PBXFileReference; fileEncoding = 4; lastKnownFileType = sourcecode.swift; path = UserDataDecorator.swift; sourceTree = "<group>"; };
		6048759A2B04C7D000A2FC80 /* StructureInfoDecorator.swift */ = {isa = PBXFileReference; fileEncoding = 4; lastKnownFileType = sourcecode.swift; path = StructureInfoDecorator.swift; sourceTree = "<group>"; };
		6048759C2B04C7D000A2FC80 /* ConsentProvider.swift */ = {isa = PBXFileReference; fileEncoding = 4; lastKnownFileType = sourcecode.swift; path = ConsentProvider.swift; sourceTree = "<group>"; };
		6048759D2B04C7D000A2FC80 /* ConsentProviding.swift */ = {isa = PBXFileReference; fileEncoding = 4; lastKnownFileType = sourcecode.swift; path = ConsentProviding.swift; sourceTree = "<group>"; };
		6048759E2B04C7D000A2FC80 /* SizeProvider.swift */ = {isa = PBXFileReference; fileEncoding = 4; lastKnownFileType = sourcecode.swift; path = SizeProvider.swift; sourceTree = "<group>"; };
		6048759F2B04C7D000A2FC80 /* SizeProviding.swift */ = {isa = PBXFileReference; fileEncoding = 4; lastKnownFileType = sourcecode.swift; path = SizeProviding.swift; sourceTree = "<group>"; };
		604875A02B04C7D000A2FC80 /* ClientDecorator.swift */ = {isa = PBXFileReference; fileEncoding = 4; lastKnownFileType = sourcecode.swift; path = ClientDecorator.swift; sourceTree = "<group>"; };
		604875A12B04C7D000A2FC80 /* UniqueIdentifierDecorator.swift */ = {isa = PBXFileReference; fileEncoding = 4; lastKnownFileType = sourcecode.swift; path = UniqueIdentifierDecorator.swift; sourceTree = "<group>"; };
		604875A32B04C7D000A2FC80 /* ClientType.swift */ = {isa = PBXFileReference; fileEncoding = 4; lastKnownFileType = sourcecode.swift; path = ClientType.swift; sourceTree = "<group>"; };
		604875A42B04C7D000A2FC80 /* UserData.swift */ = {isa = PBXFileReference; fileEncoding = 4; lastKnownFileType = sourcecode.swift; path = UserData.swift; sourceTree = "<group>"; };
		604875A52B04C7D000A2FC80 /* AdAreaDecorator.swift */ = {isa = PBXFileReference; fileEncoding = 4; lastKnownFileType = sourcecode.swift; path = AdAreaDecorator.swift; sourceTree = "<group>"; };
		604875A62B04C7D000A2FC80 /* TenantIdentifierDecorator.swift */ = {isa = PBXFileReference; fileEncoding = 4; lastKnownFileType = sourcecode.swift; path = TenantIdentifierDecorator.swift; sourceTree = "<group>"; };
		604875A72B04C7D000A2FC80 /* SizeDecorator.swift */ = {isa = PBXFileReference; fileEncoding = 4; lastKnownFileType = sourcecode.swift; path = SizeDecorator.swift; sourceTree = "<group>"; };
		604875A82B04C7D000A2FC80 /* Decorator.swift */ = {isa = PBXFileReference; fileEncoding = 4; lastKnownFileType = sourcecode.swift; path = Decorator.swift; sourceTree = "<group>"; };
		604875AC2B04C7D000A2FC80 /* EventResponse.swift */ = {isa = PBXFileReference; fileEncoding = 4; lastKnownFileType = sourcecode.swift; path = EventResponse.swift; sourceTree = "<group>"; };
		604875AD2B04C7D000A2FC80 /* ArthemisResponse.swift */ = {isa = PBXFileReference; fileEncoding = 4; lastKnownFileType = sourcecode.swift; path = ArthemisResponse.swift; sourceTree = "<group>"; };
		604875AE2B04C7D000A2FC80 /* IdentifyResponse.swift */ = {isa = PBXFileReference; fileEncoding = 4; lastKnownFileType = sourcecode.swift; path = IdentifyResponse.swift; sourceTree = "<group>"; };
		604875AF2B04C7D000A2FC80 /* SendEventEndpoint.swift */ = {isa = PBXFileReference; fileEncoding = 4; lastKnownFileType = sourcecode.swift; path = SendEventEndpoint.swift; sourceTree = "<group>"; };
		604875B12B04C7D000A2FC80 /* IdentifyRequest.swift */ = {isa = PBXFileReference; fileEncoding = 4; lastKnownFileType = sourcecode.swift; path = IdentifyRequest.swift; sourceTree = "<group>"; };
		604875B22B04C7D000A2FC80 /* EventRequest.swift */ = {isa = PBXFileReference; fileEncoding = 4; lastKnownFileType = sourcecode.swift; path = EventRequest.swift; sourceTree = "<group>"; };
		604875B32B04C7D000A2FC80 /* ArtemisRequest.swift */ = {isa = PBXFileReference; fileEncoding = 4; lastKnownFileType = sourcecode.swift; path = ArtemisRequest.swift; sourceTree = "<group>"; };
		604875B42B04C7D000A2FC80 /* IdentifyEndpoint.swift */ = {isa = PBXFileReference; fileEncoding = 4; lastKnownFileType = sourcecode.swift; path = IdentifyEndpoint.swift; sourceTree = "<group>"; };
		604875B52B04C7D000A2FC80 /* ArtemisEndpoint.swift */ = {isa = PBXFileReference; fileEncoding = 4; lastKnownFileType = sourcecode.swift; path = ArtemisEndpoint.swift; sourceTree = "<group>"; };
		604875B62B04C7D000A2FC80 /* APIService.swift */ = {isa = PBXFileReference; fileEncoding = 4; lastKnownFileType = sourcecode.swift; path = APIService.swift; sourceTree = "<group>"; };
		604875B82B04C7D000A2FC80 /* BodableError.swift */ = {isa = PBXFileReference; fileEncoding = 4; lastKnownFileType = sourcecode.swift; path = BodableError.swift; sourceTree = "<group>"; };
		604875B92B04C7D000A2FC80 /* HTTPMethod.swift */ = {isa = PBXFileReference; fileEncoding = 4; lastKnownFileType = sourcecode.swift; path = HTTPMethod.swift; sourceTree = "<group>"; };
		604875BA2B04C7D000A2FC80 /* ServiceError.swift */ = {isa = PBXFileReference; fileEncoding = 4; lastKnownFileType = sourcecode.swift; path = ServiceError.swift; sourceTree = "<group>"; };
		604875BC2B04C7D000A2FC80 /* Profile.swift */ = {isa = PBXFileReference; fileEncoding = 4; lastKnownFileType = sourcecode.swift; path = Profile.swift; sourceTree = "<group>"; };
		604875BD2B04C7D000A2FC80 /* EaUUID.swift */ = {isa = PBXFileReference; fileEncoding = 4; lastKnownFileType = sourcecode.swift; path = EaUUID.swift; sourceTree = "<group>"; };
		604875BE2B04C7D000A2FC80 /* Event+API.swift */ = {isa = PBXFileReference; fileEncoding = 4; lastKnownFileType = sourcecode.swift; path = "Event+API.swift"; sourceTree = "<group>"; };
		604875BF2B04C7D000A2FC80 /* User.swift */ = {isa = PBXFileReference; fileEncoding = 4; lastKnownFileType = sourcecode.swift; path = User.swift; sourceTree = "<group>"; };
		604875C02B04C7D000A2FC80 /* IdsWithLifetime.swift */ = {isa = PBXFileReference; fileEncoding = 4; lastKnownFileType = sourcecode.swift; path = IdsWithLifetime.swift; sourceTree = "<group>"; };
		604875C12B04C7D000A2FC80 /* UserAgent.swift */ = {isa = PBXFileReference; fileEncoding = 4; lastKnownFileType = sourcecode.swift; path = UserAgent.swift; sourceTree = "<group>"; };
		604875C32B04C7D000A2FC80 /* Service.swift */ = {isa = PBXFileReference; fileEncoding = 4; lastKnownFileType = sourcecode.swift; path = Service.swift; sourceTree = "<group>"; };
		604875C42B04C7D000A2FC80 /* Bodable.swift */ = {isa = PBXFileReference; fileEncoding = 4; lastKnownFileType = sourcecode.swift; path = Bodable.swift; sourceTree = "<group>"; };
		604875C52B04C7D000A2FC80 /* NetworkService.swift */ = {isa = PBXFileReference; fileEncoding = 4; lastKnownFileType = sourcecode.swift; path = NetworkService.swift; sourceTree = "<group>"; };
		604875C62B04C7D000A2FC80 /* Endpoint.swift */ = {isa = PBXFileReference; fileEncoding = 4; lastKnownFileType = sourcecode.swift; path = Endpoint.swift; sourceTree = "<group>"; };
		604875C72B04C7D000A2FC80 /* EventsFactory.swift */ = {isa = PBXFileReference; fileEncoding = 4; lastKnownFileType = sourcecode.swift; path = EventsFactory.swift; sourceTree = "<group>"; };
		604875C92B04C7D000A2FC80 /* StoredValueInUserDefaults.swift */ = {isa = PBXFileReference; fileEncoding = 4; lastKnownFileType = sourcecode.swift; path = StoredValueInUserDefaults.swift; sourceTree = "<group>"; };
		604875CA2B04C7D000A2FC80 /* AtomicArray.swift */ = {isa = PBXFileReference; fileEncoding = 4; lastKnownFileType = sourcecode.swift; path = AtomicArray.swift; sourceTree = "<group>"; };
		604875CC2B04C7D000A2FC80 /* TrackingStorage.swift */ = {isa = PBXFileReference; fileEncoding = 4; lastKnownFileType = sourcecode.swift; path = TrackingStorage.swift; sourceTree = "<group>"; };
		604875CD2B04C7D000A2FC80 /* UserDefaultsStorage.swift */ = {isa = PBXFileReference; fileEncoding = 4; lastKnownFileType = sourcecode.swift; path = UserDefaultsStorage.swift; sourceTree = "<group>"; };
		604875CF2B04C7D000A2FC80 /* DispatchQueue+BackgroundTimer.swift */ = {isa = PBXFileReference; fileEncoding = 4; lastKnownFileType = sourcecode.swift; path = "DispatchQueue+BackgroundTimer.swift"; sourceTree = "<group>"; };
		604875D02B04C7D000A2FC80 /* VideoContentCategory+ParameterName.swift */ = {isa = PBXFileReference; fileEncoding = 4; lastKnownFileType = sourcecode.swift; path = "VideoContentCategory+ParameterName.swift"; sourceTree = "<group>"; };
		604875D12B04C7D000A2FC80 /* Dictionary+JSON.swift */ = {isa = PBXFileReference; fileEncoding = 4; lastKnownFileType = sourcecode.swift; path = "Dictionary+JSON.swift"; sourceTree = "<group>"; };
		604875D22B04C7D000A2FC80 /* ContentMetadata+DX.swift */ = {isa = PBXFileReference; fileEncoding = 4; lastKnownFileType = sourcecode.swift; path = "ContentMetadata+DX.swift"; sourceTree = "<group>"; };
		604875D32B04C7D000A2FC80 /* VideoVisibility+ParameterName.swift */ = {isa = PBXFileReference; fileEncoding = 4; lastKnownFileType = sourcecode.swift; path = "VideoVisibility+ParameterName.swift"; sourceTree = "<group>"; };
		604875D42B04C7D000A2FC80 /* VideoEvent+VE.swift */ = {isa = PBXFileReference; fileEncoding = 4; lastKnownFileType = sourcecode.swift; path = "VideoEvent+VE.swift"; sourceTree = "<group>"; };
		604875D52B04C7D000A2FC80 /* String+MD5.swift */ = {isa = PBXFileReference; fileEncoding = 4; lastKnownFileType = sourcecode.swift; path = "String+MD5.swift"; sourceTree = "<group>"; };
		604875D62B04C7D000A2FC80 /* VideoStartMode+ParameterName.swift */ = {isa = PBXFileReference; fileEncoding = 4; lastKnownFileType = sourcecode.swift; path = "VideoStartMode+ParameterName.swift"; sourceTree = "<group>"; };
		604875D72B04C7D000A2FC80 /* VideoAdsConfiguration+ParameterName.swift */ = {isa = PBXFileReference; fileEncoding = 4; lastKnownFileType = sourcecode.swift; path = "VideoAdsConfiguration+ParameterName.swift"; sourceTree = "<group>"; };
		604875D82B04C7D000A2FC80 /* VideoStreamFormat+ParameterName.swift */ = {isa = PBXFileReference; fileEncoding = 4; lastKnownFileType = sourcecode.swift; path = "VideoStreamFormat+ParameterName.swift"; sourceTree = "<group>"; };
		604875DA2B04C7D000A2FC80 /* VendorManager.swift */ = {isa = PBXFileReference; fileEncoding = 4; lastKnownFileType = sourcecode.swift; path = VendorManager.swift; sourceTree = "<group>"; };
		604875DB2B04C7D000A2FC80 /* AnalyticsSystem.swift */ = {isa = PBXFileReference; fileEncoding = 4; lastKnownFileType = sourcecode.swift; path = AnalyticsSystem.swift; sourceTree = "<group>"; };
		604875DC2B04C7D000A2FC80 /* EventType.swift */ = {isa = PBXFileReference; fileEncoding = 4; lastKnownFileType = sourcecode.swift; path = EventType.swift; sourceTree = "<group>"; };
		604875DD2B04C7D000A2FC80 /* UserActionParameter.swift */ = {isa = PBXFileReference; fileEncoding = 4; lastKnownFileType = sourcecode.swift; path = UserActionParameter.swift; sourceTree = "<group>"; };
		604875DE2B04C7D000A2FC80 /* VendorIdentifiable.swift */ = {isa = PBXFileReference; fileEncoding = 4; lastKnownFileType = sourcecode.swift; path = VendorIdentifiable.swift; sourceTree = "<group>"; };
		604875E02B04C7D000A2FC80 /* KeepAliveMetadata.swift */ = {isa = PBXFileReference; fileEncoding = 4; lastKnownFileType = sourcecode.swift; path = KeepAliveMetadata.swift; sourceTree = "<group>"; };
		604875E12B04C7D000A2FC80 /* KeepAliveMeasureType.swift */ = {isa = PBXFileReference; fileEncoding = 4; lastKnownFileType = sourcecode.swift; path = KeepAliveMeasureType.swift; sourceTree = "<group>"; };
		604875E22B04C7D000A2FC80 /* KeepAliveManagerDelegate.swift */ = {isa = PBXFileReference; fileEncoding = 4; lastKnownFileType = sourcecode.swift; path = KeepAliveManagerDelegate.swift; sourceTree = "<group>"; };
		604875E32B04C7D000A2FC80 /* KeepAliveManager.swift */ = {isa = PBXFileReference; fileEncoding = 4; lastKnownFileType = sourcecode.swift; path = KeepAliveManager.swift; sourceTree = "<group>"; };
		604875E42B04C7D000A2FC80 /* KeepAliveIntervalsProvider.swift */ = {isa = PBXFileReference; fileEncoding = 4; lastKnownFileType = sourcecode.swift; path = KeepAliveIntervalsProvider.swift; sourceTree = "<group>"; };
		604875E62B04C7D000A2FC80 /* EventsQueueManager.swift */ = {isa = PBXFileReference; fileEncoding = 4; lastKnownFileType = sourcecode.swift; path = EventsQueueManager.swift; sourceTree = "<group>"; };
		604875E72B04C7D000A2FC80 /* EventsServiceDelegate.swift */ = {isa = PBXFileReference; fileEncoding = 4; lastKnownFileType = sourcecode.swift; path = EventsServiceDelegate.swift; sourceTree = "<group>"; };
		604875E82B04C7D000A2FC80 /* EventsService.swift */ = {isa = PBXFileReference; fileEncoding = 4; lastKnownFileType = sourcecode.swift; path = EventsService.swift; sourceTree = "<group>"; };
		604875E92B04C7D000A2FC80 /* EventsQueueManagerDelegate.swift */ = {isa = PBXFileReference; fileEncoding = 4; lastKnownFileType = sourcecode.swift; path = EventsQueueManagerDelegate.swift; sourceTree = "<group>"; };
		604875EA2B04C7D000A2FC80 /* Operationable.swift */ = {isa = PBXFileReference; fileEncoding = 4; lastKnownFileType = sourcecode.swift; path = Operationable.swift; sourceTree = "<group>"; };
		604875EB2B04C7D000A2FC80 /* TrackingIdentifierError+ServiceError.swift */ = {isa = PBXFileReference; fileEncoding = 4; lastKnownFileType = sourcecode.swift; path = "TrackingIdentifierError+ServiceError.swift"; sourceTree = "<group>"; };
		76FA62F5BE77A68BB521D5F8 /* Pods-RingPublishingTracking-Example.release.xcconfig */ = {isa = PBXFileReference; includeInIndex = 1; lastKnownFileType = text.xcconfig; name = "Pods-RingPublishingTracking-Example.release.xcconfig"; path = "Target Support Files/Pods-RingPublishingTracking-Example/Pods-RingPublishingTracking-Example.release.xcconfig"; sourceTree = "<group>"; };
		7D1A2B6326E796C000648882 /* StoredValueInUserDefaultsTests.swift */ = {isa = PBXFileReference; lastKnownFileType = sourcecode.swift; path = StoredValueInUserDefaultsTests.swift; sourceTree = "<group>"; };
		7D1C1B4326E657430051A267 /* RingPublishingTracking-Example.app */ = {isa = PBXFileReference; explicitFileType = wrapper.application; includeInIndex = 0; path = "RingPublishingTracking-Example.app"; sourceTree = BUILT_PRODUCTS_DIR; };
		7D1C1B4626E657430051A267 /* AppDelegate.swift */ = {isa = PBXFileReference; lastKnownFileType = sourcecode.swift; path = AppDelegate.swift; sourceTree = "<group>"; };
		7D1C1B5426E657460051A267 /* Info.plist */ = {isa = PBXFileReference; lastKnownFileType = text.plist.xml; path = Info.plist; sourceTree = "<group>"; };
		7D1C1B5926E657460051A267 /* RingPublishingTrackingTests.xctest */ = {isa = PBXFileReference; explicitFileType = wrapper.cfbundle; includeInIndex = 0; path = RingPublishingTrackingTests.xctest; sourceTree = BUILT_PRODUCTS_DIR; };
		7D1C1B5F26E657460051A267 /* Info.plist */ = {isa = PBXFileReference; lastKnownFileType = text.plist.xml; name = Info.plist; path = ../Tests/Info.plist; sourceTree = SOURCE_ROOT; };
		7D34D08B27BFA9950045CCE0 /* AtomicArrayTests.swift */ = {isa = PBXFileReference; lastKnownFileType = sourcecode.swift; path = AtomicArrayTests.swift; sourceTree = "<group>"; };
		7D7D5B7A26FCA3DF00B79FDD /* SampleArticle.swift */ = {isa = PBXFileReference; fileEncoding = 4; lastKnownFileType = sourcecode.swift; path = SampleArticle.swift; sourceTree = "<group>"; };
		7D7D5B7B26FCA3DF00B79FDD /* ScreenTrackingData.swift */ = {isa = PBXFileReference; fileEncoding = 4; lastKnownFileType = sourcecode.swift; path = ScreenTrackingData.swift; sourceTree = "<group>"; };
		7D7D5B7D26FCA3DF00B79FDD /* Assets.xcassets */ = {isa = PBXFileReference; lastKnownFileType = folder.assetcatalog; path = Assets.xcassets; sourceTree = "<group>"; };
		7D7D5B7F26FCA3DF00B79FDD /* Base */ = {isa = PBXFileReference; lastKnownFileType = file.storyboard; name = Base; path = Base.lproj/LaunchScreen.storyboard; sourceTree = "<group>"; };
		7D7D5B8126FCA3DF00B79FDD /* Base */ = {isa = PBXFileReference; lastKnownFileType = file.storyboard; name = Base; path = Base.lproj/Main.storyboard; sourceTree = "<group>"; };
		7D7D5B8326FCA3DF00B79FDD /* ListViewController.swift */ = {isa = PBXFileReference; fileEncoding = 4; lastKnownFileType = sourcecode.swift; path = ListViewController.swift; sourceTree = "<group>"; };
		7D7D5B8426FCA3DF00B79FDD /* DetailViewController.swift */ = {isa = PBXFileReference; fileEncoding = 4; lastKnownFileType = sourcecode.swift; path = DetailViewController.swift; sourceTree = "<group>"; };
		7D7D5B8526FCA3DF00B79FDD /* NonContentViewController.swift */ = {isa = PBXFileReference; fileEncoding = 4; lastKnownFileType = sourcecode.swift; path = NonContentViewController.swift; sourceTree = "<group>"; };
		7D7D5B8626FCA3DF00B79FDD /* HomeViewController.swift */ = {isa = PBXFileReference; fileEncoding = 4; lastKnownFileType = sourcecode.swift; path = HomeViewController.swift; sourceTree = "<group>"; };
		7D7D5B8726FCA3DF00B79FDD /* ActionsViewController.swift */ = {isa = PBXFileReference; fileEncoding = 4; lastKnownFileType = sourcecode.swift; path = ActionsViewController.swift; sourceTree = "<group>"; };
		7D7D5B8926FCA3DF00B79FDD /* PagerViewController.swift */ = {isa = PBXFileReference; fileEncoding = 4; lastKnownFileType = sourcecode.swift; path = PagerViewController.swift; sourceTree = "<group>"; };
		7D7D5B8A26FCA3DF00B79FDD /* TraceableScreen.swift */ = {isa = PBXFileReference; fileEncoding = 4; lastKnownFileType = sourcecode.swift; path = TraceableScreen.swift; sourceTree = "<group>"; };
		7D9F12B82791A15D00F3635A /* RingPublishingTracking.podspec */ = {isa = PBXFileReference; lastKnownFileType = text; name = RingPublishingTracking.podspec; path = ../RingPublishingTracking.podspec; sourceTree = "<group>"; xcLanguageSpecificationIdentifier = xcode.lang.ruby; };
		7D9F12B92791A15D00F3635A /* README.md */ = {isa = PBXFileReference; lastKnownFileType = net.daringfireball.markdown; name = README.md; path = ../README.md; sourceTree = "<group>"; };
		7D9F12BA2791A15D00F3635A /* Changelogs */ = {isa = PBXFileReference; lastKnownFileType = folder; name = Changelogs; path = ../Changelogs; sourceTree = "<group>"; };
		7DE4453A26E8913900A93431 /* LoggerTests.swift */ = {isa = PBXFileReference; lastKnownFileType = sourcecode.swift; path = LoggerTests.swift; sourceTree = "<group>"; };
		8E2A37C5A1593C87B0EB5A44 /* Pods-RingPublishingTrackingTests.release.xcconfig */ = {isa = PBXFileReference; includeInIndex = 1; lastKnownFileType = text.xcconfig; name = "Pods-RingPublishingTrackingTests.release.xcconfig"; path = "Target Support Files/Pods-RingPublishingTrackingTests/Pods-RingPublishingTrackingTests.release.xcconfig"; sourceTree = "<group>"; };
		BF2945259492AA544792B04F /* Pods_RingPublishingTracking_Example.framework */ = {isa = PBXFileReference; explicitFileType = wrapper.framework; includeInIndex = 0; path = Pods_RingPublishingTracking_Example.framework; sourceTree = BUILT_PRODUCTS_DIR; };
		ED067BC36C6C6FA35D9F88B6 /* Pods_RingPublishingTrackingTests.framework */ = {isa = PBXFileReference; explicitFileType = wrapper.framework; includeInIndex = 0; path = Pods_RingPublishingTrackingTests.framework; sourceTree = BUILT_PRODUCTS_DIR; };
/* End PBXFileReference section */

/* Begin PBXFrameworksBuildPhase section */
		7D1C1B4026E657430051A267 /* Frameworks */ = {
			isa = PBXFrameworksBuildPhase;
			buildActionMask = 2147483647;
			files = (
				854F1289D6E3FA4BC790018B /* Pods_RingPublishingTracking_Example.framework in Frameworks */,
			);
			runOnlyForDeploymentPostprocessing = 0;
		};
		7D1C1B5626E657460051A267 /* Frameworks */ = {
			isa = PBXFrameworksBuildPhase;
			buildActionMask = 2147483647;
			files = (
				2536E3B07B61A064628951DB /* Pods_RingPublishingTrackingTests.framework in Frameworks */,
			);
			runOnlyForDeploymentPostprocessing = 0;
		};
/* End PBXFrameworksBuildPhase section */

/* Begin PBXGroup section */
		204EAEE0270F0FE8009E2F0D /* Stub */ = {
			isa = PBXGroup;
			children = (
				204EAEE1270F0FF0009E2F0D /* SizeProviderStub.swift */,
				204EAEE3270F0FFE009E2F0D /* ConsentProviderStub.swift */,
				204EAF21271F1884009E2F0D /* KeepAliveDataSourceStub.swift */,
			);
			path = Stub;
			sourceTree = "<group>";
		};
		208832082702923C00EA53FD /* Utils */ = {
			isa = PBXGroup;
			children = (
				208832092702924D00EA53FD /* XCTestCase+Helpers.swift */,
			);
			path = Utils;
			sourceTree = "<group>";
		};
		208CD62326FB571D006A406C /* RingPublishingTrackingTests */ = {
			isa = PBXGroup;
			children = (
				208832082702923C00EA53FD /* Utils */,
				204EAEE0270F0FE8009E2F0D /* Stub */,
				20C2394E26F22241005A734A /* Mocks */,
				20C2394826F22238005A734A /* EndpointTests.swift */,
				20C2394A26F22238005A734A /* APIServiceTests.swift */,
				7D1A2B6326E796C000648882 /* StoredValueInUserDefaultsTests.swift */,
				7DE4453A26E8913900A93431 /* LoggerTests.swift */,
				2088321227046EB100EA53FD /* EventsServiceTests.swift */,
				208CD61926F9B276006A406C /* EventsQueueManagerTests.swift */,
				208CD61D26F9BADA006A406C /* DictionaryTests.swift */,
				204EAED2270EF5EB009E2F0D /* DecoratorTests.swift */,
				204EAEEC270F12B7009E2F0D /* VendorManagerTests.swift */,
				204EAEFA2710F57B009E2F0D /* EventsFactoryTests.swift */,
				204EAEFC27143837009E2F0D /* UserManagerTests.swift */,
				204EAF0A2718DA95009E2F0D /* MD5Tests.swift */,
				204EAF1B271DB4C3009E2F0D /* AureusTests.swift */,
				204EAF1D271EE53C009E2F0D /* KeepAliveTests.swift */,
				204EAF1F271EE5A2009E2F0D /* KeepAliveIntervalsProviderTests.swift */,
				204EAF2D272939CB009E2F0D /* ConsentProviderTests.swift */,
				204EAF2F27293B08009E2F0D /* RingPublishingTrackingTests.swift */,
				204EAF31272944A4009E2F0D /* RingPublishingTrackingConfigurationTests.swift */,
				204EAF332729469A009E2F0D /* IdentifyResponseTests.swift */,
				204EAF3527294BF7009E2F0D /* EventTests.swift */,
				7D34D08B27BFA9950045CCE0 /* AtomicArrayTests.swift */,
			);
			path = RingPublishingTrackingTests;
			sourceTree = "<group>";
		};
		20C2394E26F22241005A734A /* Mocks */ = {
			isa = PBXGroup;
			children = (
				20C2394926F22238005A734A /* NetworkSessionMock.swift */,
				208CD61B26F9B3C0006A406C /* StaticStorage.swift */,
				204EAEEE270F1313009E2F0D /* VendorIdentifierProviderMock.swift */,
				204EAF23271F18AB009E2F0D /* KeepAliveManagerDelegateMock.swift */,
				204EAF37272A7917009E2F0D /* RingPublishingTrackingDelegateMock.swift */,
			);
			path = Mocks;
			sourceTree = "<group>";
		};
		29B7D76AA282158CF190E0E4 /* Frameworks */ = {
			isa = PBXGroup;
			children = (
				BF2945259492AA544792B04F /* Pods_RingPublishingTracking_Example.framework */,
				ED067BC36C6C6FA35D9F88B6 /* Pods_RingPublishingTrackingTests.framework */,
			);
			name = Frameworks;
			sourceTree = "<group>";
		};
		604875732B04C7D000A2FC80 /* RingPublishingTracking */ = {
			isa = PBXGroup;
			children = (
				604875742B04C7D000A2FC80 /* Public */,
				6048758E2B04C7D000A2FC80 /* Private */,
			);
			path = RingPublishingTracking;
			sourceTree = "<group>";
		};
		604875742B04C7D000A2FC80 /* Public */ = {
			isa = PBXGroup;
			children = (
				604875752B04C7D000A2FC80 /* RingPublishingTracking.swift */,
				604875762B04C7D000A2FC80 /* RingPublishingTrackingKeepAliveDataSource.swift */,
				604875772B04C7D000A2FC80 /* RingPublishingTrackingDelegate.swift */,
				604875782B04C7D000A2FC80 /* RingPublishingTracking+Aureus.swift */,
				604875792B04C7D000A2FC80 /* RingPublishingTrackingConfiguration.swift */,
				6048757A2B04C7D000A2FC80 /* Model */,
				6048758B2B04C7D000A2FC80 /* RingPublishingTracking+CurrentState.swift */,
				6048758C2B04C7D000A2FC80 /* RingPublishingTracking+Video.swift */,
				6048758D2B04C7D000A2FC80 /* RingPublishingTracking+ContentPerformanceMonitor.swift */,
			);
			path = Public;
			sourceTree = "<group>";
		};
		6048757A2B04C7D000A2FC80 /* Model */ = {
			isa = PBXGroup;
			children = (
				6048757B2B04C7D000A2FC80 /* VideoStartMode.swift */,
				6048757C2B04C7D000A2FC80 /* ContentPageViewSource.swift */,
				6048757D2B04C7D000A2FC80 /* VideoStreamFormat.swift */,
				6048757E2B04C7D000A2FC80 /* Event.swift */,
				6048757F2B04C7D000A2FC80 /* VideoState.swift */,
				604875802B04C7D000A2FC80 /* VideoEvent.swift */,
				604875812B04C7D000A2FC80 /* VideoContentCategory.swift */,
				604875822B04C7D000A2FC80 /* ArtemisExternal.swift */,
				604875832B04C7D000A2FC80 /* VideoAdsConfiguration.swift */,
				604875842B04C7D000A2FC80 /* TrackingIdentifierError.swift */,
				604875852B04C7D000A2FC80 /* ContentMetadata.swift */,
				604875862B04C7D000A2FC80 /* VideoMetadata.swift */,
				604875872B04C7D000A2FC80 /* ArtemisIdentifier.swift */,
				604875882B04C7D000A2FC80 /* ArtemisID.swift */,
				604875892B04C7D000A2FC80 /* VideoVisibility.swift */,
				6048758A2B04C7D000A2FC80 /* TrackingIdentifier.swift */,
			);
			path = Model;
			sourceTree = "<group>";
		};
		6048758E2B04C7D000A2FC80 /* Private */ = {
			isa = PBXGroup;
			children = (
				6048758F2B04C7D000A2FC80 /* Constants.swift */,
				604875902B04C7D000A2FC80 /* UserManager.swift */,
				604875912B04C7D000A2FC80 /* RingPublishingTracking+EventsServiceDelegate.swift */,
				604875922B04C7D000A2FC80 /* RingPublishingTracking+KeepAliveManagerDelegate.swift */,
				604875932B04C7D000A2FC80 /* OperationMode.swift */,
				604875942B04C7D000A2FC80 /* Logger */,
				604875972B04C7D000A2FC80 /* Decorator */,
				604875A92B04C7D000A2FC80 /* Networking */,
				604875C72B04C7D000A2FC80 /* EventsFactory.swift */,
				604875C82B04C7D000A2FC80 /* Utils */,
				604875CB2B04C7D000A2FC80 /* Storage */,
				604875CE2B04C7D000A2FC80 /* Extensions */,
				604875D92B04C7D000A2FC80 /* Tracking */,
				604875EA2B04C7D000A2FC80 /* Operationable.swift */,
				604875EB2B04C7D000A2FC80 /* TrackingIdentifierError+ServiceError.swift */,
			);
			path = Private;
			sourceTree = "<group>";
		};
		604875942B04C7D000A2FC80 /* Logger */ = {
			isa = PBXGroup;
			children = (
				604875952B04C7D000A2FC80 /* Logger.swift */,
				604875962B04C7D000A2FC80 /* Optional+Logable.swift */,
			);
			path = Logger;
			sourceTree = "<group>";
		};
		604875972B04C7D000A2FC80 /* Decorator */ = {
			isa = PBXGroup;
			children = (
				604875982B04C7D000A2FC80 /* Generic */,
				604875A82B04C7D000A2FC80 /* Decorator.swift */,
			);
			path = Decorator;
			sourceTree = "<group>";
		};
		604875982B04C7D000A2FC80 /* Generic */ = {
			isa = PBXGroup;
			children = (
				604875992B04C7D000A2FC80 /* UserDataDecorator.swift */,
				6048759A2B04C7D000A2FC80 /* StructureInfoDecorator.swift */,
				6048759B2B04C7D000A2FC80 /* Providers */,
				604875A02B04C7D000A2FC80 /* ClientDecorator.swift */,
				604875A12B04C7D000A2FC80 /* UniqueIdentifierDecorator.swift */,
				604875A22B04C7D000A2FC80 /* Models */,
				604875A52B04C7D000A2FC80 /* AdAreaDecorator.swift */,
				604875A62B04C7D000A2FC80 /* TenantIdentifierDecorator.swift */,
				604875A72B04C7D000A2FC80 /* SizeDecorator.swift */,
			);
			path = Generic;
			sourceTree = "<group>";
		};
		6048759B2B04C7D000A2FC80 /* Providers */ = {
			isa = PBXGroup;
			children = (
				6048759C2B04C7D000A2FC80 /* ConsentProvider.swift */,
				6048759D2B04C7D000A2FC80 /* ConsentProviding.swift */,
				6048759E2B04C7D000A2FC80 /* SizeProvider.swift */,
				6048759F2B04C7D000A2FC80 /* SizeProviding.swift */,
			);
			path = Providers;
			sourceTree = "<group>";
		};
		604875A22B04C7D000A2FC80 /* Models */ = {
			isa = PBXGroup;
			children = (
				604875A32B04C7D000A2FC80 /* ClientType.swift */,
				604875A42B04C7D000A2FC80 /* UserData.swift */,
			);
			path = Models;
			sourceTree = "<group>";
		};
		604875A92B04C7D000A2FC80 /* Networking */ = {
			isa = PBXGroup;
			children = (
				604875AA2B04C7D000A2FC80 /* Endpoints */,
				604875B62B04C7D000A2FC80 /* APIService.swift */,
				604875B72B04C7D000A2FC80 /* Enums */,
				604875BB2B04C7D000A2FC80 /* Models */,
				604875C12B04C7D000A2FC80 /* UserAgent.swift */,
				604875C22B04C7D000A2FC80 /* Protocols */,
			);
			path = Networking;
			sourceTree = "<group>";
		};
		604875AA2B04C7D000A2FC80 /* Endpoints */ = {
			isa = PBXGroup;
			children = (
				604875AB2B04C7D000A2FC80 /* Responses */,
				604875AF2B04C7D000A2FC80 /* SendEventEndpoint.swift */,
				604875B02B04C7D000A2FC80 /* Requests */,
				604875B42B04C7D000A2FC80 /* IdentifyEndpoint.swift */,
				604875B52B04C7D000A2FC80 /* ArtemisEndpoint.swift */,
			);
			path = Endpoints;
			sourceTree = "<group>";
		};
		604875AB2B04C7D000A2FC80 /* Responses */ = {
			isa = PBXGroup;
			children = (
				604875AC2B04C7D000A2FC80 /* EventResponse.swift */,
				604875AD2B04C7D000A2FC80 /* ArthemisResponse.swift */,
				604875AE2B04C7D000A2FC80 /* IdentifyResponse.swift */,
			);
			path = Responses;
			sourceTree = "<group>";
		};
		604875B02B04C7D000A2FC80 /* Requests */ = {
			isa = PBXGroup;
			children = (
				604875B12B04C7D000A2FC80 /* IdentifyRequest.swift */,
				604875B22B04C7D000A2FC80 /* EventRequest.swift */,
				604875B32B04C7D000A2FC80 /* ArtemisRequest.swift */,
			);
			path = Requests;
			sourceTree = "<group>";
		};
		604875B72B04C7D000A2FC80 /* Enums */ = {
			isa = PBXGroup;
			children = (
				604875B82B04C7D000A2FC80 /* BodableError.swift */,
				604875B92B04C7D000A2FC80 /* HTTPMethod.swift */,
				604875BA2B04C7D000A2FC80 /* ServiceError.swift */,
			);
			path = Enums;
			sourceTree = "<group>";
		};
		604875BB2B04C7D000A2FC80 /* Models */ = {
			isa = PBXGroup;
			children = (
				604875BC2B04C7D000A2FC80 /* Profile.swift */,
				604875BD2B04C7D000A2FC80 /* EaUUID.swift */,
				604875BE2B04C7D000A2FC80 /* Event+API.swift */,
				604875BF2B04C7D000A2FC80 /* User.swift */,
				604875C02B04C7D000A2FC80 /* IdsWithLifetime.swift */,
			);
			path = Models;
			sourceTree = "<group>";
		};
		604875C22B04C7D000A2FC80 /* Protocols */ = {
			isa = PBXGroup;
			children = (
				604875C32B04C7D000A2FC80 /* Service.swift */,
				604875C42B04C7D000A2FC80 /* Bodable.swift */,
				604875C52B04C7D000A2FC80 /* NetworkService.swift */,
				604875C62B04C7D000A2FC80 /* Endpoint.swift */,
			);
			path = Protocols;
			sourceTree = "<group>";
		};
		604875C82B04C7D000A2FC80 /* Utils */ = {
			isa = PBXGroup;
			children = (
				604875C92B04C7D000A2FC80 /* StoredValueInUserDefaults.swift */,
				604875CA2B04C7D000A2FC80 /* AtomicArray.swift */,
			);
			path = Utils;
			sourceTree = "<group>";
		};
		604875CB2B04C7D000A2FC80 /* Storage */ = {
			isa = PBXGroup;
			children = (
				604875CC2B04C7D000A2FC80 /* TrackingStorage.swift */,
				604875CD2B04C7D000A2FC80 /* UserDefaultsStorage.swift */,
			);
			path = Storage;
			sourceTree = "<group>";
		};
		604875CE2B04C7D000A2FC80 /* Extensions */ = {
			isa = PBXGroup;
			children = (
				604875CF2B04C7D000A2FC80 /* DispatchQueue+BackgroundTimer.swift */,
				604875D02B04C7D000A2FC80 /* VideoContentCategory+ParameterName.swift */,
				604875D12B04C7D000A2FC80 /* Dictionary+JSON.swift */,
				604875D22B04C7D000A2FC80 /* ContentMetadata+DX.swift */,
				604875D32B04C7D000A2FC80 /* VideoVisibility+ParameterName.swift */,
				604875D42B04C7D000A2FC80 /* VideoEvent+VE.swift */,
				604875D52B04C7D000A2FC80 /* String+MD5.swift */,
				604875D62B04C7D000A2FC80 /* VideoStartMode+ParameterName.swift */,
				604875D72B04C7D000A2FC80 /* VideoAdsConfiguration+ParameterName.swift */,
				604875D82B04C7D000A2FC80 /* VideoStreamFormat+ParameterName.swift */,
			);
			path = Extensions;
			sourceTree = "<group>";
		};
		604875D92B04C7D000A2FC80 /* Tracking */ = {
			isa = PBXGroup;
			children = (
				604875DA2B04C7D000A2FC80 /* VendorManager.swift */,
				604875DB2B04C7D000A2FC80 /* AnalyticsSystem.swift */,
				604875DC2B04C7D000A2FC80 /* EventType.swift */,
				604875DD2B04C7D000A2FC80 /* UserActionParameter.swift */,
				604875DE2B04C7D000A2FC80 /* VendorIdentifiable.swift */,
				604875DF2B04C7D000A2FC80 /* KeepAlive */,
				604875E52B04C7D000A2FC80 /* Events */,
			);
			path = Tracking;
			sourceTree = "<group>";
		};
		604875DF2B04C7D000A2FC80 /* KeepAlive */ = {
			isa = PBXGroup;
			children = (
				604875E02B04C7D000A2FC80 /* KeepAliveMetadata.swift */,
				604875E12B04C7D000A2FC80 /* KeepAliveMeasureType.swift */,
				604875E22B04C7D000A2FC80 /* KeepAliveManagerDelegate.swift */,
				604875E32B04C7D000A2FC80 /* KeepAliveManager.swift */,
				604875E42B04C7D000A2FC80 /* KeepAliveIntervalsProvider.swift */,
			);
			path = KeepAlive;
			sourceTree = "<group>";
		};
		604875E52B04C7D000A2FC80 /* Events */ = {
			isa = PBXGroup;
			children = (
				604875E62B04C7D000A2FC80 /* EventsQueueManager.swift */,
				604875E72B04C7D000A2FC80 /* EventsServiceDelegate.swift */,
				604875E82B04C7D000A2FC80 /* EventsService.swift */,
				604875E92B04C7D000A2FC80 /* EventsQueueManagerDelegate.swift */,
			);
			path = Events;
			sourceTree = "<group>";
		};
		7D1A2B5426E7567000648882 /* Tests */ = {
			isa = PBXGroup;
			children = (
				208CD62326FB571D006A406C /* RingPublishingTrackingTests */,
			);
			name = Tests;
			sourceTree = "<group>";
		};
		7D1C1B3A26E657430051A267 = {
			isa = PBXGroup;
			children = (
				7D9F12BA2791A15D00F3635A /* Changelogs */,
				7D9F12B92791A15D00F3635A /* README.md */,
				7D9F12B82791A15D00F3635A /* RingPublishingTracking.podspec */,
				7D1C1B4526E657430051A267 /* RingPublishingTracking */,
				7D1C1B5C26E657460051A267 /* RingPublishingTrackingTests */,
				7D1C1B4426E657430051A267 /* Products */,
				D8F2BCCA6D38846157E01D50 /* Pods */,
				29B7D76AA282158CF190E0E4 /* Frameworks */,
			);
			sourceTree = "<group>";
		};
		7D1C1B4426E657430051A267 /* Products */ = {
			isa = PBXGroup;
			children = (
				7D1C1B4326E657430051A267 /* RingPublishingTracking-Example.app */,
				7D1C1B5926E657460051A267 /* RingPublishingTrackingTests.xctest */,
			);
			name = Products;
			sourceTree = "<group>";
		};
		7D1C1B4526E657430051A267 /* RingPublishingTracking */ = {
			isa = PBXGroup;
			children = (
				7D7D5B8226FCA3DF00B79FDD /* Controller */,
				7D7D5B7926FCA3DF00B79FDD /* Model */,
				7D7D5B8826FCA3DF00B79FDD /* Protocol */,
				7D7D5B7C26FCA3DF00B79FDD /* Resources */,
				7D1C1B4626E657430051A267 /* AppDelegate.swift */,
				7D1C1B5426E657460051A267 /* Info.plist */,
			);
			path = RingPublishingTracking;
			sourceTree = "<group>";
		};
		7D1C1B5C26E657460051A267 /* RingPublishingTrackingTests */ = {
			isa = PBXGroup;
			children = (
				7D7D5B9726FCA5AE00B79FDD /* Sources */,
				7D1A2B5426E7567000648882 /* Tests */,
				7D1C1B5F26E657460051A267 /* Info.plist */,
			);
			name = RingPublishingTrackingTests;
			path = ../Tests;
			sourceTree = SOURCE_ROOT;
		};
		7D7D5B7926FCA3DF00B79FDD /* Model */ = {
			isa = PBXGroup;
			children = (
				7D7D5B7A26FCA3DF00B79FDD /* SampleArticle.swift */,
				7D7D5B7B26FCA3DF00B79FDD /* ScreenTrackingData.swift */,
			);
			path = Model;
			sourceTree = "<group>";
		};
		7D7D5B7C26FCA3DF00B79FDD /* Resources */ = {
			isa = PBXGroup;
			children = (
				7D7D5B7D26FCA3DF00B79FDD /* Assets.xcassets */,
				7D7D5B7E26FCA3DF00B79FDD /* LaunchScreen.storyboard */,
				7D7D5B8026FCA3DF00B79FDD /* Main.storyboard */,
			);
			path = Resources;
			sourceTree = "<group>";
		};
		7D7D5B8226FCA3DF00B79FDD /* Controller */ = {
			isa = PBXGroup;
			children = (
				7D7D5B8326FCA3DF00B79FDD /* ListViewController.swift */,
				7D7D5B8426FCA3DF00B79FDD /* DetailViewController.swift */,
				7D7D5B8526FCA3DF00B79FDD /* NonContentViewController.swift */,
				7D7D5B8626FCA3DF00B79FDD /* HomeViewController.swift */,
				7D7D5B8726FCA3DF00B79FDD /* ActionsViewController.swift */,
			);
			path = Controller;
			sourceTree = "<group>";
		};
		7D7D5B8826FCA3DF00B79FDD /* Protocol */ = {
			isa = PBXGroup;
			children = (
				7D7D5B8926FCA3DF00B79FDD /* PagerViewController.swift */,
				7D7D5B8A26FCA3DF00B79FDD /* TraceableScreen.swift */,
			);
			path = Protocol;
			sourceTree = "<group>";
		};
		7D7D5B9726FCA5AE00B79FDD /* Sources */ = {
			isa = PBXGroup;
			children = (
				604875732B04C7D000A2FC80 /* RingPublishingTracking */,
			);
			name = Sources;
			path = ../Sources;
			sourceTree = "<group>";
		};
		D8F2BCCA6D38846157E01D50 /* Pods */ = {
			isa = PBXGroup;
			children = (
				18028B7103996E83DEE225F1 /* Pods-RingPublishingTracking-Example.debug.xcconfig */,
				76FA62F5BE77A68BB521D5F8 /* Pods-RingPublishingTracking-Example.release.xcconfig */,
				2278D1C8F7C5BBD725418D51 /* Pods-RingPublishingTrackingTests.debug.xcconfig */,
				8E2A37C5A1593C87B0EB5A44 /* Pods-RingPublishingTrackingTests.release.xcconfig */,
			);
			path = Pods;
			sourceTree = "<group>";
		};
/* End PBXGroup section */

/* Begin PBXNativeTarget section */
		7D1C1B4226E657430051A267 /* RingPublishingTracking-Example */ = {
			isa = PBXNativeTarget;
			buildConfigurationList = 7D1C1B6D26E657460051A267 /* Build configuration list for PBXNativeTarget "RingPublishingTracking-Example" */;
			buildPhases = (
				745DE82C87C0095CBF3D5301 /* [CP] Check Pods Manifest.lock */,
				7D1C1B3F26E657430051A267 /* Sources */,
				7D1C1B7626E6580B0051A267 /* SwiftLint */,
				7D1C1B4026E657430051A267 /* Frameworks */,
				7D1C1B4126E657430051A267 /* Resources */,
			);
			buildRules = (
			);
			dependencies = (
			);
			name = "RingPublishingTracking-Example";
			productName = RingPublishingTracking;
			productReference = 7D1C1B4326E657430051A267 /* RingPublishingTracking-Example.app */;
			productType = "com.apple.product-type.application";
		};
		7D1C1B5826E657460051A267 /* RingPublishingTrackingTests */ = {
			isa = PBXNativeTarget;
			buildConfigurationList = 7D1C1B7026E657460051A267 /* Build configuration list for PBXNativeTarget "RingPublishingTrackingTests" */;
			buildPhases = (
				D125CF30E0A7D4392E84CF84 /* [CP] Check Pods Manifest.lock */,
				7D1C1B5526E657460051A267 /* Sources */,
				7D1C1B5626E657460051A267 /* Frameworks */,
				7D1C1B5726E657460051A267 /* Resources */,
			);
			buildRules = (
			);
			dependencies = (
				7D1C1B5B26E657460051A267 /* PBXTargetDependency */,
			);
			name = RingPublishingTrackingTests;
			productName = RingPublishingTrackingTests;
			productReference = 7D1C1B5926E657460051A267 /* RingPublishingTrackingTests.xctest */;
			productType = "com.apple.product-type.bundle.unit-test";
		};
/* End PBXNativeTarget section */

/* Begin PBXProject section */
		7D1C1B3B26E657430051A267 /* Project object */ = {
			isa = PBXProject;
			attributes = {
				LastSwiftUpdateCheck = 1250;
				LastUpgradeCheck = 1250;
				ORGANIZATIONNAME = "Ringier Axel Springer Tech";
				TargetAttributes = {
					7D1C1B4226E657430051A267 = {
						CreatedOnToolsVersion = 12.5;
					};
					7D1C1B5826E657460051A267 = {
						CreatedOnToolsVersion = 12.5;
					};
				};
			};
			buildConfigurationList = 7D1C1B3E26E657430051A267 /* Build configuration list for PBXProject "RingPublishingTracking" */;
			compatibilityVersion = "Xcode 9.3";
			developmentRegion = en;
			hasScannedForEncodings = 0;
			knownRegions = (
				en,
				Base,
			);
			mainGroup = 7D1C1B3A26E657430051A267;
			productRefGroup = 7D1C1B4426E657430051A267 /* Products */;
			projectDirPath = "";
			projectRoot = "";
			targets = (
				7D1C1B4226E657430051A267 /* RingPublishingTracking-Example */,
				7D1C1B5826E657460051A267 /* RingPublishingTrackingTests */,
			);
		};
/* End PBXProject section */

/* Begin PBXResourcesBuildPhase section */
		7D1C1B4126E657430051A267 /* Resources */ = {
			isa = PBXResourcesBuildPhase;
			buildActionMask = 2147483647;
			files = (
				7D7D5B8F26FCA3DF00B79FDD /* Main.storyboard in Resources */,
				7D7D5B8E26FCA3DF00B79FDD /* LaunchScreen.storyboard in Resources */,
				7D7D5B8D26FCA3DF00B79FDD /* Assets.xcassets in Resources */,
			);
			runOnlyForDeploymentPostprocessing = 0;
		};
		7D1C1B5726E657460051A267 /* Resources */ = {
			isa = PBXResourcesBuildPhase;
			buildActionMask = 2147483647;
			files = (
			);
			runOnlyForDeploymentPostprocessing = 0;
		};
/* End PBXResourcesBuildPhase section */

/* Begin PBXShellScriptBuildPhase section */
		745DE82C87C0095CBF3D5301 /* [CP] Check Pods Manifest.lock */ = {
			isa = PBXShellScriptBuildPhase;
			buildActionMask = 2147483647;
			files = (
			);
			inputFileListPaths = (
			);
			inputPaths = (
				"${PODS_PODFILE_DIR_PATH}/Podfile.lock",
				"${PODS_ROOT}/Manifest.lock",
			);
			name = "[CP] Check Pods Manifest.lock";
			outputFileListPaths = (
			);
			outputPaths = (
				"$(DERIVED_FILE_DIR)/Pods-RingPublishingTracking-Example-checkManifestLockResult.txt",
			);
			runOnlyForDeploymentPostprocessing = 0;
			shellPath = /bin/sh;
			shellScript = "diff \"${PODS_PODFILE_DIR_PATH}/Podfile.lock\" \"${PODS_ROOT}/Manifest.lock\" > /dev/null\nif [ $? != 0 ] ; then\n    # print error to STDERR\n    echo \"error: The sandbox is not in sync with the Podfile.lock. Run 'pod install' or update your CocoaPods installation.\" >&2\n    exit 1\nfi\n# This output is used by Xcode 'outputs' to avoid re-running this script phase.\necho \"SUCCESS\" > \"${SCRIPT_OUTPUT_FILE_0}\"\n";
			showEnvVarsInLog = 0;
		};
		7D1C1B7626E6580B0051A267 /* SwiftLint */ = {
			isa = PBXShellScriptBuildPhase;
			alwaysOutOfDate = 1;
			buildActionMask = 2147483647;
			files = (
			);
			inputFileListPaths = (
			);
			inputPaths = (
			);
			name = SwiftLint;
			outputFileListPaths = (
			);
			outputPaths = (
			);
			runOnlyForDeploymentPostprocessing = 0;
			shellPath = /bin/sh;
			shellScript = "# Type a script or drag a script file from your workspace to insert its path.\n${PODS_ROOT}/SwiftLint/swiftlint\n";
		};
		D125CF30E0A7D4392E84CF84 /* [CP] Check Pods Manifest.lock */ = {
			isa = PBXShellScriptBuildPhase;
			buildActionMask = 2147483647;
			files = (
			);
			inputFileListPaths = (
			);
			inputPaths = (
				"${PODS_PODFILE_DIR_PATH}/Podfile.lock",
				"${PODS_ROOT}/Manifest.lock",
			);
			name = "[CP] Check Pods Manifest.lock";
			outputFileListPaths = (
			);
			outputPaths = (
				"$(DERIVED_FILE_DIR)/Pods-RingPublishingTrackingTests-checkManifestLockResult.txt",
			);
			runOnlyForDeploymentPostprocessing = 0;
			shellPath = /bin/sh;
			shellScript = "diff \"${PODS_PODFILE_DIR_PATH}/Podfile.lock\" \"${PODS_ROOT}/Manifest.lock\" > /dev/null\nif [ $? != 0 ] ; then\n    # print error to STDERR\n    echo \"error: The sandbox is not in sync with the Podfile.lock. Run 'pod install' or update your CocoaPods installation.\" >&2\n    exit 1\nfi\n# This output is used by Xcode 'outputs' to avoid re-running this script phase.\necho \"SUCCESS\" > \"${SCRIPT_OUTPUT_FILE_0}\"\n";
			showEnvVarsInLog = 0;
		};
/* End PBXShellScriptBuildPhase section */

/* Begin PBXSourcesBuildPhase section */
		7D1C1B3F26E657430051A267 /* Sources */ = {
			isa = PBXSourcesBuildPhase;
			buildActionMask = 2147483647;
			files = (
				7D7D5B8B26FCA3DF00B79FDD /* SampleArticle.swift in Sources */,
				7D7D5B8C26FCA3DF00B79FDD /* ScreenTrackingData.swift in Sources */,
				7D7D5B9226FCA3DF00B79FDD /* NonContentViewController.swift in Sources */,
				7D7D5B9526FCA3DF00B79FDD /* PagerViewController.swift in Sources */,
				7D7D5B9126FCA3DF00B79FDD /* DetailViewController.swift in Sources */,
				7D7D5B9026FCA3DF00B79FDD /* ListViewController.swift in Sources */,
				7D7D5B9326FCA3DF00B79FDD /* HomeViewController.swift in Sources */,
				7D7D5B9626FCA3DF00B79FDD /* TraceableScreen.swift in Sources */,
				7D7D5B9426FCA3DF00B79FDD /* ActionsViewController.swift in Sources */,
				7D1C1B4726E657430051A267 /* AppDelegate.swift in Sources */,
			);
			runOnlyForDeploymentPostprocessing = 0;
		};
		7D1C1B5526E657460051A267 /* Sources */ = {
			isa = PBXSourcesBuildPhase;
			buildActionMask = 2147483647;
			files = (
				604876472B04C7D000A2FC80 /* KeepAliveManager.swift in Sources */,
				208CD61E26F9BADA006A406C /* DictionaryTests.swift in Sources */,
				604875FC2B04C7D000A2FC80 /* VideoMetadata.swift in Sources */,
				604875F72B04C7D000A2FC80 /* VideoContentCategory.swift in Sources */,
				6048761C2B04C7D000A2FC80 /* SendEventEndpoint.swift in Sources */,
				604876422B04C7D000A2FC80 /* UserActionParameter.swift in Sources */,
				6048763A2B04C7D000A2FC80 /* VideoEvent+VE.swift in Sources */,
				6048764C2B04C7D000A2FC80 /* EventsQueueManagerDelegate.swift in Sources */,
				604876302B04C7D000A2FC80 /* EventsFactory.swift in Sources */,
				6048761E2B04C7D000A2FC80 /* EventRequest.swift in Sources */,
				204EAF2E272939CB009E2F0D /* ConsentProviderTests.swift in Sources */,
				204EAF0B2718DA95009E2F0D /* MD5Tests.swift in Sources */,
				604876342B04C7D000A2FC80 /* UserDefaultsStorage.swift in Sources */,
				604875F52B04C7D000A2FC80 /* VideoState.swift in Sources */,
				604875ED2B04C7D000A2FC80 /* RingPublishingTrackingKeepAliveDataSource.swift in Sources */,
				604876002B04C7D000A2FC80 /* TrackingIdentifier.swift in Sources */,
				604875F22B04C7D000A2FC80 /* ContentPageViewSource.swift in Sources */,
				604876022B04C7D000A2FC80 /* RingPublishingTracking+Video.swift in Sources */,
				604875EF2B04C7D000A2FC80 /* RingPublishingTracking+Aureus.swift in Sources */,
				604876372B04C7D000A2FC80 /* Dictionary+JSON.swift in Sources */,
				204EAEED270F12B7009E2F0D /* VendorManagerTests.swift in Sources */,
				604876412B04C7D000A2FC80 /* EventType.swift in Sources */,
				604875FD2B04C7D000A2FC80 /* ArtemisIdentifier.swift in Sources */,
				604876072B04C7D000A2FC80 /* RingPublishingTracking+KeepAliveManagerDelegate.swift in Sources */,
				204EAF3027293B08009E2F0D /* RingPublishingTrackingTests.swift in Sources */,
				604876242B04C7D000A2FC80 /* HTTPMethod.swift in Sources */,
				204EAEFB2710F57B009E2F0D /* EventsFactoryTests.swift in Sources */,
				604876262B04C7D000A2FC80 /* Profile.swift in Sources */,
				204EAEE9270F1093009E2F0D /* SizeProviderStub.swift in Sources */,
				604875F02B04C7D000A2FC80 /* RingPublishingTrackingConfiguration.swift in Sources */,
				204EAF22271F1884009E2F0D /* KeepAliveDataSourceStub.swift in Sources */,
				604876432B04C7D000A2FC80 /* VendorIdentifiable.swift in Sources */,
				204EAF38272A7918009E2F0D /* RingPublishingTrackingDelegateMock.swift in Sources */,
				6048761B2B04C7D000A2FC80 /* IdentifyResponse.swift in Sources */,
				20C2394C26F22238005A734A /* NetworkSessionMock.swift in Sources */,
				6048760D2B04C7D000A2FC80 /* ConsentProvider.swift in Sources */,
				604876392B04C7D000A2FC80 /* VideoVisibility+ParameterName.swift in Sources */,
				7D1A2B6426E796C000648882 /* StoredValueInUserDefaultsTests.swift in Sources */,
				604875FA2B04C7D000A2FC80 /* TrackingIdentifierError.swift in Sources */,
				604876442B04C7D000A2FC80 /* KeepAliveMetadata.swift in Sources */,
				604875F92B04C7D000A2FC80 /* VideoAdsConfiguration.swift in Sources */,
				204EAEFD27143837009E2F0D /* UserManagerTests.swift in Sources */,
				6048763E2B04C7D000A2FC80 /* VideoStreamFormat+ParameterName.swift in Sources */,
				6048761A2B04C7D000A2FC80 /* ArthemisResponse.swift in Sources */,
				604876182B04C7D000A2FC80 /* Decorator.swift in Sources */,
				604876122B04C7D000A2FC80 /* UniqueIdentifierDecorator.swift in Sources */,
				604876232B04C7D000A2FC80 /* BodableError.swift in Sources */,
				6048763D2B04C7D000A2FC80 /* VideoAdsConfiguration+ParameterName.swift in Sources */,
				6048763C2B04C7D000A2FC80 /* VideoStartMode+ParameterName.swift in Sources */,
				604876492B04C7D000A2FC80 /* EventsQueueManager.swift in Sources */,
				204EAED3270EF5EB009E2F0D /* DecoratorTests.swift in Sources */,
				6048764D2B04C7D000A2FC80 /* Operationable.swift in Sources */,
				604876132B04C7D000A2FC80 /* ClientType.swift in Sources */,
				604876352B04C7D000A2FC80 /* DispatchQueue+BackgroundTimer.swift in Sources */,
				204EAF342729469A009E2F0D /* IdentifyResponseTests.swift in Sources */,
				604875FE2B04C7D000A2FC80 /* ArtemisID.swift in Sources */,
				604876162B04C7D000A2FC80 /* TenantIdentifierDecorator.swift in Sources */,
				204EAF24271F18AB009E2F0D /* KeepAliveManagerDelegateMock.swift in Sources */,
				6048762A2B04C7D000A2FC80 /* IdsWithLifetime.swift in Sources */,
				604876252B04C7D000A2FC80 /* ServiceError.swift in Sources */,
				604876482B04C7D000A2FC80 /* KeepAliveIntervalsProvider.swift in Sources */,
				604875F82B04C7D000A2FC80 /* ArtemisExternal.swift in Sources */,
				6048760F2B04C7D000A2FC80 /* SizeProvider.swift in Sources */,
				6048764A2B04C7D000A2FC80 /* EventsServiceDelegate.swift in Sources */,
				2088320B2702926D00EA53FD /* XCTestCase+Helpers.swift in Sources */,
				604876052B04C7D000A2FC80 /* UserManager.swift in Sources */,
				604876112B04C7D000A2FC80 /* ClientDecorator.swift in Sources */,
				604876172B04C7D000A2FC80 /* SizeDecorator.swift in Sources */,
				6048762D2B04C7D000A2FC80 /* Bodable.swift in Sources */,
				604876362B04C7D000A2FC80 /* VideoContentCategory+ParameterName.swift in Sources */,
				6048763B2B04C7D000A2FC80 /* String+MD5.swift in Sources */,
				604876322B04C7D000A2FC80 /* AtomicArray.swift in Sources */,
				604876102B04C7D000A2FC80 /* SizeProviding.swift in Sources */,
				604875F32B04C7D000A2FC80 /* VideoStreamFormat.swift in Sources */,
				7D34D08C27BFA9950045CCE0 /* AtomicArrayTests.swift in Sources */,
				604876312B04C7D000A2FC80 /* StoredValueInUserDefaults.swift in Sources */,
				7DE4453B26E8913900A93431 /* LoggerTests.swift in Sources */,
				604875F62B04C7D000A2FC80 /* VideoEvent.swift in Sources */,
				6048764B2B04C7D000A2FC80 /* EventsService.swift in Sources */,
				6048760B2B04C7D000A2FC80 /* UserDataDecorator.swift in Sources */,
				6048762F2B04C7D000A2FC80 /* Endpoint.swift in Sources */,
				604876142B04C7D000A2FC80 /* UserData.swift in Sources */,
				604876222B04C7D000A2FC80 /* APIService.swift in Sources */,
				204EAF1C271DB4C3009E2F0D /* AureusTests.swift in Sources */,
				604876462B04C7D000A2FC80 /* KeepAliveManagerDelegate.swift in Sources */,
				604875EC2B04C7D000A2FC80 /* RingPublishingTracking.swift in Sources */,
				604876332B04C7D000A2FC80 /* TrackingStorage.swift in Sources */,
				604875F42B04C7D000A2FC80 /* Event.swift in Sources */,
				6048761D2B04C7D000A2FC80 /* IdentifyRequest.swift in Sources */,
				604875EE2B04C7D000A2FC80 /* RingPublishingTrackingDelegate.swift in Sources */,
				20C2394B26F22238005A734A /* EndpointTests.swift in Sources */,
				2088321427046EBB00EA53FD /* EventsServiceTests.swift in Sources */,
				604876212B04C7D000A2FC80 /* ArtemisEndpoint.swift in Sources */,
				604876402B04C7D000A2FC80 /* AnalyticsSystem.swift in Sources */,
				204EAF32272944A4009E2F0D /* RingPublishingTrackingConfigurationTests.swift in Sources */,
				6048761F2B04C7D000A2FC80 /* ArtemisRequest.swift in Sources */,
				6048762C2B04C7D000A2FC80 /* Service.swift in Sources */,
				204EAEEA270F1093009E2F0D /* ConsentProviderStub.swift in Sources */,
				6048760E2B04C7D000A2FC80 /* ConsentProviding.swift in Sources */,
				604876292B04C7D000A2FC80 /* User.swift in Sources */,
				208CD61C26F9B3C0006A406C /* StaticStorage.swift in Sources */,
				604876032B04C7D000A2FC80 /* RingPublishingTracking+ContentPerformanceMonitor.swift in Sources */,
				6048760A2B04C7D000A2FC80 /* Optional+Logable.swift in Sources */,
				604876082B04C7D000A2FC80 /* OperationMode.swift in Sources */,
				604876152B04C7D000A2FC80 /* AdAreaDecorator.swift in Sources */,
				604875FF2B04C7D000A2FC80 /* VideoVisibility.swift in Sources */,
				6048762E2B04C7D000A2FC80 /* NetworkService.swift in Sources */,
				604876042B04C7D000A2FC80 /* Constants.swift in Sources */,
				604875FB2B04C7D000A2FC80 /* ContentMetadata.swift in Sources */,
				204EAF1E271EE53C009E2F0D /* KeepAliveTests.swift in Sources */,
				604876202B04C7D000A2FC80 /* IdentifyEndpoint.swift in Sources */,
				604876452B04C7D000A2FC80 /* KeepAliveMeasureType.swift in Sources */,
				604876062B04C7D000A2FC80 /* RingPublishingTracking+EventsServiceDelegate.swift in Sources */,
				6048760C2B04C7D000A2FC80 /* StructureInfoDecorator.swift in Sources */,
				204EAF20271EE5A2009E2F0D /* KeepAliveIntervalsProviderTests.swift in Sources */,
				6048763F2B04C7D000A2FC80 /* VendorManager.swift in Sources */,
				208CD61A26F9B276006A406C /* EventsQueueManagerTests.swift in Sources */,
				604876272B04C7D000A2FC80 /* EaUUID.swift in Sources */,
				20C2394D26F22238005A734A /* APIServiceTests.swift in Sources */,
				604876092B04C7D000A2FC80 /* Logger.swift in Sources */,
				604876192B04C7D000A2FC80 /* EventResponse.swift in Sources */,
				6048764E2B04C7D000A2FC80 /* TrackingIdentifierError+ServiceError.swift in Sources */,
				604875F12B04C7D000A2FC80 /* VideoStartMode.swift in Sources */,
				604876382B04C7D000A2FC80 /* ContentMetadata+DX.swift in Sources */,
				204EAF3627294BF7009E2F0D /* EventTests.swift in Sources */,
				6048762B2B04C7D000A2FC80 /* UserAgent.swift in Sources */,
				204EAEEF270F1313009E2F0D /* VendorIdentifierProviderMock.swift in Sources */,
				604876012B04C7D000A2FC80 /* RingPublishingTracking+CurrentState.swift in Sources */,
				604876282B04C7D000A2FC80 /* Event+API.swift in Sources */,
			);
			runOnlyForDeploymentPostprocessing = 0;
		};
/* End PBXSourcesBuildPhase section */

/* Begin PBXTargetDependency section */
		7D1C1B5B26E657460051A267 /* PBXTargetDependency */ = {
			isa = PBXTargetDependency;
			target = 7D1C1B4226E657430051A267 /* RingPublishingTracking-Example */;
			targetProxy = 7D1C1B5A26E657460051A267 /* PBXContainerItemProxy */;
		};
/* End PBXTargetDependency section */

/* Begin PBXVariantGroup section */
		7D7D5B7E26FCA3DF00B79FDD /* LaunchScreen.storyboard */ = {
			isa = PBXVariantGroup;
			children = (
				7D7D5B7F26FCA3DF00B79FDD /* Base */,
			);
			name = LaunchScreen.storyboard;
			sourceTree = "<group>";
		};
		7D7D5B8026FCA3DF00B79FDD /* Main.storyboard */ = {
			isa = PBXVariantGroup;
			children = (
				7D7D5B8126FCA3DF00B79FDD /* Base */,
			);
			name = Main.storyboard;
			sourceTree = "<group>";
		};
/* End PBXVariantGroup section */

/* Begin XCBuildConfiguration section */
		7D1C1B6B26E657460051A267 /* Debug */ = {
			isa = XCBuildConfiguration;
			buildSettings = {
				ALWAYS_SEARCH_USER_PATHS = NO;
				CLANG_ANALYZER_NONNULL = YES;
				CLANG_ANALYZER_NUMBER_OBJECT_CONVERSION = YES_AGGRESSIVE;
				CLANG_CXX_LANGUAGE_STANDARD = "gnu++14";
				CLANG_CXX_LIBRARY = "libc++";
				CLANG_ENABLE_MODULES = YES;
				CLANG_ENABLE_OBJC_ARC = YES;
				CLANG_ENABLE_OBJC_WEAK = YES;
				CLANG_WARN_BLOCK_CAPTURE_AUTORELEASING = YES;
				CLANG_WARN_BOOL_CONVERSION = YES;
				CLANG_WARN_COMMA = YES;
				CLANG_WARN_CONSTANT_CONVERSION = YES;
				CLANG_WARN_DEPRECATED_OBJC_IMPLEMENTATIONS = YES;
				CLANG_WARN_DIRECT_OBJC_ISA_USAGE = YES_ERROR;
				CLANG_WARN_DOCUMENTATION_COMMENTS = YES;
				CLANG_WARN_EMPTY_BODY = YES;
				CLANG_WARN_ENUM_CONVERSION = YES;
				CLANG_WARN_INFINITE_RECURSION = YES;
				CLANG_WARN_INT_CONVERSION = YES;
				CLANG_WARN_NON_LITERAL_NULL_CONVERSION = YES;
				CLANG_WARN_OBJC_IMPLICIT_RETAIN_SELF = YES;
				CLANG_WARN_OBJC_LITERAL_CONVERSION = YES;
				CLANG_WARN_OBJC_ROOT_CLASS = YES_ERROR;
				CLANG_WARN_QUOTED_INCLUDE_IN_FRAMEWORK_HEADER = YES;
				CLANG_WARN_RANGE_LOOP_ANALYSIS = YES;
				CLANG_WARN_STRICT_PROTOTYPES = YES;
				CLANG_WARN_SUSPICIOUS_MOVE = YES;
				CLANG_WARN_UNGUARDED_AVAILABILITY = YES_AGGRESSIVE;
				CLANG_WARN_UNREACHABLE_CODE = YES;
				CLANG_WARN__DUPLICATE_METHOD_MATCH = YES;
				COPY_PHASE_STRIP = NO;
				DEBUG_INFORMATION_FORMAT = dwarf;
				ENABLE_STRICT_OBJC_MSGSEND = YES;
				ENABLE_TESTABILITY = YES;
				GCC_C_LANGUAGE_STANDARD = gnu11;
				GCC_DYNAMIC_NO_PIC = NO;
				GCC_NO_COMMON_BLOCKS = YES;
				GCC_OPTIMIZATION_LEVEL = 0;
				GCC_PREPROCESSOR_DEFINITIONS = (
					"DEBUG=1",
					"$(inherited)",
				);
				GCC_WARN_64_TO_32_BIT_CONVERSION = YES;
				GCC_WARN_ABOUT_RETURN_TYPE = YES_ERROR;
				GCC_WARN_UNDECLARED_SELECTOR = YES;
				GCC_WARN_UNINITIALIZED_AUTOS = YES_AGGRESSIVE;
				GCC_WARN_UNUSED_FUNCTION = YES;
				GCC_WARN_UNUSED_VARIABLE = YES;
				IPHONEOS_DEPLOYMENT_TARGET = 14.5;
				MTL_ENABLE_DEBUG_INFO = INCLUDE_SOURCE;
				MTL_FAST_MATH = YES;
				ONLY_ACTIVE_ARCH = YES;
				SDKROOT = iphoneos;
				SWIFT_ACTIVE_COMPILATION_CONDITIONS = DEBUG;
				SWIFT_OPTIMIZATION_LEVEL = "-Onone";
			};
			name = Debug;
		};
		7D1C1B6C26E657460051A267 /* Release */ = {
			isa = XCBuildConfiguration;
			buildSettings = {
				ALWAYS_SEARCH_USER_PATHS = NO;
				CLANG_ANALYZER_NONNULL = YES;
				CLANG_ANALYZER_NUMBER_OBJECT_CONVERSION = YES_AGGRESSIVE;
				CLANG_CXX_LANGUAGE_STANDARD = "gnu++14";
				CLANG_CXX_LIBRARY = "libc++";
				CLANG_ENABLE_MODULES = YES;
				CLANG_ENABLE_OBJC_ARC = YES;
				CLANG_ENABLE_OBJC_WEAK = YES;
				CLANG_WARN_BLOCK_CAPTURE_AUTORELEASING = YES;
				CLANG_WARN_BOOL_CONVERSION = YES;
				CLANG_WARN_COMMA = YES;
				CLANG_WARN_CONSTANT_CONVERSION = YES;
				CLANG_WARN_DEPRECATED_OBJC_IMPLEMENTATIONS = YES;
				CLANG_WARN_DIRECT_OBJC_ISA_USAGE = YES_ERROR;
				CLANG_WARN_DOCUMENTATION_COMMENTS = YES;
				CLANG_WARN_EMPTY_BODY = YES;
				CLANG_WARN_ENUM_CONVERSION = YES;
				CLANG_WARN_INFINITE_RECURSION = YES;
				CLANG_WARN_INT_CONVERSION = YES;
				CLANG_WARN_NON_LITERAL_NULL_CONVERSION = YES;
				CLANG_WARN_OBJC_IMPLICIT_RETAIN_SELF = YES;
				CLANG_WARN_OBJC_LITERAL_CONVERSION = YES;
				CLANG_WARN_OBJC_ROOT_CLASS = YES_ERROR;
				CLANG_WARN_QUOTED_INCLUDE_IN_FRAMEWORK_HEADER = YES;
				CLANG_WARN_RANGE_LOOP_ANALYSIS = YES;
				CLANG_WARN_STRICT_PROTOTYPES = YES;
				CLANG_WARN_SUSPICIOUS_MOVE = YES;
				CLANG_WARN_UNGUARDED_AVAILABILITY = YES_AGGRESSIVE;
				CLANG_WARN_UNREACHABLE_CODE = YES;
				CLANG_WARN__DUPLICATE_METHOD_MATCH = YES;
				COPY_PHASE_STRIP = NO;
				DEBUG_INFORMATION_FORMAT = "dwarf-with-dsym";
				ENABLE_NS_ASSERTIONS = NO;
				ENABLE_STRICT_OBJC_MSGSEND = YES;
				GCC_C_LANGUAGE_STANDARD = gnu11;
				GCC_NO_COMMON_BLOCKS = YES;
				GCC_WARN_64_TO_32_BIT_CONVERSION = YES;
				GCC_WARN_ABOUT_RETURN_TYPE = YES_ERROR;
				GCC_WARN_UNDECLARED_SELECTOR = YES;
				GCC_WARN_UNINITIALIZED_AUTOS = YES_AGGRESSIVE;
				GCC_WARN_UNUSED_FUNCTION = YES;
				GCC_WARN_UNUSED_VARIABLE = YES;
				IPHONEOS_DEPLOYMENT_TARGET = 14.5;
				MTL_ENABLE_DEBUG_INFO = NO;
				MTL_FAST_MATH = YES;
				SDKROOT = iphoneos;
				SWIFT_COMPILATION_MODE = wholemodule;
				SWIFT_OPTIMIZATION_LEVEL = "-O";
				VALIDATE_PRODUCT = YES;
			};
			name = Release;
		};
		7D1C1B6E26E657460051A267 /* Debug */ = {
			isa = XCBuildConfiguration;
			baseConfigurationReference = 18028B7103996E83DEE225F1 /* Pods-RingPublishingTracking-Example.debug.xcconfig */;
			buildSettings = {
				ALWAYS_EMBED_SWIFT_STANDARD_LIBRARIES = "$(inherited)";
				ASSETCATALOG_COMPILER_APPICON_NAME = AppIcon;
				ASSETCATALOG_COMPILER_GLOBAL_ACCENT_COLOR_NAME = AccentColor;
				CODE_SIGN_STYLE = Manual;
				DEVELOPMENT_TEAM = "";
				INFOPLIST_FILE = RingPublishingTracking/Info.plist;
				LD_RUNPATH_SEARCH_PATHS = (
					"$(inherited)",
					"@executable_path/Frameworks",
				);
				MARKETING_VERSION = 1.4.0;
				PRODUCT_BUNDLE_IDENTIFIER = "org.cocoapods.demo.RingPublishingTracking-Example.RingPublishingTracking";
				PRODUCT_NAME = "$(TARGET_NAME)";
				PROVISIONING_PROFILE_SPECIFIER = "";
				SWIFT_VERSION = 5.0;
				TARGETED_DEVICE_FAMILY = "1,2";
			};
			name = Debug;
		};
		7D1C1B6F26E657460051A267 /* Release */ = {
			isa = XCBuildConfiguration;
			baseConfigurationReference = 76FA62F5BE77A68BB521D5F8 /* Pods-RingPublishingTracking-Example.release.xcconfig */;
			buildSettings = {
				ALWAYS_EMBED_SWIFT_STANDARD_LIBRARIES = "$(inherited)";
				ASSETCATALOG_COMPILER_APPICON_NAME = AppIcon;
				ASSETCATALOG_COMPILER_GLOBAL_ACCENT_COLOR_NAME = AccentColor;
				CODE_SIGN_STYLE = Manual;
				DEVELOPMENT_TEAM = "";
				INFOPLIST_FILE = RingPublishingTracking/Info.plist;
				LD_RUNPATH_SEARCH_PATHS = (
					"$(inherited)",
					"@executable_path/Frameworks",
				);
				MARKETING_VERSION = 1.4.0;
				PRODUCT_BUNDLE_IDENTIFIER = "org.cocoapods.demo.RingPublishingTracking-Example.RingPublishingTracking";
				PRODUCT_NAME = "$(TARGET_NAME)";
				PROVISIONING_PROFILE_SPECIFIER = "";
				SWIFT_VERSION = 5.0;
				TARGETED_DEVICE_FAMILY = "1,2";
			};
			name = Release;
		};
		7D1C1B7126E657460051A267 /* Debug */ = {
			isa = XCBuildConfiguration;
			baseConfigurationReference = 2278D1C8F7C5BBD725418D51 /* Pods-RingPublishingTrackingTests.debug.xcconfig */;
			buildSettings = {
				ALWAYS_EMBED_SWIFT_STANDARD_LIBRARIES = "$(inherited)";
				CODE_SIGN_STYLE = Manual;
				DEVELOPMENT_TEAM = "";
				INFOPLIST_FILE = ../Tests/Info.plist;
				IPHONEOS_DEPLOYMENT_TARGET = 14.5;
				LD_RUNPATH_SEARCH_PATHS = (
					"$(inherited)",
					"@executable_path/Frameworks",
					"@loader_path/Frameworks",
				);
				PRODUCT_BUNDLE_IDENTIFIER = "org.cocoapods.demo.RingPublishingTracking-Example.RingPublishingTrackingTests";
				PRODUCT_NAME = "$(TARGET_NAME)";
				PROVISIONING_PROFILE_SPECIFIER = "";
				"PROVISIONING_PROFILE_SPECIFIER[sdk=macosx*]" = "";
				SWIFT_VERSION = 5.0;
				TARGETED_DEVICE_FAMILY = "1,2";
			};
			name = Debug;
		};
		7D1C1B7226E657460051A267 /* Release */ = {
			isa = XCBuildConfiguration;
			baseConfigurationReference = 8E2A37C5A1593C87B0EB5A44 /* Pods-RingPublishingTrackingTests.release.xcconfig */;
			buildSettings = {
				ALWAYS_EMBED_SWIFT_STANDARD_LIBRARIES = "$(inherited)";
				CODE_SIGN_STYLE = Manual;
				DEVELOPMENT_TEAM = "";
				INFOPLIST_FILE = ../Tests/Info.plist;
				IPHONEOS_DEPLOYMENT_TARGET = 14.5;
				LD_RUNPATH_SEARCH_PATHS = (
					"$(inherited)",
					"@executable_path/Frameworks",
					"@loader_path/Frameworks",
				);
				PRODUCT_BUNDLE_IDENTIFIER = "org.cocoapods.demo.RingPublishingTracking-Example.RingPublishingTrackingTests";
				PRODUCT_NAME = "$(TARGET_NAME)";
				PROVISIONING_PROFILE_SPECIFIER = "";
				"PROVISIONING_PROFILE_SPECIFIER[sdk=macosx*]" = "";
				SWIFT_VERSION = 5.0;
				TARGETED_DEVICE_FAMILY = "1,2";
			};
			name = Release;
		};
/* End XCBuildConfiguration section */

/* Begin XCConfigurationList section */
		7D1C1B3E26E657430051A267 /* Build configuration list for PBXProject "RingPublishingTracking" */ = {
			isa = XCConfigurationList;
			buildConfigurations = (
				7D1C1B6B26E657460051A267 /* Debug */,
				7D1C1B6C26E657460051A267 /* Release */,
			);
			defaultConfigurationIsVisible = 0;
			defaultConfigurationName = Release;
		};
		7D1C1B6D26E657460051A267 /* Build configuration list for PBXNativeTarget "RingPublishingTracking-Example" */ = {
			isa = XCConfigurationList;
			buildConfigurations = (
				7D1C1B6E26E657460051A267 /* Debug */,
				7D1C1B6F26E657460051A267 /* Release */,
			);
			defaultConfigurationIsVisible = 0;
			defaultConfigurationName = Release;
		};
		7D1C1B7026E657460051A267 /* Build configuration list for PBXNativeTarget "RingPublishingTrackingTests" */ = {
			isa = XCConfigurationList;
			buildConfigurations = (
				7D1C1B7126E657460051A267 /* Debug */,
				7D1C1B7226E657460051A267 /* Release */,
			);
			defaultConfigurationIsVisible = 0;
			defaultConfigurationName = Release;
		};
/* End XCConfigurationList section */
	};
	rootObject = 7D1C1B3B26E657430051A267 /* Project object */;
}
